
Microsoft Visual Studio Solution File, Format Version 12.00
# Visual Studio 15
VisualStudioVersion = 15.0.28307.271
MinimumVisualStudioVersion = 10.0.40219.1
Project("{8BC9CEB8-8B4A-11D0-8D11-00A0C91BC942}") = "B-1001", "B-1001\B-1001.vcxproj", "{CF323B78-51C2-4916-91AB-246AF515D68A}"
EndProject
Project("{8BC9CEB8-8B4A-11D0-8D11-00A0C91BC942}") = "B-1002", "B-1002\B-1002.vcxproj", "{6C19B0D4-A8EA-4D87-997A-3AC5493AD917}"
EndProject
Project("{8BC9CEB8-8B4A-11D0-8D11-00A0C91BC942}") = "B-1003", "B-1003\B-1003.vcxproj", "{8FB93452-B440-41A8-9134-D454CD65B4F3}"
EndProject
Project("{8BC9CEB8-8B4A-11D0-8D11-00A0C91BC942}") = "B-1004", "B-1004\B-1004.vcxproj", "{8F554EEA-45B9-4376-80AE-667C6C9FE3EF}"
EndProject
Project("{8BC9CEB8-8B4A-11D0-8D11-00A0C91BC942}") = "B-1005", "B-1005\B-1005.vcxproj", "{C3EFED06-8C05-4927-BE75-67BCAA731FA2}"
EndProject
Project("{8BC9CEB8-8B4A-11D0-8D11-00A0C91BC942}") = "B-1006", "B-1006\B-1006.vcxproj", "{6985B70D-2CFD-4335-8DFD-EFAB7E7F02A0}"
EndProject
Project("{8BC9CEB8-8B4A-11D0-8D11-00A0C91BC942}") = "B-1007", "B-1007\B-1007.vcxproj", "{C16317A6-DC70-4F24-B4B1-58183DEB5650}"
EndProject
Project("{8BC9CEB8-8B4A-11D0-8D11-00A0C91BC942}") = "B-1008", "B-1008\B-1008.vcxproj", "{F36BBCE4-E6F2-47A4-85A1-9480A8B7B163}"
EndProject
Project("{8BC9CEB8-8B4A-11D0-8D11-00A0C91BC942}") = "B-1011", "B1011\B1011.vcxproj", "{803BC769-D021-4D4C-9D2A-05A5DEB98AD3}"
EndProject
Project("{8BC9CEB8-8B4A-11D0-8D11-00A0C91BC942}") = "B-1010", "B-1010\B-1010.vcxproj", "{B5F5F63C-8E78-4348-BD8A-0CF8231654F3}"
EndProject
Project("{8BC9CEB8-8B4A-11D0-8D11-00A0C91BC942}") = "B-1009", "B-1009\B-1009.vcxproj", "{44B9E729-8E27-4D58-951E-0C1EE8DE30ED}"
EndProject
Project("{8BC9CEB8-8B4A-11D0-8D11-00A0C91BC942}") = "B-1012", "B-1012\B-1012.vcxproj", "{9B4529CF-C43E-4B26-A544-B8EE2955D0C2}"
EndProject
Project("{8BC9CEB8-8B4A-11D0-8D11-00A0C91BC942}") = "B-1013", "B-1013\B-1013.vcxproj", "{7CA5D9D8-111E-49A4-9B1C-D74E54C98877}"
EndProject
Global
	GlobalSection(SolutionConfigurationPlatforms) = preSolution
		Debug|x64 = Debug|x64
		Debug|x86 = Debug|x86
		Release|x64 = Release|x64
		Release|x86 = Release|x86
	EndGlobalSection
	GlobalSection(ProjectConfigurationPlatforms) = postSolution
		{CF323B78-51C2-4916-91AB-246AF515D68A}.Debug|x64.ActiveCfg = Debug|x64
		{CF323B78-51C2-4916-91AB-246AF515D68A}.Debug|x64.Build.0 = Debug|x64
		{CF323B78-51C2-4916-91AB-246AF515D68A}.Debug|x86.ActiveCfg = Debug|Win32
		{CF323B78-51C2-4916-91AB-246AF515D68A}.Debug|x86.Build.0 = Debug|Win32
		{CF323B78-51C2-4916-91AB-246AF515D68A}.Release|x64.ActiveCfg = Release|x64
		{CF323B78-51C2-4916-91AB-246AF515D68A}.Release|x64.Build.0 = Release|x64
		{CF323B78-51C2-4916-91AB-246AF515D68A}.Release|x86.ActiveCfg = Release|Win32
		{CF323B78-51C2-4916-91AB-246AF515D68A}.Release|x86.Build.0 = Release|Win32
		{6C19B0D4-A8EA-4D87-997A-3AC5493AD917}.Debug|x64.ActiveCfg = Debug|x64
		{6C19B0D4-A8EA-4D87-997A-3AC5493AD917}.Debug|x64.Build.0 = Debug|x64
		{6C19B0D4-A8EA-4D87-997A-3AC5493AD917}.Debug|x86.ActiveCfg = Debug|Win32
		{6C19B0D4-A8EA-4D87-997A-3AC5493AD917}.Debug|x86.Build.0 = Debug|Win32
		{6C19B0D4-A8EA-4D87-997A-3AC5493AD917}.Release|x64.ActiveCfg = Release|x64
		{6C19B0D4-A8EA-4D87-997A-3AC5493AD917}.Release|x64.Build.0 = Release|x64
		{6C19B0D4-A8EA-4D87-997A-3AC5493AD917}.Release|x86.ActiveCfg = Release|Win32
		{6C19B0D4-A8EA-4D87-997A-3AC5493AD917}.Release|x86.Build.0 = Release|Win32
		{8FB93452-B440-41A8-9134-D454CD65B4F3}.Debug|x64.ActiveCfg = Debug|x64
		{8FB93452-B440-41A8-9134-D454CD65B4F3}.Debug|x64.Build.0 = Debug|x64
		{8FB93452-B440-41A8-9134-D454CD65B4F3}.Debug|x86.ActiveCfg = Debug|Win32
		{8FB93452-B440-41A8-9134-D454CD65B4F3}.Debug|x86.Build.0 = Debug|Win32
		{8FB93452-B440-41A8-9134-D454CD65B4F3}.Release|x64.ActiveCfg = Release|x64
		{8FB93452-B440-41A8-9134-D454CD65B4F3}.Release|x64.Build.0 = Release|x64
		{8FB93452-B440-41A8-9134-D454CD65B4F3}.Release|x86.ActiveCfg = Release|Win32
		{8FB93452-B440-41A8-9134-D454CD65B4F3}.Release|x86.Build.0 = Release|Win32
		{8F554EEA-45B9-4376-80AE-667C6C9FE3EF}.Debug|x64.ActiveCfg = Debug|x64
		{8F554EEA-45B9-4376-80AE-667C6C9FE3EF}.Debug|x64.Build.0 = Debug|x64
		{8F554EEA-45B9-4376-80AE-667C6C9FE3EF}.Debug|x86.ActiveCfg = Debug|Win32
		{8F554EEA-45B9-4376-80AE-667C6C9FE3EF}.Debug|x86.Build.0 = Debug|Win32
		{8F554EEA-45B9-4376-80AE-667C6C9FE3EF}.Release|x64.ActiveCfg = Release|x64
		{8F554EEA-45B9-4376-80AE-667C6C9FE3EF}.Release|x64.Build.0 = Release|x64
		{8F554EEA-45B9-4376-80AE-667C6C9FE3EF}.Release|x86.ActiveCfg = Release|Win32
		{8F554EEA-45B9-4376-80AE-667C6C9FE3EF}.Release|x86.Build.0 = Release|Win32
		{C3EFED06-8C05-4927-BE75-67BCAA731FA2}.Debug|x64.ActiveCfg = Debug|x64
		{C3EFED06-8C05-4927-BE75-67BCAA731FA2}.Debug|x64.Build.0 = Debug|x64
		{C3EFED06-8C05-4927-BE75-67BCAA731FA2}.Debug|x86.ActiveCfg = Debug|Win32
		{C3EFED06-8C05-4927-BE75-67BCAA731FA2}.Debug|x86.Build.0 = Debug|Win32
		{C3EFED06-8C05-4927-BE75-67BCAA731FA2}.Release|x64.ActiveCfg = Release|x64
		{C3EFED06-8C05-4927-BE75-67BCAA731FA2}.Release|x64.Build.0 = Release|x64
		{C3EFED06-8C05-4927-BE75-67BCAA731FA2}.Release|x86.ActiveCfg = Release|Win32
		{C3EFED06-8C05-4927-BE75-67BCAA731FA2}.Release|x86.Build.0 = Release|Win32
		{6985B70D-2CFD-4335-8DFD-EFAB7E7F02A0}.Debug|x64.ActiveCfg = Debug|x64
		{6985B70D-2CFD-4335-8DFD-EFAB7E7F02A0}.Debug|x64.Build.0 = Debug|x64
		{6985B70D-2CFD-4335-8DFD-EFAB7E7F02A0}.Debug|x86.ActiveCfg = Debug|Win32
		{6985B70D-2CFD-4335-8DFD-EFAB7E7F02A0}.Debug|x86.Build.0 = Debug|Win32
		{6985B70D-2CFD-4335-8DFD-EFAB7E7F02A0}.Release|x64.ActiveCfg = Release|x64
		{6985B70D-2CFD-4335-8DFD-EFAB7E7F02A0}.Release|x64.Build.0 = Release|x64
		{6985B70D-2CFD-4335-8DFD-EFAB7E7F02A0}.Release|x86.ActiveCfg = Release|Win32
		{6985B70D-2CFD-4335-8DFD-EFAB7E7F02A0}.Release|x86.Build.0 = Release|Win32
		{C16317A6-DC70-4F24-B4B1-58183DEB5650}.Debug|x64.ActiveCfg = Debug|x64
		{C16317A6-DC70-4F24-B4B1-58183DEB5650}.Debug|x64.Build.0 = Debug|x64
		{C16317A6-DC70-4F24-B4B1-58183DEB5650}.Debug|x86.ActiveCfg = Debug|Win32
		{C16317A6-DC70-4F24-B4B1-58183DEB5650}.Debug|x86.Build.0 = Debug|Win32
		{C16317A6-DC70-4F24-B4B1-58183DEB5650}.Release|x64.ActiveCfg = Release|x64
		{C16317A6-DC70-4F24-B4B1-58183DEB5650}.Release|x64.Build.0 = Release|x64
		{C16317A6-DC70-4F24-B4B1-58183DEB5650}.Release|x86.ActiveCfg = Release|Win32
		{C16317A6-DC70-4F24-B4B1-58183DEB5650}.Release|x86.Build.0 = Release|Win32
		{F36BBCE4-E6F2-47A4-85A1-9480A8B7B163}.Debug|x64.ActiveCfg = Debug|x64
		{F36BBCE4-E6F2-47A4-85A1-9480A8B7B163}.Debug|x64.Build.0 = Debug|x64
		{F36BBCE4-E6F2-47A4-85A1-9480A8B7B163}.Debug|x86.ActiveCfg = Debug|Win32
		{F36BBCE4-E6F2-47A4-85A1-9480A8B7B163}.Debug|x86.Build.0 = Debug|Win32
		{F36BBCE4-E6F2-47A4-85A1-9480A8B7B163}.Release|x64.ActiveCfg = Release|x64
		{F36BBCE4-E6F2-47A4-85A1-9480A8B7B163}.Release|x64.Build.0 = Release|x64
		{F36BBCE4-E6F2-47A4-85A1-9480A8B7B163}.Release|x86.ActiveCfg = Release|Win32
		{F36BBCE4-E6F2-47A4-85A1-9480A8B7B163}.Release|x86.Build.0 = Release|Win32
		{803BC769-D021-4D4C-9D2A-05A5DEB98AD3}.Debug|x64.ActiveCfg = Debug|x64
		{803BC769-D021-4D4C-9D2A-05A5DEB98AD3}.Debug|x64.Build.0 = Debug|x64
		{803BC769-D021-4D4C-9D2A-05A5DEB98AD3}.Debug|x86.ActiveCfg = Debug|Win32
		{803BC769-D021-4D4C-9D2A-05A5DEB98AD3}.Debug|x86.Build.0 = Debug|Win32
		{803BC769-D021-4D4C-9D2A-05A5DEB98AD3}.Release|x64.ActiveCfg = Release|x64
		{803BC769-D021-4D4C-9D2A-05A5DEB98AD3}.Release|x64.Build.0 = Release|x64
		{803BC769-D021-4D4C-9D2A-05A5DEB98AD3}.Release|x86.ActiveCfg = Release|Win32
		{803BC769-D021-4D4C-9D2A-05A5DEB98AD3}.Release|x86.Build.0 = Release|Win32
		{B5F5F63C-8E78-4348-BD8A-0CF8231654F3}.Debug|x64.ActiveCfg = Debug|x64
		{B5F5F63C-8E78-4348-BD8A-0CF8231654F3}.Debug|x64.Build.0 = Debug|x64
		{B5F5F63C-8E78-4348-BD8A-0CF8231654F3}.Debug|x86.ActiveCfg = Debug|Win32
		{B5F5F63C-8E78-4348-BD8A-0CF8231654F3}.Debug|x86.Build.0 = Debug|Win32
		{B5F5F63C-8E78-4348-BD8A-0CF8231654F3}.Release|x64.ActiveCfg = Release|x64
		{B5F5F63C-8E78-4348-BD8A-0CF8231654F3}.Release|x64.Build.0 = Release|x64
		{B5F5F63C-8E78-4348-BD8A-0CF8231654F3}.Release|x86.ActiveCfg = Release|Win32
		{B5F5F63C-8E78-4348-BD8A-0CF8231654F3}.Release|x86.Build.0 = Release|Win32
		{44B9E729-8E27-4D58-951E-0C1EE8DE30ED}.Debug|x64.ActiveCfg = Debug|x64
		{44B9E729-8E27-4D58-951E-0C1EE8DE30ED}.Debug|x64.Build.0 = Debug|x64
		{44B9E729-8E27-4D58-951E-0C1EE8DE30ED}.Debug|x86.ActiveCfg = Debug|Win32
		{44B9E729-8E27-4D58-951E-0C1EE8DE30ED}.Debug|x86.Build.0 = Debug|Win32
		{44B9E729-8E27-4D58-951E-0C1EE8DE30ED}.Release|x64.ActiveCfg = Release|x64
		{44B9E729-8E27-4D58-951E-0C1EE8DE30ED}.Release|x64.Build.0 = Release|x64
		{44B9E729-8E27-4D58-951E-0C1EE8DE30ED}.Release|x86.ActiveCfg = Release|Win32
		{44B9E729-8E27-4D58-951E-0C1EE8DE30ED}.Release|x86.Build.0 = Release|Win32
		{9B4529CF-C43E-4B26-A544-B8EE2955D0C2}.Debug|x64.ActiveCfg = Debug|x64
		{9B4529CF-C43E-4B26-A544-B8EE2955D0C2}.Debug|x64.Build.0 = Debug|x64
		{9B4529CF-C43E-4B26-A544-B8EE2955D0C2}.Debug|x86.ActiveCfg = Debug|Win32
		{9B4529CF-C43E-4B26-A544-B8EE2955D0C2}.Debug|x86.Build.0 = Debug|Win32
		{9B4529CF-C43E-4B26-A544-B8EE2955D0C2}.Release|x64.ActiveCfg = Release|x64
		{9B4529CF-C43E-4B26-A544-B8EE2955D0C2}.Release|x64.Build.0 = Release|x64
		{9B4529CF-C43E-4B26-A544-B8EE2955D0C2}.Release|x86.ActiveCfg = Release|Win32
		{9B4529CF-C43E-4B26-A544-B8EE2955D0C2}.Release|x86.Build.0 = Release|Win32
		{7CA5D9D8-111E-49A4-9B1C-D74E54C98877}.Debug|x64.ActiveCfg = Debug|x64
		{7CA5D9D8-111E-49A4-9B1C-D74E54C98877}.Debug|x64.Build.0 = Debug|x64
		{7CA5D9D8-111E-49A4-9B1C-D74E54C98877}.Debug|x86.ActiveCfg = Debug|Win32
		{7CA5D9D8-111E-49A4-9B1C-D74E54C98877}.Debug|x86.Build.0 = Debug|Win32
		{7CA5D9D8-111E-49A4-9B1C-D74E54C98877}.Release|x64.ActiveCfg = Release|x64
		{7CA5D9D8-111E-49A4-9B1C-D74E54C98877}.Release|x64.Build.0 = Release|x64
		{7CA5D9D8-111E-49A4-9B1C-D74E54C98877}.Release|x86.ActiveCfg = Release|Win32
		{7CA5D9D8-111E-49A4-9B1C-D74E54C98877}.Release|x86.Build.0 = Release|Win32
	EndGlobalSection
	GlobalSection(SolutionProperties) = preSolution
		HideSolutionNode = FALSE
	EndGlobalSection
	GlobalSection(ExtensibilityGlobals) = postSolution
		SolutionGuid = {8784792C-B1BF-44F2-B31B-626D1B81E177}
	EndGlobalSection
EndGlobal
