
Microsoft Visual Studio Solution File, Format Version 12.00
# Visual Studio 15
VisualStudioVersion = 15.0.28307.271
MinimumVisualStudioVersion = 10.0.40219.1
Project("{8BC9CEB8-8B4A-11D0-8D11-00A0C91BC942}") = "A-1001", "1001.A+B Format\1001.A+B Format.vcxproj", "{BB0AD2CF-35B5-43A7-A3D2-26B0C1BC8D7B}"
EndProject
Project("{8BC9CEB8-8B4A-11D0-8D11-00A0C91BC942}") = "A-1002", "1002 A+B for Polynomials\1002 A+B for Polynomials.vcxproj", "{4676168B-65B6-4DB3-930F-4E5059E58DC6}"
EndProject
Project("{8BC9CEB8-8B4A-11D0-8D11-00A0C91BC942}") = "A-1003", "A-1003\A-1003.vcxproj", "{1B972A27-8077-4E4F-9D9A-3A9970A636A1}"
EndProject
Project("{8BC9CEB8-8B4A-11D0-8D11-00A0C91BC942}") = "A-1013", "A-1013\A-1013.vcxproj", "{E8C8801B-36AF-4929-8665-96C25E0C5A4F}"
EndProject
Project("{8BC9CEB8-8B4A-11D0-8D11-00A0C91BC942}") = "A-1018", "A-1018\A-1018.vcxproj", "{39C401F2-5B85-42E6-9A85-55D883FCDAD1}"
EndProject
Project("{8BC9CEB8-8B4A-11D0-8D11-00A0C91BC942}") = "A-1004", "A-1004\A-1004.vcxproj", "{C282C937-746E-4BE6-A99D-CD2D6DB7A8BD}"
EndProject
Project("{8BC9CEB8-8B4A-11D0-8D11-00A0C91BC942}") = "A-1005", "A-1005\A-1005.vcxproj", "{E35163CE-3223-4F85-8C21-A30636B9CA5C}"
EndProject
Project("{8BC9CEB8-8B4A-11D0-8D11-00A0C91BC942}") = "A-1006", "A-1006\A-1006.vcxproj", "{1CDC8BEE-9000-4067-9221-E963D0BA4FA0}"
EndProject
Project("{8BC9CEB8-8B4A-11D0-8D11-00A0C91BC942}") = "A-1007", "A-1007\A-1007.vcxproj", "{704C8B5E-2BA1-436F-A2CD-4BEC467C7D8C}"
EndProject
Project("{8BC9CEB8-8B4A-11D0-8D11-00A0C91BC942}") = "A-1008", "A-1008\A-1008.vcxproj", "{2BF75D08-76AF-45FE-8A15-4DC4C644282C}"
EndProject
Project("{8BC9CEB8-8B4A-11D0-8D11-00A0C91BC942}") = "A-1009", "A-1009\A-1009.vcxproj", "{E133C5E8-4E09-4704-A5DE-7E09487343B3}"
EndProject
Global
	GlobalSection(SolutionConfigurationPlatforms) = preSolution
		Debug|x64 = Debug|x64
		Debug|x86 = Debug|x86
		Release|x64 = Release|x64
		Release|x86 = Release|x86
	EndGlobalSection
	GlobalSection(ProjectConfigurationPlatforms) = postSolution
		{BB0AD2CF-35B5-43A7-A3D2-26B0C1BC8D7B}.Debug|x64.ActiveCfg = Debug|x64
		{BB0AD2CF-35B5-43A7-A3D2-26B0C1BC8D7B}.Debug|x64.Build.0 = Debug|x64
		{BB0AD2CF-35B5-43A7-A3D2-26B0C1BC8D7B}.Debug|x86.ActiveCfg = Debug|Win32
		{BB0AD2CF-35B5-43A7-A3D2-26B0C1BC8D7B}.Debug|x86.Build.0 = Debug|Win32
		{BB0AD2CF-35B5-43A7-A3D2-26B0C1BC8D7B}.Release|x64.ActiveCfg = Release|x64
		{BB0AD2CF-35B5-43A7-A3D2-26B0C1BC8D7B}.Release|x64.Build.0 = Release|x64
		{BB0AD2CF-35B5-43A7-A3D2-26B0C1BC8D7B}.Release|x86.ActiveCfg = Release|Win32
		{BB0AD2CF-35B5-43A7-A3D2-26B0C1BC8D7B}.Release|x86.Build.0 = Release|Win32
		{4676168B-65B6-4DB3-930F-4E5059E58DC6}.Debug|x64.ActiveCfg = Debug|x64
		{4676168B-65B6-4DB3-930F-4E5059E58DC6}.Debug|x64.Build.0 = Debug|x64
		{4676168B-65B6-4DB3-930F-4E5059E58DC6}.Debug|x86.ActiveCfg = Debug|Win32
		{4676168B-65B6-4DB3-930F-4E5059E58DC6}.Debug|x86.Build.0 = Debug|Win32
		{4676168B-65B6-4DB3-930F-4E5059E58DC6}.Release|x64.ActiveCfg = Release|x64
		{4676168B-65B6-4DB3-930F-4E5059E58DC6}.Release|x64.Build.0 = Release|x64
		{4676168B-65B6-4DB3-930F-4E5059E58DC6}.Release|x86.ActiveCfg = Release|Win32
		{4676168B-65B6-4DB3-930F-4E5059E58DC6}.Release|x86.Build.0 = Release|Win32
		{1B972A27-8077-4E4F-9D9A-3A9970A636A1}.Debug|x64.ActiveCfg = Debug|x64
		{1B972A27-8077-4E4F-9D9A-3A9970A636A1}.Debug|x64.Build.0 = Debug|x64
		{1B972A27-8077-4E4F-9D9A-3A9970A636A1}.Debug|x86.ActiveCfg = Debug|Win32
		{1B972A27-8077-4E4F-9D9A-3A9970A636A1}.Debug|x86.Build.0 = Debug|Win32
		{1B972A27-8077-4E4F-9D9A-3A9970A636A1}.Release|x64.ActiveCfg = Release|x64
		{1B972A27-8077-4E4F-9D9A-3A9970A636A1}.Release|x64.Build.0 = Release|x64
		{1B972A27-8077-4E4F-9D9A-3A9970A636A1}.Release|x86.ActiveCfg = Release|Win32
		{1B972A27-8077-4E4F-9D9A-3A9970A636A1}.Release|x86.Build.0 = Release|Win32
		{E8C8801B-36AF-4929-8665-96C25E0C5A4F}.Debug|x64.ActiveCfg = Debug|x64
		{E8C8801B-36AF-4929-8665-96C25E0C5A4F}.Debug|x64.Build.0 = Debug|x64
		{E8C8801B-36AF-4929-8665-96C25E0C5A4F}.Debug|x86.ActiveCfg = Debug|Win32
		{E8C8801B-36AF-4929-8665-96C25E0C5A4F}.Debug|x86.Build.0 = Debug|Win32
		{E8C8801B-36AF-4929-8665-96C25E0C5A4F}.Release|x64.ActiveCfg = Release|x64
		{E8C8801B-36AF-4929-8665-96C25E0C5A4F}.Release|x64.Build.0 = Release|x64
		{E8C8801B-36AF-4929-8665-96C25E0C5A4F}.Release|x86.ActiveCfg = Release|Win32
		{E8C8801B-36AF-4929-8665-96C25E0C5A4F}.Release|x86.Build.0 = Release|Win32
		{39C401F2-5B85-42E6-9A85-55D883FCDAD1}.Debug|x64.ActiveCfg = Debug|x64
		{39C401F2-5B85-42E6-9A85-55D883FCDAD1}.Debug|x64.Build.0 = Debug|x64
		{39C401F2-5B85-42E6-9A85-55D883FCDAD1}.Debug|x86.ActiveCfg = Debug|Win32
		{39C401F2-5B85-42E6-9A85-55D883FCDAD1}.Debug|x86.Build.0 = Debug|Win32
		{39C401F2-5B85-42E6-9A85-55D883FCDAD1}.Release|x64.ActiveCfg = Release|x64
		{39C401F2-5B85-42E6-9A85-55D883FCDAD1}.Release|x64.Build.0 = Release|x64
		{39C401F2-5B85-42E6-9A85-55D883FCDAD1}.Release|x86.ActiveCfg = Release|Win32
		{39C401F2-5B85-42E6-9A85-55D883FCDAD1}.Release|x86.Build.0 = Release|Win32
		{C282C937-746E-4BE6-A99D-CD2D6DB7A8BD}.Debug|x64.ActiveCfg = Debug|x64
		{C282C937-746E-4BE6-A99D-CD2D6DB7A8BD}.Debug|x64.Build.0 = Debug|x64
		{C282C937-746E-4BE6-A99D-CD2D6DB7A8BD}.Debug|x86.ActiveCfg = Debug|Win32
		{C282C937-746E-4BE6-A99D-CD2D6DB7A8BD}.Debug|x86.Build.0 = Debug|Win32
		{C282C937-746E-4BE6-A99D-CD2D6DB7A8BD}.Release|x64.ActiveCfg = Release|x64
		{C282C937-746E-4BE6-A99D-CD2D6DB7A8BD}.Release|x64.Build.0 = Release|x64
		{C282C937-746E-4BE6-A99D-CD2D6DB7A8BD}.Release|x86.ActiveCfg = Release|Win32
		{C282C937-746E-4BE6-A99D-CD2D6DB7A8BD}.Release|x86.Build.0 = Release|Win32
		{E35163CE-3223-4F85-8C21-A30636B9CA5C}.Debug|x64.ActiveCfg = Debug|x64
		{E35163CE-3223-4F85-8C21-A30636B9CA5C}.Debug|x64.Build.0 = Debug|x64
		{E35163CE-3223-4F85-8C21-A30636B9CA5C}.Debug|x86.ActiveCfg = Debug|Win32
		{E35163CE-3223-4F85-8C21-A30636B9CA5C}.Debug|x86.Build.0 = Debug|Win32
		{E35163CE-3223-4F85-8C21-A30636B9CA5C}.Release|x64.ActiveCfg = Release|x64
		{E35163CE-3223-4F85-8C21-A30636B9CA5C}.Release|x64.Build.0 = Release|x64
		{E35163CE-3223-4F85-8C21-A30636B9CA5C}.Release|x86.ActiveCfg = Release|Win32
		{E35163CE-3223-4F85-8C21-A30636B9CA5C}.Release|x86.Build.0 = Release|Win32
		{1CDC8BEE-9000-4067-9221-E963D0BA4FA0}.Debug|x64.ActiveCfg = Debug|x64
		{1CDC8BEE-9000-4067-9221-E963D0BA4FA0}.Debug|x64.Build.0 = Debug|x64
		{1CDC8BEE-9000-4067-9221-E963D0BA4FA0}.Debug|x86.ActiveCfg = Debug|Win32
		{1CDC8BEE-9000-4067-9221-E963D0BA4FA0}.Debug|x86.Build.0 = Debug|Win32
		{1CDC8BEE-9000-4067-9221-E963D0BA4FA0}.Release|x64.ActiveCfg = Release|x64
		{1CDC8BEE-9000-4067-9221-E963D0BA4FA0}.Release|x64.Build.0 = Release|x64
		{1CDC8BEE-9000-4067-9221-E963D0BA4FA0}.Release|x86.ActiveCfg = Release|Win32
		{1CDC8BEE-9000-4067-9221-E963D0BA4FA0}.Release|x86.Build.0 = Release|Win32
		{704C8B5E-2BA1-436F-A2CD-4BEC467C7D8C}.Debug|x64.ActiveCfg = Debug|x64
		{704C8B5E-2BA1-436F-A2CD-4BEC467C7D8C}.Debug|x64.Build.0 = Debug|x64
		{704C8B5E-2BA1-436F-A2CD-4BEC467C7D8C}.Debug|x86.ActiveCfg = Debug|Win32
		{704C8B5E-2BA1-436F-A2CD-4BEC467C7D8C}.Debug|x86.Build.0 = Debug|Win32
		{704C8B5E-2BA1-436F-A2CD-4BEC467C7D8C}.Release|x64.ActiveCfg = Release|x64
		{704C8B5E-2BA1-436F-A2CD-4BEC467C7D8C}.Release|x64.Build.0 = Release|x64
		{704C8B5E-2BA1-436F-A2CD-4BEC467C7D8C}.Release|x86.ActiveCfg = Release|Win32
		{704C8B5E-2BA1-436F-A2CD-4BEC467C7D8C}.Release|x86.Build.0 = Release|Win32
		{2BF75D08-76AF-45FE-8A15-4DC4C644282C}.Debug|x64.ActiveCfg = Debug|x64
		{2BF75D08-76AF-45FE-8A15-4DC4C644282C}.Debug|x64.Build.0 = Debug|x64
		{2BF75D08-76AF-45FE-8A15-4DC4C644282C}.Debug|x86.ActiveCfg = Debug|Win32
		{2BF75D08-76AF-45FE-8A15-4DC4C644282C}.Debug|x86.Build.0 = Debug|Win32
		{2BF75D08-76AF-45FE-8A15-4DC4C644282C}.Release|x64.ActiveCfg = Release|x64
		{2BF75D08-76AF-45FE-8A15-4DC4C644282C}.Release|x64.Build.0 = Release|x64
		{2BF75D08-76AF-45FE-8A15-4DC4C644282C}.Release|x86.ActiveCfg = Release|Win32
		{2BF75D08-76AF-45FE-8A15-4DC4C644282C}.Release|x86.Build.0 = Release|Win32
		{E133C5E8-4E09-4704-A5DE-7E09487343B3}.Debug|x64.ActiveCfg = Debug|x64
		{E133C5E8-4E09-4704-A5DE-7E09487343B3}.Debug|x64.Build.0 = Debug|x64
		{E133C5E8-4E09-4704-A5DE-7E09487343B3}.Debug|x86.ActiveCfg = Debug|Win32
		{E133C5E8-4E09-4704-A5DE-7E09487343B3}.Debug|x86.Build.0 = Debug|Win32
		{E133C5E8-4E09-4704-A5DE-7E09487343B3}.Release|x64.ActiveCfg = Release|x64
		{E133C5E8-4E09-4704-A5DE-7E09487343B3}.Release|x64.Build.0 = Release|x64
		{E133C5E8-4E09-4704-A5DE-7E09487343B3}.Release|x86.ActiveCfg = Release|Win32
		{E133C5E8-4E09-4704-A5DE-7E09487343B3}.Release|x86.Build.0 = Release|Win32
	EndGlobalSection
	GlobalSection(SolutionProperties) = preSolution
		HideSolutionNode = FALSE
	EndGlobalSection
	GlobalSection(ExtensibilityGlobals) = postSolution
		SolutionGuid = {C3630916-8CAC-4508-A65D-C6BB0E269C93}
	EndGlobalSection
EndGlobal
