
Microsoft Visual Studio Solution File, Format Version 12.00
# Visual Studio 15
VisualStudioVersion = 15.0.28307.271
MinimumVisualStudioVersion = 10.0.40219.1
Project("{8BC9CEB8-8B4A-11D0-8D11-00A0C91BC942}") = "A-1001", "1001.A+B Format\1001.A+B Format.vcxproj", "{BB0AD2CF-35B5-43A7-A3D2-26B0C1BC8D7B}"
EndProject
Project("{8BC9CEB8-8B4A-11D0-8D11-00A0C91BC942}") = "A-1002", "1002 A+B for Polynomials\1002 A+B for Polynomials.vcxproj", "{4676168B-65B6-4DB3-930F-4E5059E58DC6}"
EndProject
Project("{8BC9CEB8-8B4A-11D0-8D11-00A0C91BC942}") = "A-1003", "A-1003\A-1003.vcxproj", "{1B972A27-8077-4E4F-9D9A-3A9970A636A1}"
EndProject
Project("{8BC9CEB8-8B4A-11D0-8D11-00A0C91BC942}") = "A-1013", "A-1013\A-1013.vcxproj", "{E8C8801B-36AF-4929-8665-96C25E0C5A4F}"
EndProject
Project("{8BC9CEB8-8B4A-11D0-8D11-00A0C91BC942}") = "A-1018", "A-1018\A-1018.vcxproj", "{39C401F2-5B85-42E6-9A85-55D883FCDAD1}"
EndProject
Project("{8BC9CEB8-8B4A-11D0-8D11-00A0C91BC942}") = "A-1004", "A-1004\A-1004.vcxproj", "{C282C937-746E-4BE6-A99D-CD2D6DB7A8BD}"
EndProject
Project("{8BC9CEB8-8B4A-11D0-8D11-00A0C91BC942}") = "A-1005", "A-1005\A-1005.vcxproj", "{E35163CE-3223-4F85-8C21-A30636B9CA5C}"
EndProject
Project("{8BC9CEB8-8B4A-11D0-8D11-00A0C91BC942}") = "A-1006", "A-1006\A-1006.vcxproj", "{1CDC8BEE-9000-4067-9221-E963D0BA4FA0}"
EndProject
Project("{8BC9CEB8-8B4A-11D0-8D11-00A0C91BC942}") = "A-1007", "A-1007\A-1007.vcxproj", "{704C8B5E-2BA1-436F-A2CD-4BEC467C7D8C}"
EndProject
Project("{8BC9CEB8-8B4A-11D0-8D11-00A0C91BC942}") = "A-1008", "A-1008\A-1008.vcxproj", "{2BF75D08-76AF-45FE-8A15-4DC4C644282C}"
EndProject
Project("{8BC9CEB8-8B4A-11D0-8D11-00A0C91BC942}") = "A-1009", "A-1009\A-1009.vcxproj", "{E133C5E8-4E09-4704-A5DE-7E09487343B3}"
EndProject
Project("{8BC9CEB8-8B4A-11D0-8D11-00A0C91BC942}") = "A-1010", "A-1010\A-1010.vcxproj", "{8510163B-F3FD-4595-BA3F-9E24395B0C70}"
EndProject
Project("{8BC9CEB8-8B4A-11D0-8D11-00A0C91BC942}") = "A-1011", "A1011\A1011.vcxproj", "{1E97028A-DA24-4BF3-BE1B-3E1F807AB728}"
EndProject
Project("{8BC9CEB8-8B4A-11D0-8D11-00A0C91BC942}") = "A-1012", "A-1012\A-1012.vcxproj", "{D6E0C703-A790-4E95-A15A-2037C651AF53}"
EndProject
Project("{8BC9CEB8-8B4A-11D0-8D11-00A0C91BC942}") = "A-1014", "A-1014\A-1014.vcxproj", "{95AC310E-435D-4A90-8AE2-7863BF39864B}"
EndProject
Project("{8BC9CEB8-8B4A-11D0-8D11-00A0C91BC942}") = "A-1015", "A-1015\A-1015.vcxproj", "{AE2CF6E3-25BF-4865-BDB5-8D23F06BD91E}"
EndProject
Project("{8BC9CEB8-8B4A-11D0-8D11-00A0C91BC942}") = "A-1016", "A-1016\A-1016.vcxproj", "{6375AEBA-9B44-4A64-AE69-2397B87BEAA8}"
EndProject
Project("{8BC9CEB8-8B4A-11D0-8D11-00A0C91BC942}") = "A-1017", "A-1017\A-1017.vcxproj", "{055B9660-C895-4F44-9E23-C29C6EC92F94}"
EndProject
Project("{8BC9CEB8-8B4A-11D0-8D11-00A0C91BC942}") = "A-1019", "A-1019\A-1019.vcxproj", "{64322230-EAB9-4EE2-BCBB-F1F6F79E3E42}"
EndProject
Project("{8BC9CEB8-8B4A-11D0-8D11-00A0C91BC942}") = "A-1020", "A-1020\A-1020.vcxproj", "{ADF09FC5-930A-4765-98DA-F30535FEE4B8}"
EndProject
Project("{8BC9CEB8-8B4A-11D0-8D11-00A0C91BC942}") = "A-1021", "A-1021\A-1021.vcxproj", "{C24A438B-C52C-459E-B195-606C16976970}"
EndProject
Project("{8BC9CEB8-8B4A-11D0-8D11-00A0C91BC942}") = "A-1022", "A-1022\A-1022.vcxproj", "{CF8AA983-1D10-41B7-AB54-D3560CA75B72}"
EndProject
Project("{8BC9CEB8-8B4A-11D0-8D11-00A0C91BC942}") = "A-1023", "A-1023\A-1023.vcxproj", "{A73E41C3-73B4-4D45-976D-D7FB4D075356}"
EndProject
Project("{8BC9CEB8-8B4A-11D0-8D11-00A0C91BC942}") = "A-1024", "A-1024\A-1024.vcxproj", "{12E45DAC-9AEA-477A-AF57-62D9A7D0D409}"
EndProject
Project("{8BC9CEB8-8B4A-11D0-8D11-00A0C91BC942}") = "A-1025", "A-1025\A-1025.vcxproj", "{0BE6B17F-45A0-410C-BEA0-C3BD16E9AD88}"
EndProject
Project("{8BC9CEB8-8B4A-11D0-8D11-00A0C91BC942}") = "A-1027", "A-1027\A-1027.vcxproj", "{B2144B8F-75C3-4B22-9471-AAAF99E49C74}"
EndProject
Project("{8BC9CEB8-8B4A-11D0-8D11-00A0C91BC942}") = "A-1028", "A-1028\A-1028.vcxproj", "{412222E8-0168-40B6-B182-71C45C57C4D0}"
EndProject
Project("{8BC9CEB8-8B4A-11D0-8D11-00A0C91BC942}") = "A-1029", "A-1029\A-1029.vcxproj", "{DD1B0E18-80A7-4C4B-8BB2-17844B5B3938}"
EndProject
Project("{8BC9CEB8-8B4A-11D0-8D11-00A0C91BC942}") = "A-1030", "A-1030\A-1030.vcxproj", "{6E76598A-C1BD-4B11-A70B-9BE55B3B530D}"
EndProject
Project("{8BC9CEB8-8B4A-11D0-8D11-00A0C91BC942}") = "A-1031", "A-1031\A-1031.vcxproj", "{D3EB8834-0C35-4DE8-99DC-912454AD3FFE}"
EndProject
Project("{8BC9CEB8-8B4A-11D0-8D11-00A0C91BC942}") = "A-1032", "A-1032\A-1032.vcxproj", "{19B50DAB-566B-4966-AD9C-E1DC6568E74A}"
EndProject
Project("{8BC9CEB8-8B4A-11D0-8D11-00A0C91BC942}") = "A-1033", "A-1033\A-1033.vcxproj", "{0BCE8492-D412-4BC7-960B-1D7BEDB94384}"
EndProject
Project("{8BC9CEB8-8B4A-11D0-8D11-00A0C91BC942}") = "A-1034", "A-1034\A-1034.vcxproj", "{A50B3C1A-282F-4A4B-AE6D-B0C6FA4B42BF}"
EndProject
Project("{8BC9CEB8-8B4A-11D0-8D11-00A0C91BC942}") = "A-1035", "A-1035\A-1035.vcxproj", "{83EF2C65-D163-4DE5-BCB4-D512BD308C08}"
EndProject
Project("{8BC9CEB8-8B4A-11D0-8D11-00A0C91BC942}") = "A-1036", "A-1036\A-1036.vcxproj", "{239AEF15-DAD7-41F0-ABAB-AD90C6CBB786}"
EndProject
Project("{8BC9CEB8-8B4A-11D0-8D11-00A0C91BC942}") = "A-1037", "A-1037\A-1037.vcxproj", "{E78B4698-9C50-476A-B5DF-E91DE49BF301}"
EndProject
Project("{8BC9CEB8-8B4A-11D0-8D11-00A0C91BC942}") = "A-1038", "A-1038\A-1038.vcxproj", "{FAA199B5-9417-48AD-926B-26FEE89258B2}"
EndProject
Project("{8BC9CEB8-8B4A-11D0-8D11-00A0C91BC942}") = "A-1039", "A-1039\A-1039.vcxproj", "{AEE909D3-93EA-4275-B416-D723DBF6D8A9}"
EndProject
Project("{8BC9CEB8-8B4A-11D0-8D11-00A0C91BC942}") = "A-1040", "A-1040\A-1040.vcxproj", "{FA0BAF07-580A-44C0-867F-C0F2ADCDCF05}"
EndProject
Project("{8BC9CEB8-8B4A-11D0-8D11-00A0C91BC942}") = "A-1041", "A-1041\A-1041.vcxproj", "{0263A993-1802-4587-961E-89A61BE9F465}"
EndProject
Project("{8BC9CEB8-8B4A-11D0-8D11-00A0C91BC942}") = "A-1042", "A-1042\A-1042.vcxproj", "{D2E4B42C-571B-42C0-9095-50242C705B13}"
EndProject
Project("{8BC9CEB8-8B4A-11D0-8D11-00A0C91BC942}") = "A-1043", "A-1043\A-1043.vcxproj", "{1838486D-DA4D-4BEB-BE9A-D2B2FA6EA21D}"
EndProject
Project("{8BC9CEB8-8B4A-11D0-8D11-00A0C91BC942}") = "A-1044", "A-1044\A-1044.vcxproj", "{DDDE1188-211F-4C2A-AFCE-81A2B88B5C36}"
EndProject
Project("{8BC9CEB8-8B4A-11D0-8D11-00A0C91BC942}") = "A-1045", "A-1045\A-1045.vcxproj", "{C8DD72AF-526F-4BD8-A96F-F3B1E6E15CAA}"
EndProject
Project("{8BC9CEB8-8B4A-11D0-8D11-00A0C91BC942}") = "A-1046", "A-1046\A-1046.vcxproj", "{B3A2AFEE-168B-4A3D-A527-37B0E35D4E23}"
EndProject
Project("{8BC9CEB8-8B4A-11D0-8D11-00A0C91BC942}") = "A-1059", "A-1059\A-1059.vcxproj", "{9A7C2CA9-C6EE-42C3-8982-69B7BCD3EB94}"
EndProject
Project("{8BC9CEB8-8B4A-11D0-8D11-00A0C91BC942}") = "A-1069", "A-1069\A-1069.vcxproj", "{199BCF47-AD61-4536-9786-20FDBD4FA51E}"
EndProject
Project("{8BC9CEB8-8B4A-11D0-8D11-00A0C91BC942}") = "A-1070", "A-1070\A-1070.vcxproj", "{E9D21A09-B7BA-41DE-A8A6-4735E3BAE0D8}"
EndProject
Project("{8BC9CEB8-8B4A-11D0-8D11-00A0C91BC942}") = "A-1071", "A-1071\A-1071.vcxproj", "{505CE0AC-7965-41AA-9A0F-9FA159952892}"
EndProject
Project("{8BC9CEB8-8B4A-11D0-8D11-00A0C91BC942}") = "A-1072", "A-1072\A-1072.vcxproj", "{60E6CA81-1782-40F9-B2D7-D20AF53E32F2}"
EndProject
Project("{8BC9CEB8-8B4A-11D0-8D11-00A0C91BC942}") = "A-1073", "A-1073\A-1073.vcxproj", "{4F731A06-8321-4F42-9F1A-6555A5420A58}"
EndProject
Project("{8BC9CEB8-8B4A-11D0-8D11-00A0C91BC942}") = "A-1074", "A-1074\A-1074.vcxproj", "{57772B42-B0D3-4E59-862C-20DDC87BB318}"
EndProject
Project("{8BC9CEB8-8B4A-11D0-8D11-00A0C91BC942}") = "A-1075", "A-1075\A-1075.vcxproj", "{03311684-771A-40DC-9158-39EF210F3B64}"
EndProject
Project("{8BC9CEB8-8B4A-11D0-8D11-00A0C91BC942}") = "A-1076", "A-1076\A-1076.vcxproj", "{F6451EE1-2412-4CEC-BE11-BEF63AEB2224}"
EndProject
Project("{8BC9CEB8-8B4A-11D0-8D11-00A0C91BC942}") = "A-1077", "A-1077\A-1077.vcxproj", "{E3079EE4-5535-4B2C-9CBF-17B860BFE691}"
EndProject
Project("{8BC9CEB8-8B4A-11D0-8D11-00A0C91BC942}") = "A-1078", "A-1078\A-1078.vcxproj", "{4A8A17AF-890B-441F-9E7E-5865E689018A}"
EndProject
Project("{8BC9CEB8-8B4A-11D0-8D11-00A0C91BC942}") = "A-1079", "A-1079\A-1079.vcxproj", "{7AA38F24-DAEE-47F3-B380-1D87FE915613}"
EndProject
Project("{8BC9CEB8-8B4A-11D0-8D11-00A0C91BC942}") = "A-1080", "A-1080\A-1080.vcxproj", "{D98253D9-C965-435B-AD54-2F361A0D0C2D}"
EndProject
Project("{8BC9CEB8-8B4A-11D0-8D11-00A0C91BC942}") = "A-1081", "A-1081\A-1081.vcxproj", "{36544677-95BD-487C-8468-E541BFE49268}"
EndProject
Project("{8BC9CEB8-8B4A-11D0-8D11-00A0C91BC942}") = "A-1082", "A-1082\A-1082.vcxproj", "{2D9877D3-29C9-4CC2-9D0A-95B47FEE7678}"
EndProject
Project("{8BC9CEB8-8B4A-11D0-8D11-00A0C91BC942}") = "A-1083", "A-1083\A-1083.vcxproj", "{8315C663-9998-41D7-AB6A-F405867B0165}"
EndProject
Project("{8BC9CEB8-8B4A-11D0-8D11-00A0C91BC942}") = "A-1084", "A-1084\A-1084.vcxproj", "{D8EC7063-48F6-4A77-BB23-B4F23319F185}"
EndProject
Project("{8BC9CEB8-8B4A-11D0-8D11-00A0C91BC942}") = "A-1085", "A-1085\A-1085.vcxproj", "{FB7E1C9E-7454-49EE-BA8C-0B807C785148}"
EndProject
Project("{8BC9CEB8-8B4A-11D0-8D11-00A0C91BC942}") = "A-1086", "A-1086\A-1086.vcxproj", "{C1F78FE3-576A-47D5-BF23-5BD2960393C5}"
EndProject
Project("{8BC9CEB8-8B4A-11D0-8D11-00A0C91BC942}") = "A-1087", "A-1087\A-1087.vcxproj", "{45AA2D0A-9D4D-4F87-9B17-56B7D7E8BF9A}"
EndProject
Project("{8BC9CEB8-8B4A-11D0-8D11-00A0C91BC942}") = "A-1088", "A-1088\A-1088.vcxproj", "{92015A75-9D94-42F5-93B5-D8B845CD696B}"
EndProject
Project("{8BC9CEB8-8B4A-11D0-8D11-00A0C91BC942}") = "A-1089", "A-1089\A-1089.vcxproj", "{26CC1CAF-B008-439D-93FD-4BD3037868B7}"
EndProject
Project("{8BC9CEB8-8B4A-11D0-8D11-00A0C91BC942}") = "A-1090", "A-1090\A-1090.vcxproj", "{39C845A5-2D97-4DD8-9948-03A58184FB91}"
EndProject
Project("{8BC9CEB8-8B4A-11D0-8D11-00A0C91BC942}") = "A-1091", "A-1091\A-1091.vcxproj", "{AD1C3B29-2E05-43F7-862F-3C360FD82B6F}"
EndProject
Project("{8BC9CEB8-8B4A-11D0-8D11-00A0C91BC942}") = "A-1092", "A-1092\A-1092.vcxproj", "{A469A489-5001-4F08-93D8-290D40911921}"
EndProject
Project("{8BC9CEB8-8B4A-11D0-8D11-00A0C91BC942}") = "A-1093", "A-1093\A-1093.vcxproj", "{55398D99-4F0D-46C5-90F5-2AB32BE669D6}"
EndProject
Project("{8BC9CEB8-8B4A-11D0-8D11-00A0C91BC942}") = "A-1094", "A-1094\A-1094.vcxproj", "{A1439860-6BAA-4CF4-8EF1-1C1E5B043935}"
EndProject
Project("{8BC9CEB8-8B4A-11D0-8D11-00A0C91BC942}") = "A-1095", "A-1095\A-1095.vcxproj", "{33C1279C-00E4-41AE-AD3B-C9AE8F5AE413}"
EndProject
Project("{8BC9CEB8-8B4A-11D0-8D11-00A0C91BC942}") = "A-1097", "A-1097\A-1097.vcxproj", "{ADD05303-F960-4011-9074-BA48AA031072}"
EndProject
Project("{8BC9CEB8-8B4A-11D0-8D11-00A0C91BC942}") = "A-1096", "A-1096\A-1096.vcxproj", "{C492984B-56EA-462B-8A32-FE2FBEB07B76}"
EndProject
Project("{8BC9CEB8-8B4A-11D0-8D11-00A0C91BC942}") = "A-1098", "A-1098\A-1098.vcxproj", "{8340DF00-1D75-4B1E-A4F0-8C7A402B16C7}"
EndProject
Project("{8BC9CEB8-8B4A-11D0-8D11-00A0C91BC942}") = "A-1099", "A-1099\A-1099.vcxproj", "{6C67D7E1-E417-4208-BE9D-3E16B7250CA9}"
EndProject
Project("{8BC9CEB8-8B4A-11D0-8D11-00A0C91BC942}") = "A-1100", "A-1100\A-1100.vcxproj", "{C513FDDB-F85C-4C70-B7EC-21213D8C6E7A}"
EndProject
Project("{8BC9CEB8-8B4A-11D0-8D11-00A0C91BC942}") = "A-1101", "A-1101\A-1101.vcxproj", "{6EFDE252-D644-4F94-A3EA-0AFBCEE40203}"
EndProject
Project("{8BC9CEB8-8B4A-11D0-8D11-00A0C91BC942}") = "A-1102", "A-1102\A-1102.vcxproj", "{00933D8F-2045-492B-9A76-A68682F14EB8}"
EndProject
Project("{8BC9CEB8-8B4A-11D0-8D11-00A0C91BC942}") = "A-1103", "A-1103\A-1103.vcxproj", "{74ECCADB-D081-4D12-A993-A2C6FBD9B21D}"
EndProject
Project("{8BC9CEB8-8B4A-11D0-8D11-00A0C91BC942}") = "A-1104", "A-1104\A-1104.vcxproj", "{2E2C828B-404E-41C5-A48A-23610DBFDE89}"
EndProject
Project("{8BC9CEB8-8B4A-11D0-8D11-00A0C91BC942}") = "A-1105", "A-1105\A-1105.vcxproj", "{1DA9B4A6-338D-417C-ACEB-2925E6112B09}"
EndProject
Project("{8BC9CEB8-8B4A-11D0-8D11-00A0C91BC942}") = "A-1106", "A-1106\A-1106.vcxproj", "{D661254D-5414-4148-AC6B-3B9BC5D8BC35}"
EndProject
Project("{8BC9CEB8-8B4A-11D0-8D11-00A0C91BC942}") = "A-1107", "A-1107\A-1107.vcxproj", "{30E8CF8F-B4FD-45DB-ADF3-D59E12B4EF3B}"
EndProject
Project("{8BC9CEB8-8B4A-11D0-8D11-00A0C91BC942}") = "A-1108", "A-1108\A-1108.vcxproj", "{F5087CA5-306E-4ED5-8BAA-9EE51D784E7C}"
EndProject
Project("{8BC9CEB8-8B4A-11D0-8D11-00A0C91BC942}") = "A-1109", "A-1109\A-1109.vcxproj", "{C608A317-6F6D-46B1-8239-628FACE70670}"
EndProject
Project("{8BC9CEB8-8B4A-11D0-8D11-00A0C91BC942}") = "A-1110", "A-1110\A-1110.vcxproj", "{821DDD14-9689-4EB1-B43A-ECBE426C3DBB}"
EndProject
Project("{8BC9CEB8-8B4A-11D0-8D11-00A0C91BC942}") = "A-1111", "A-1111\A-1111.vcxproj", "{2E42C184-86F6-4D08-B230-901592E0BFCA}"
EndProject
Project("{8BC9CEB8-8B4A-11D0-8D11-00A0C91BC942}") = "A-1114", "A-1114\A-1114.vcxproj", "{3C9A198F-CC6E-4947-B8FA-BD301F271A80}"
EndProject
Project("{8BC9CEB8-8B4A-11D0-8D11-00A0C91BC942}") = "A-1148", "A-1148\A-1148.vcxproj", "{6A01DA78-CEEF-4FE0-B4E5-49C991334F6D}"
EndProject
Project("{8BC9CEB8-8B4A-11D0-8D11-00A0C91BC942}") = "A-1151", "A-1151\A-1151.vcxproj", "{F9B3F6C6-7A86-4EE1-B379-08FC183C3096}"
EndProject
Project("{8BC9CEB8-8B4A-11D0-8D11-00A0C91BC942}") = "A-1152", "A-1152\A-1152.vcxproj", "{0939EF5B-E49F-4FCF-8EA6-136FCD602CD5}"
EndProject
Project("{8BC9CEB8-8B4A-11D0-8D11-00A0C91BC942}") = "A-1153", "A-1153\A-1153.vcxproj", "{DB234CEF-F964-49AD-95E1-2D8B1B37788B}"
EndProject
Project("{8BC9CEB8-8B4A-11D0-8D11-00A0C91BC942}") = "A-1154", "A-1154\A-1154.vcxproj", "{F6BFCD62-1EF6-4BEC-BF20-3B5BAEF3B055}"
EndProject
Project("{8BC9CEB8-8B4A-11D0-8D11-00A0C91BC942}") = "A-1155", "A-1155\A-1155.vcxproj", "{F2257698-2646-49E5-97BA-023C2BEDA895}"
EndProject
Project("{8BC9CEB8-8B4A-11D0-8D11-00A0C91BC942}") = "A-1123", "A-1123\A-1123.vcxproj", "{6FF28B51-E942-412E-BBCE-0189E446A2FE}"
EndProject
Project("{8BC9CEB8-8B4A-11D0-8D11-00A0C91BC942}") = "A-1147", "A-1147\A-1147.vcxproj", "{643ADDF0-F6B7-43F6-AD1C-A5FDE583CF43}"
EndProject
Project("{8BC9CEB8-8B4A-11D0-8D11-00A0C91BC942}") = "A-1112", "A-1112\A-1112.vcxproj", "{8BDE0BA8-1AA3-4FC6-BC05-EBE2677B933C}"
EndProject
Project("{8BC9CEB8-8B4A-11D0-8D11-00A0C91BC942}") = "A-1113", "A-1113\A-1113.vcxproj", "{9BEF52D7-630C-4E51-B4FD-312EAC367CEF}"
EndProject
Project("{8BC9CEB8-8B4A-11D0-8D11-00A0C91BC942}") = "A-1115", "A-1115\A-1115.vcxproj", "{D249A3E4-AA1A-401E-BD41-446E98CB7497}"
EndProject
Project("{8BC9CEB8-8B4A-11D0-8D11-00A0C91BC942}") = "A-1116", "A-1116\A-1116.vcxproj", "{FC462948-09D5-42F0-BF4D-7E860871E133}"
EndProject
Project("{8BC9CEB8-8B4A-11D0-8D11-00A0C91BC942}") = "A-1117", "A-1117\A-1117.vcxproj", "{1576B5E3-E252-4340-A051-AF94A385C9F2}"
EndProject
Project("{8BC9CEB8-8B4A-11D0-8D11-00A0C91BC942}") = "A-1118", "A-1118\A-1118.vcxproj", "{C5A8FC17-40F6-4016-8C9D-724B34BA732A}"
EndProject
Project("{8BC9CEB8-8B4A-11D0-8D11-00A0C91BC942}") = "A-1119", "A-1119\A-1119.vcxproj", "{49292170-D937-47D4-8CFF-388B25475A81}"
EndProject
Project("{8BC9CEB8-8B4A-11D0-8D11-00A0C91BC942}") = "A-1120", "A-1120\A-1120.vcxproj", "{02FC9C67-D68C-4076-8BDB-EA0186EA0CDB}"
EndProject
Project("{8BC9CEB8-8B4A-11D0-8D11-00A0C91BC942}") = "A-1121", "A-1121\A-1121.vcxproj", "{8C40934C-BDEA-49D3-9C9A-19A6D3B963D7}"
EndProject
Project("{8BC9CEB8-8B4A-11D0-8D11-00A0C91BC942}") = "A-1122", "A-1122\A-1122.vcxproj", "{940FA41E-24A6-4788-971D-1B886F0810B5}"
EndProject
Project("{8BC9CEB8-8B4A-11D0-8D11-00A0C91BC942}") = "A-1124", "A-1124\A-1124.vcxproj", "{AD62A311-D6E7-4DE8-9307-C93ACC62F633}"
EndProject
Project("{8BC9CEB8-8B4A-11D0-8D11-00A0C91BC942}") = "A-1125", "A-1125\A-1125.vcxproj", "{FFDB07BD-D7CC-4D4D-A739-FEEB81C355C8}"
EndProject
Project("{8BC9CEB8-8B4A-11D0-8D11-00A0C91BC942}") = "A-1126", "A-1126\A-1126.vcxproj", "{32DBF5E2-C8CB-45B8-A88C-A7B20789448C}"
EndProject
Project("{8BC9CEB8-8B4A-11D0-8D11-00A0C91BC942}") = "A-1127", "A-1127\A-1127.vcxproj", "{AE80513F-6146-423C-ADDD-52F0E4EC8272}"
EndProject
Global
	GlobalSection(SolutionConfigurationPlatforms) = preSolution
		Debug|x64 = Debug|x64
		Debug|x86 = Debug|x86
		Release|x64 = Release|x64
		Release|x86 = Release|x86
	EndGlobalSection
	GlobalSection(ProjectConfigurationPlatforms) = postSolution
		{BB0AD2CF-35B5-43A7-A3D2-26B0C1BC8D7B}.Debug|x64.ActiveCfg = Debug|x64
		{BB0AD2CF-35B5-43A7-A3D2-26B0C1BC8D7B}.Debug|x64.Build.0 = Debug|x64
		{BB0AD2CF-35B5-43A7-A3D2-26B0C1BC8D7B}.Debug|x86.ActiveCfg = Debug|Win32
		{BB0AD2CF-35B5-43A7-A3D2-26B0C1BC8D7B}.Debug|x86.Build.0 = Debug|Win32
		{BB0AD2CF-35B5-43A7-A3D2-26B0C1BC8D7B}.Release|x64.ActiveCfg = Release|x64
		{BB0AD2CF-35B5-43A7-A3D2-26B0C1BC8D7B}.Release|x64.Build.0 = Release|x64
		{BB0AD2CF-35B5-43A7-A3D2-26B0C1BC8D7B}.Release|x86.ActiveCfg = Release|Win32
		{BB0AD2CF-35B5-43A7-A3D2-26B0C1BC8D7B}.Release|x86.Build.0 = Release|Win32
		{4676168B-65B6-4DB3-930F-4E5059E58DC6}.Debug|x64.ActiveCfg = Debug|x64
		{4676168B-65B6-4DB3-930F-4E5059E58DC6}.Debug|x64.Build.0 = Debug|x64
		{4676168B-65B6-4DB3-930F-4E5059E58DC6}.Debug|x86.ActiveCfg = Debug|Win32
		{4676168B-65B6-4DB3-930F-4E5059E58DC6}.Debug|x86.Build.0 = Debug|Win32
		{4676168B-65B6-4DB3-930F-4E5059E58DC6}.Release|x64.ActiveCfg = Release|x64
		{4676168B-65B6-4DB3-930F-4E5059E58DC6}.Release|x64.Build.0 = Release|x64
		{4676168B-65B6-4DB3-930F-4E5059E58DC6}.Release|x86.ActiveCfg = Release|Win32
		{4676168B-65B6-4DB3-930F-4E5059E58DC6}.Release|x86.Build.0 = Release|Win32
		{1B972A27-8077-4E4F-9D9A-3A9970A636A1}.Debug|x64.ActiveCfg = Debug|x64
		{1B972A27-8077-4E4F-9D9A-3A9970A636A1}.Debug|x64.Build.0 = Debug|x64
		{1B972A27-8077-4E4F-9D9A-3A9970A636A1}.Debug|x86.ActiveCfg = Debug|Win32
		{1B972A27-8077-4E4F-9D9A-3A9970A636A1}.Debug|x86.Build.0 = Debug|Win32
		{1B972A27-8077-4E4F-9D9A-3A9970A636A1}.Release|x64.ActiveCfg = Release|x64
		{1B972A27-8077-4E4F-9D9A-3A9970A636A1}.Release|x64.Build.0 = Release|x64
		{1B972A27-8077-4E4F-9D9A-3A9970A636A1}.Release|x86.ActiveCfg = Release|Win32
		{1B972A27-8077-4E4F-9D9A-3A9970A636A1}.Release|x86.Build.0 = Release|Win32
		{E8C8801B-36AF-4929-8665-96C25E0C5A4F}.Debug|x64.ActiveCfg = Debug|x64
		{E8C8801B-36AF-4929-8665-96C25E0C5A4F}.Debug|x64.Build.0 = Debug|x64
		{E8C8801B-36AF-4929-8665-96C25E0C5A4F}.Debug|x86.ActiveCfg = Debug|Win32
		{E8C8801B-36AF-4929-8665-96C25E0C5A4F}.Debug|x86.Build.0 = Debug|Win32
		{E8C8801B-36AF-4929-8665-96C25E0C5A4F}.Release|x64.ActiveCfg = Release|x64
		{E8C8801B-36AF-4929-8665-96C25E0C5A4F}.Release|x64.Build.0 = Release|x64
		{E8C8801B-36AF-4929-8665-96C25E0C5A4F}.Release|x86.ActiveCfg = Release|Win32
		{E8C8801B-36AF-4929-8665-96C25E0C5A4F}.Release|x86.Build.0 = Release|Win32
		{39C401F2-5B85-42E6-9A85-55D883FCDAD1}.Debug|x64.ActiveCfg = Debug|x64
		{39C401F2-5B85-42E6-9A85-55D883FCDAD1}.Debug|x64.Build.0 = Debug|x64
		{39C401F2-5B85-42E6-9A85-55D883FCDAD1}.Debug|x86.ActiveCfg = Debug|Win32
		{39C401F2-5B85-42E6-9A85-55D883FCDAD1}.Debug|x86.Build.0 = Debug|Win32
		{39C401F2-5B85-42E6-9A85-55D883FCDAD1}.Release|x64.ActiveCfg = Release|x64
		{39C401F2-5B85-42E6-9A85-55D883FCDAD1}.Release|x64.Build.0 = Release|x64
		{39C401F2-5B85-42E6-9A85-55D883FCDAD1}.Release|x86.ActiveCfg = Release|Win32
		{39C401F2-5B85-42E6-9A85-55D883FCDAD1}.Release|x86.Build.0 = Release|Win32
		{C282C937-746E-4BE6-A99D-CD2D6DB7A8BD}.Debug|x64.ActiveCfg = Debug|x64
		{C282C937-746E-4BE6-A99D-CD2D6DB7A8BD}.Debug|x64.Build.0 = Debug|x64
		{C282C937-746E-4BE6-A99D-CD2D6DB7A8BD}.Debug|x86.ActiveCfg = Debug|Win32
		{C282C937-746E-4BE6-A99D-CD2D6DB7A8BD}.Debug|x86.Build.0 = Debug|Win32
		{C282C937-746E-4BE6-A99D-CD2D6DB7A8BD}.Release|x64.ActiveCfg = Release|x64
		{C282C937-746E-4BE6-A99D-CD2D6DB7A8BD}.Release|x64.Build.0 = Release|x64
		{C282C937-746E-4BE6-A99D-CD2D6DB7A8BD}.Release|x86.ActiveCfg = Release|Win32
		{C282C937-746E-4BE6-A99D-CD2D6DB7A8BD}.Release|x86.Build.0 = Release|Win32
		{E35163CE-3223-4F85-8C21-A30636B9CA5C}.Debug|x64.ActiveCfg = Debug|x64
		{E35163CE-3223-4F85-8C21-A30636B9CA5C}.Debug|x64.Build.0 = Debug|x64
		{E35163CE-3223-4F85-8C21-A30636B9CA5C}.Debug|x86.ActiveCfg = Debug|Win32
		{E35163CE-3223-4F85-8C21-A30636B9CA5C}.Debug|x86.Build.0 = Debug|Win32
		{E35163CE-3223-4F85-8C21-A30636B9CA5C}.Release|x64.ActiveCfg = Release|x64
		{E35163CE-3223-4F85-8C21-A30636B9CA5C}.Release|x64.Build.0 = Release|x64
		{E35163CE-3223-4F85-8C21-A30636B9CA5C}.Release|x86.ActiveCfg = Release|Win32
		{E35163CE-3223-4F85-8C21-A30636B9CA5C}.Release|x86.Build.0 = Release|Win32
		{1CDC8BEE-9000-4067-9221-E963D0BA4FA0}.Debug|x64.ActiveCfg = Debug|x64
		{1CDC8BEE-9000-4067-9221-E963D0BA4FA0}.Debug|x64.Build.0 = Debug|x64
		{1CDC8BEE-9000-4067-9221-E963D0BA4FA0}.Debug|x86.ActiveCfg = Debug|Win32
		{1CDC8BEE-9000-4067-9221-E963D0BA4FA0}.Debug|x86.Build.0 = Debug|Win32
		{1CDC8BEE-9000-4067-9221-E963D0BA4FA0}.Release|x64.ActiveCfg = Release|x64
		{1CDC8BEE-9000-4067-9221-E963D0BA4FA0}.Release|x64.Build.0 = Release|x64
		{1CDC8BEE-9000-4067-9221-E963D0BA4FA0}.Release|x86.ActiveCfg = Release|Win32
		{1CDC8BEE-9000-4067-9221-E963D0BA4FA0}.Release|x86.Build.0 = Release|Win32
		{704C8B5E-2BA1-436F-A2CD-4BEC467C7D8C}.Debug|x64.ActiveCfg = Debug|x64
		{704C8B5E-2BA1-436F-A2CD-4BEC467C7D8C}.Debug|x64.Build.0 = Debug|x64
		{704C8B5E-2BA1-436F-A2CD-4BEC467C7D8C}.Debug|x86.ActiveCfg = Debug|Win32
		{704C8B5E-2BA1-436F-A2CD-4BEC467C7D8C}.Debug|x86.Build.0 = Debug|Win32
		{704C8B5E-2BA1-436F-A2CD-4BEC467C7D8C}.Release|x64.ActiveCfg = Release|x64
		{704C8B5E-2BA1-436F-A2CD-4BEC467C7D8C}.Release|x64.Build.0 = Release|x64
		{704C8B5E-2BA1-436F-A2CD-4BEC467C7D8C}.Release|x86.ActiveCfg = Release|Win32
		{704C8B5E-2BA1-436F-A2CD-4BEC467C7D8C}.Release|x86.Build.0 = Release|Win32
		{2BF75D08-76AF-45FE-8A15-4DC4C644282C}.Debug|x64.ActiveCfg = Debug|x64
		{2BF75D08-76AF-45FE-8A15-4DC4C644282C}.Debug|x64.Build.0 = Debug|x64
		{2BF75D08-76AF-45FE-8A15-4DC4C644282C}.Debug|x86.ActiveCfg = Debug|Win32
		{2BF75D08-76AF-45FE-8A15-4DC4C644282C}.Debug|x86.Build.0 = Debug|Win32
		{2BF75D08-76AF-45FE-8A15-4DC4C644282C}.Release|x64.ActiveCfg = Release|x64
		{2BF75D08-76AF-45FE-8A15-4DC4C644282C}.Release|x64.Build.0 = Release|x64
		{2BF75D08-76AF-45FE-8A15-4DC4C644282C}.Release|x86.ActiveCfg = Release|Win32
		{2BF75D08-76AF-45FE-8A15-4DC4C644282C}.Release|x86.Build.0 = Release|Win32
		{E133C5E8-4E09-4704-A5DE-7E09487343B3}.Debug|x64.ActiveCfg = Debug|x64
		{E133C5E8-4E09-4704-A5DE-7E09487343B3}.Debug|x64.Build.0 = Debug|x64
		{E133C5E8-4E09-4704-A5DE-7E09487343B3}.Debug|x86.ActiveCfg = Debug|Win32
		{E133C5E8-4E09-4704-A5DE-7E09487343B3}.Debug|x86.Build.0 = Debug|Win32
		{E133C5E8-4E09-4704-A5DE-7E09487343B3}.Release|x64.ActiveCfg = Release|x64
		{E133C5E8-4E09-4704-A5DE-7E09487343B3}.Release|x64.Build.0 = Release|x64
		{E133C5E8-4E09-4704-A5DE-7E09487343B3}.Release|x86.ActiveCfg = Release|Win32
		{E133C5E8-4E09-4704-A5DE-7E09487343B3}.Release|x86.Build.0 = Release|Win32
		{8510163B-F3FD-4595-BA3F-9E24395B0C70}.Debug|x64.ActiveCfg = Debug|x64
		{8510163B-F3FD-4595-BA3F-9E24395B0C70}.Debug|x64.Build.0 = Debug|x64
		{8510163B-F3FD-4595-BA3F-9E24395B0C70}.Debug|x86.ActiveCfg = Debug|Win32
		{8510163B-F3FD-4595-BA3F-9E24395B0C70}.Debug|x86.Build.0 = Debug|Win32
		{8510163B-F3FD-4595-BA3F-9E24395B0C70}.Release|x64.ActiveCfg = Release|x64
		{8510163B-F3FD-4595-BA3F-9E24395B0C70}.Release|x64.Build.0 = Release|x64
		{8510163B-F3FD-4595-BA3F-9E24395B0C70}.Release|x86.ActiveCfg = Release|Win32
		{8510163B-F3FD-4595-BA3F-9E24395B0C70}.Release|x86.Build.0 = Release|Win32
		{1E97028A-DA24-4BF3-BE1B-3E1F807AB728}.Debug|x64.ActiveCfg = Debug|x64
		{1E97028A-DA24-4BF3-BE1B-3E1F807AB728}.Debug|x64.Build.0 = Debug|x64
		{1E97028A-DA24-4BF3-BE1B-3E1F807AB728}.Debug|x86.ActiveCfg = Debug|Win32
		{1E97028A-DA24-4BF3-BE1B-3E1F807AB728}.Debug|x86.Build.0 = Debug|Win32
		{1E97028A-DA24-4BF3-BE1B-3E1F807AB728}.Release|x64.ActiveCfg = Release|x64
		{1E97028A-DA24-4BF3-BE1B-3E1F807AB728}.Release|x64.Build.0 = Release|x64
		{1E97028A-DA24-4BF3-BE1B-3E1F807AB728}.Release|x86.ActiveCfg = Release|Win32
		{1E97028A-DA24-4BF3-BE1B-3E1F807AB728}.Release|x86.Build.0 = Release|Win32
		{D6E0C703-A790-4E95-A15A-2037C651AF53}.Debug|x64.ActiveCfg = Debug|x64
		{D6E0C703-A790-4E95-A15A-2037C651AF53}.Debug|x64.Build.0 = Debug|x64
		{D6E0C703-A790-4E95-A15A-2037C651AF53}.Debug|x86.ActiveCfg = Debug|Win32
		{D6E0C703-A790-4E95-A15A-2037C651AF53}.Debug|x86.Build.0 = Debug|Win32
		{D6E0C703-A790-4E95-A15A-2037C651AF53}.Release|x64.ActiveCfg = Release|x64
		{D6E0C703-A790-4E95-A15A-2037C651AF53}.Release|x64.Build.0 = Release|x64
		{D6E0C703-A790-4E95-A15A-2037C651AF53}.Release|x86.ActiveCfg = Release|Win32
		{D6E0C703-A790-4E95-A15A-2037C651AF53}.Release|x86.Build.0 = Release|Win32
		{95AC310E-435D-4A90-8AE2-7863BF39864B}.Debug|x64.ActiveCfg = Debug|x64
		{95AC310E-435D-4A90-8AE2-7863BF39864B}.Debug|x64.Build.0 = Debug|x64
		{95AC310E-435D-4A90-8AE2-7863BF39864B}.Debug|x86.ActiveCfg = Debug|Win32
		{95AC310E-435D-4A90-8AE2-7863BF39864B}.Debug|x86.Build.0 = Debug|Win32
		{95AC310E-435D-4A90-8AE2-7863BF39864B}.Release|x64.ActiveCfg = Release|x64
		{95AC310E-435D-4A90-8AE2-7863BF39864B}.Release|x64.Build.0 = Release|x64
		{95AC310E-435D-4A90-8AE2-7863BF39864B}.Release|x86.ActiveCfg = Release|Win32
		{95AC310E-435D-4A90-8AE2-7863BF39864B}.Release|x86.Build.0 = Release|Win32
		{AE2CF6E3-25BF-4865-BDB5-8D23F06BD91E}.Debug|x64.ActiveCfg = Debug|x64
		{AE2CF6E3-25BF-4865-BDB5-8D23F06BD91E}.Debug|x64.Build.0 = Debug|x64
		{AE2CF6E3-25BF-4865-BDB5-8D23F06BD91E}.Debug|x86.ActiveCfg = Debug|Win32
		{AE2CF6E3-25BF-4865-BDB5-8D23F06BD91E}.Debug|x86.Build.0 = Debug|Win32
		{AE2CF6E3-25BF-4865-BDB5-8D23F06BD91E}.Release|x64.ActiveCfg = Release|x64
		{AE2CF6E3-25BF-4865-BDB5-8D23F06BD91E}.Release|x64.Build.0 = Release|x64
		{AE2CF6E3-25BF-4865-BDB5-8D23F06BD91E}.Release|x86.ActiveCfg = Release|Win32
		{AE2CF6E3-25BF-4865-BDB5-8D23F06BD91E}.Release|x86.Build.0 = Release|Win32
		{6375AEBA-9B44-4A64-AE69-2397B87BEAA8}.Debug|x64.ActiveCfg = Debug|x64
		{6375AEBA-9B44-4A64-AE69-2397B87BEAA8}.Debug|x64.Build.0 = Debug|x64
		{6375AEBA-9B44-4A64-AE69-2397B87BEAA8}.Debug|x86.ActiveCfg = Debug|Win32
		{6375AEBA-9B44-4A64-AE69-2397B87BEAA8}.Debug|x86.Build.0 = Debug|Win32
		{6375AEBA-9B44-4A64-AE69-2397B87BEAA8}.Release|x64.ActiveCfg = Release|x64
		{6375AEBA-9B44-4A64-AE69-2397B87BEAA8}.Release|x64.Build.0 = Release|x64
		{6375AEBA-9B44-4A64-AE69-2397B87BEAA8}.Release|x86.ActiveCfg = Release|Win32
		{6375AEBA-9B44-4A64-AE69-2397B87BEAA8}.Release|x86.Build.0 = Release|Win32
		{055B9660-C895-4F44-9E23-C29C6EC92F94}.Debug|x64.ActiveCfg = Debug|x64
		{055B9660-C895-4F44-9E23-C29C6EC92F94}.Debug|x64.Build.0 = Debug|x64
		{055B9660-C895-4F44-9E23-C29C6EC92F94}.Debug|x86.ActiveCfg = Debug|Win32
		{055B9660-C895-4F44-9E23-C29C6EC92F94}.Debug|x86.Build.0 = Debug|Win32
		{055B9660-C895-4F44-9E23-C29C6EC92F94}.Release|x64.ActiveCfg = Release|x64
		{055B9660-C895-4F44-9E23-C29C6EC92F94}.Release|x64.Build.0 = Release|x64
		{055B9660-C895-4F44-9E23-C29C6EC92F94}.Release|x86.ActiveCfg = Release|Win32
		{055B9660-C895-4F44-9E23-C29C6EC92F94}.Release|x86.Build.0 = Release|Win32
		{64322230-EAB9-4EE2-BCBB-F1F6F79E3E42}.Debug|x64.ActiveCfg = Debug|x64
		{64322230-EAB9-4EE2-BCBB-F1F6F79E3E42}.Debug|x64.Build.0 = Debug|x64
		{64322230-EAB9-4EE2-BCBB-F1F6F79E3E42}.Debug|x86.ActiveCfg = Debug|Win32
		{64322230-EAB9-4EE2-BCBB-F1F6F79E3E42}.Debug|x86.Build.0 = Debug|Win32
		{64322230-EAB9-4EE2-BCBB-F1F6F79E3E42}.Release|x64.ActiveCfg = Release|x64
		{64322230-EAB9-4EE2-BCBB-F1F6F79E3E42}.Release|x64.Build.0 = Release|x64
		{64322230-EAB9-4EE2-BCBB-F1F6F79E3E42}.Release|x86.ActiveCfg = Release|Win32
		{64322230-EAB9-4EE2-BCBB-F1F6F79E3E42}.Release|x86.Build.0 = Release|Win32
		{ADF09FC5-930A-4765-98DA-F30535FEE4B8}.Debug|x64.ActiveCfg = Debug|x64
		{ADF09FC5-930A-4765-98DA-F30535FEE4B8}.Debug|x64.Build.0 = Debug|x64
		{ADF09FC5-930A-4765-98DA-F30535FEE4B8}.Debug|x86.ActiveCfg = Debug|Win32
		{ADF09FC5-930A-4765-98DA-F30535FEE4B8}.Debug|x86.Build.0 = Debug|Win32
		{ADF09FC5-930A-4765-98DA-F30535FEE4B8}.Release|x64.ActiveCfg = Release|x64
		{ADF09FC5-930A-4765-98DA-F30535FEE4B8}.Release|x64.Build.0 = Release|x64
		{ADF09FC5-930A-4765-98DA-F30535FEE4B8}.Release|x86.ActiveCfg = Release|Win32
		{ADF09FC5-930A-4765-98DA-F30535FEE4B8}.Release|x86.Build.0 = Release|Win32
		{C24A438B-C52C-459E-B195-606C16976970}.Debug|x64.ActiveCfg = Debug|x64
		{C24A438B-C52C-459E-B195-606C16976970}.Debug|x64.Build.0 = Debug|x64
		{C24A438B-C52C-459E-B195-606C16976970}.Debug|x86.ActiveCfg = Debug|Win32
		{C24A438B-C52C-459E-B195-606C16976970}.Debug|x86.Build.0 = Debug|Win32
		{C24A438B-C52C-459E-B195-606C16976970}.Release|x64.ActiveCfg = Release|x64
		{C24A438B-C52C-459E-B195-606C16976970}.Release|x64.Build.0 = Release|x64
		{C24A438B-C52C-459E-B195-606C16976970}.Release|x86.ActiveCfg = Release|Win32
		{C24A438B-C52C-459E-B195-606C16976970}.Release|x86.Build.0 = Release|Win32
		{CF8AA983-1D10-41B7-AB54-D3560CA75B72}.Debug|x64.ActiveCfg = Debug|x64
		{CF8AA983-1D10-41B7-AB54-D3560CA75B72}.Debug|x64.Build.0 = Debug|x64
		{CF8AA983-1D10-41B7-AB54-D3560CA75B72}.Debug|x86.ActiveCfg = Debug|Win32
		{CF8AA983-1D10-41B7-AB54-D3560CA75B72}.Debug|x86.Build.0 = Debug|Win32
		{CF8AA983-1D10-41B7-AB54-D3560CA75B72}.Release|x64.ActiveCfg = Release|x64
		{CF8AA983-1D10-41B7-AB54-D3560CA75B72}.Release|x64.Build.0 = Release|x64
		{CF8AA983-1D10-41B7-AB54-D3560CA75B72}.Release|x86.ActiveCfg = Release|Win32
		{CF8AA983-1D10-41B7-AB54-D3560CA75B72}.Release|x86.Build.0 = Release|Win32
		{A73E41C3-73B4-4D45-976D-D7FB4D075356}.Debug|x64.ActiveCfg = Debug|x64
		{A73E41C3-73B4-4D45-976D-D7FB4D075356}.Debug|x64.Build.0 = Debug|x64
		{A73E41C3-73B4-4D45-976D-D7FB4D075356}.Debug|x86.ActiveCfg = Debug|Win32
		{A73E41C3-73B4-4D45-976D-D7FB4D075356}.Debug|x86.Build.0 = Debug|Win32
		{A73E41C3-73B4-4D45-976D-D7FB4D075356}.Release|x64.ActiveCfg = Release|x64
		{A73E41C3-73B4-4D45-976D-D7FB4D075356}.Release|x64.Build.0 = Release|x64
		{A73E41C3-73B4-4D45-976D-D7FB4D075356}.Release|x86.ActiveCfg = Release|Win32
		{A73E41C3-73B4-4D45-976D-D7FB4D075356}.Release|x86.Build.0 = Release|Win32
		{12E45DAC-9AEA-477A-AF57-62D9A7D0D409}.Debug|x64.ActiveCfg = Debug|x64
		{12E45DAC-9AEA-477A-AF57-62D9A7D0D409}.Debug|x64.Build.0 = Debug|x64
		{12E45DAC-9AEA-477A-AF57-62D9A7D0D409}.Debug|x86.ActiveCfg = Debug|Win32
		{12E45DAC-9AEA-477A-AF57-62D9A7D0D409}.Debug|x86.Build.0 = Debug|Win32
		{12E45DAC-9AEA-477A-AF57-62D9A7D0D409}.Release|x64.ActiveCfg = Release|x64
		{12E45DAC-9AEA-477A-AF57-62D9A7D0D409}.Release|x64.Build.0 = Release|x64
		{12E45DAC-9AEA-477A-AF57-62D9A7D0D409}.Release|x86.ActiveCfg = Release|Win32
		{12E45DAC-9AEA-477A-AF57-62D9A7D0D409}.Release|x86.Build.0 = Release|Win32
		{0BE6B17F-45A0-410C-BEA0-C3BD16E9AD88}.Debug|x64.ActiveCfg = Debug|x64
		{0BE6B17F-45A0-410C-BEA0-C3BD16E9AD88}.Debug|x64.Build.0 = Debug|x64
		{0BE6B17F-45A0-410C-BEA0-C3BD16E9AD88}.Debug|x86.ActiveCfg = Debug|Win32
		{0BE6B17F-45A0-410C-BEA0-C3BD16E9AD88}.Debug|x86.Build.0 = Debug|Win32
		{0BE6B17F-45A0-410C-BEA0-C3BD16E9AD88}.Release|x64.ActiveCfg = Release|x64
		{0BE6B17F-45A0-410C-BEA0-C3BD16E9AD88}.Release|x64.Build.0 = Release|x64
		{0BE6B17F-45A0-410C-BEA0-C3BD16E9AD88}.Release|x86.ActiveCfg = Release|Win32
		{0BE6B17F-45A0-410C-BEA0-C3BD16E9AD88}.Release|x86.Build.0 = Release|Win32
		{B2144B8F-75C3-4B22-9471-AAAF99E49C74}.Debug|x64.ActiveCfg = Debug|x64
		{B2144B8F-75C3-4B22-9471-AAAF99E49C74}.Debug|x64.Build.0 = Debug|x64
		{B2144B8F-75C3-4B22-9471-AAAF99E49C74}.Debug|x86.ActiveCfg = Debug|Win32
		{B2144B8F-75C3-4B22-9471-AAAF99E49C74}.Debug|x86.Build.0 = Debug|Win32
		{B2144B8F-75C3-4B22-9471-AAAF99E49C74}.Release|x64.ActiveCfg = Release|x64
		{B2144B8F-75C3-4B22-9471-AAAF99E49C74}.Release|x64.Build.0 = Release|x64
		{B2144B8F-75C3-4B22-9471-AAAF99E49C74}.Release|x86.ActiveCfg = Release|Win32
		{B2144B8F-75C3-4B22-9471-AAAF99E49C74}.Release|x86.Build.0 = Release|Win32
		{412222E8-0168-40B6-B182-71C45C57C4D0}.Debug|x64.ActiveCfg = Debug|x64
		{412222E8-0168-40B6-B182-71C45C57C4D0}.Debug|x64.Build.0 = Debug|x64
		{412222E8-0168-40B6-B182-71C45C57C4D0}.Debug|x86.ActiveCfg = Debug|Win32
		{412222E8-0168-40B6-B182-71C45C57C4D0}.Debug|x86.Build.0 = Debug|Win32
		{412222E8-0168-40B6-B182-71C45C57C4D0}.Release|x64.ActiveCfg = Release|x64
		{412222E8-0168-40B6-B182-71C45C57C4D0}.Release|x64.Build.0 = Release|x64
		{412222E8-0168-40B6-B182-71C45C57C4D0}.Release|x86.ActiveCfg = Release|Win32
		{412222E8-0168-40B6-B182-71C45C57C4D0}.Release|x86.Build.0 = Release|Win32
		{DD1B0E18-80A7-4C4B-8BB2-17844B5B3938}.Debug|x64.ActiveCfg = Debug|x64
		{DD1B0E18-80A7-4C4B-8BB2-17844B5B3938}.Debug|x64.Build.0 = Debug|x64
		{DD1B0E18-80A7-4C4B-8BB2-17844B5B3938}.Debug|x86.ActiveCfg = Debug|Win32
		{DD1B0E18-80A7-4C4B-8BB2-17844B5B3938}.Debug|x86.Build.0 = Debug|Win32
		{DD1B0E18-80A7-4C4B-8BB2-17844B5B3938}.Release|x64.ActiveCfg = Release|x64
		{DD1B0E18-80A7-4C4B-8BB2-17844B5B3938}.Release|x64.Build.0 = Release|x64
		{DD1B0E18-80A7-4C4B-8BB2-17844B5B3938}.Release|x86.ActiveCfg = Release|Win32
		{DD1B0E18-80A7-4C4B-8BB2-17844B5B3938}.Release|x86.Build.0 = Release|Win32
		{6E76598A-C1BD-4B11-A70B-9BE55B3B530D}.Debug|x64.ActiveCfg = Debug|x64
		{6E76598A-C1BD-4B11-A70B-9BE55B3B530D}.Debug|x64.Build.0 = Debug|x64
		{6E76598A-C1BD-4B11-A70B-9BE55B3B530D}.Debug|x86.ActiveCfg = Debug|Win32
		{6E76598A-C1BD-4B11-A70B-9BE55B3B530D}.Debug|x86.Build.0 = Debug|Win32
		{6E76598A-C1BD-4B11-A70B-9BE55B3B530D}.Release|x64.ActiveCfg = Release|x64
		{6E76598A-C1BD-4B11-A70B-9BE55B3B530D}.Release|x64.Build.0 = Release|x64
		{6E76598A-C1BD-4B11-A70B-9BE55B3B530D}.Release|x86.ActiveCfg = Release|Win32
		{6E76598A-C1BD-4B11-A70B-9BE55B3B530D}.Release|x86.Build.0 = Release|Win32
		{D3EB8834-0C35-4DE8-99DC-912454AD3FFE}.Debug|x64.ActiveCfg = Debug|x64
		{D3EB8834-0C35-4DE8-99DC-912454AD3FFE}.Debug|x64.Build.0 = Debug|x64
		{D3EB8834-0C35-4DE8-99DC-912454AD3FFE}.Debug|x86.ActiveCfg = Debug|Win32
		{D3EB8834-0C35-4DE8-99DC-912454AD3FFE}.Debug|x86.Build.0 = Debug|Win32
		{D3EB8834-0C35-4DE8-99DC-912454AD3FFE}.Release|x64.ActiveCfg = Release|x64
		{D3EB8834-0C35-4DE8-99DC-912454AD3FFE}.Release|x64.Build.0 = Release|x64
		{D3EB8834-0C35-4DE8-99DC-912454AD3FFE}.Release|x86.ActiveCfg = Release|Win32
		{D3EB8834-0C35-4DE8-99DC-912454AD3FFE}.Release|x86.Build.0 = Release|Win32
		{19B50DAB-566B-4966-AD9C-E1DC6568E74A}.Debug|x64.ActiveCfg = Debug|x64
		{19B50DAB-566B-4966-AD9C-E1DC6568E74A}.Debug|x64.Build.0 = Debug|x64
		{19B50DAB-566B-4966-AD9C-E1DC6568E74A}.Debug|x86.ActiveCfg = Debug|Win32
		{19B50DAB-566B-4966-AD9C-E1DC6568E74A}.Debug|x86.Build.0 = Debug|Win32
		{19B50DAB-566B-4966-AD9C-E1DC6568E74A}.Release|x64.ActiveCfg = Release|x64
		{19B50DAB-566B-4966-AD9C-E1DC6568E74A}.Release|x64.Build.0 = Release|x64
		{19B50DAB-566B-4966-AD9C-E1DC6568E74A}.Release|x86.ActiveCfg = Release|Win32
		{19B50DAB-566B-4966-AD9C-E1DC6568E74A}.Release|x86.Build.0 = Release|Win32
		{0BCE8492-D412-4BC7-960B-1D7BEDB94384}.Debug|x64.ActiveCfg = Debug|x64
		{0BCE8492-D412-4BC7-960B-1D7BEDB94384}.Debug|x64.Build.0 = Debug|x64
		{0BCE8492-D412-4BC7-960B-1D7BEDB94384}.Debug|x86.ActiveCfg = Debug|Win32
		{0BCE8492-D412-4BC7-960B-1D7BEDB94384}.Debug|x86.Build.0 = Debug|Win32
		{0BCE8492-D412-4BC7-960B-1D7BEDB94384}.Release|x64.ActiveCfg = Release|x64
		{0BCE8492-D412-4BC7-960B-1D7BEDB94384}.Release|x64.Build.0 = Release|x64
		{0BCE8492-D412-4BC7-960B-1D7BEDB94384}.Release|x86.ActiveCfg = Release|Win32
		{0BCE8492-D412-4BC7-960B-1D7BEDB94384}.Release|x86.Build.0 = Release|Win32
		{A50B3C1A-282F-4A4B-AE6D-B0C6FA4B42BF}.Debug|x64.ActiveCfg = Debug|x64
		{A50B3C1A-282F-4A4B-AE6D-B0C6FA4B42BF}.Debug|x64.Build.0 = Debug|x64
		{A50B3C1A-282F-4A4B-AE6D-B0C6FA4B42BF}.Debug|x86.ActiveCfg = Debug|Win32
		{A50B3C1A-282F-4A4B-AE6D-B0C6FA4B42BF}.Debug|x86.Build.0 = Debug|Win32
		{A50B3C1A-282F-4A4B-AE6D-B0C6FA4B42BF}.Release|x64.ActiveCfg = Release|x64
		{A50B3C1A-282F-4A4B-AE6D-B0C6FA4B42BF}.Release|x64.Build.0 = Release|x64
		{A50B3C1A-282F-4A4B-AE6D-B0C6FA4B42BF}.Release|x86.ActiveCfg = Release|Win32
		{A50B3C1A-282F-4A4B-AE6D-B0C6FA4B42BF}.Release|x86.Build.0 = Release|Win32
		{83EF2C65-D163-4DE5-BCB4-D512BD308C08}.Debug|x64.ActiveCfg = Debug|x64
		{83EF2C65-D163-4DE5-BCB4-D512BD308C08}.Debug|x64.Build.0 = Debug|x64
		{83EF2C65-D163-4DE5-BCB4-D512BD308C08}.Debug|x86.ActiveCfg = Debug|Win32
		{83EF2C65-D163-4DE5-BCB4-D512BD308C08}.Debug|x86.Build.0 = Debug|Win32
		{83EF2C65-D163-4DE5-BCB4-D512BD308C08}.Release|x64.ActiveCfg = Release|x64
		{83EF2C65-D163-4DE5-BCB4-D512BD308C08}.Release|x64.Build.0 = Release|x64
		{83EF2C65-D163-4DE5-BCB4-D512BD308C08}.Release|x86.ActiveCfg = Release|Win32
		{83EF2C65-D163-4DE5-BCB4-D512BD308C08}.Release|x86.Build.0 = Release|Win32
		{239AEF15-DAD7-41F0-ABAB-AD90C6CBB786}.Debug|x64.ActiveCfg = Debug|x64
		{239AEF15-DAD7-41F0-ABAB-AD90C6CBB786}.Debug|x64.Build.0 = Debug|x64
		{239AEF15-DAD7-41F0-ABAB-AD90C6CBB786}.Debug|x86.ActiveCfg = Debug|Win32
		{239AEF15-DAD7-41F0-ABAB-AD90C6CBB786}.Debug|x86.Build.0 = Debug|Win32
		{239AEF15-DAD7-41F0-ABAB-AD90C6CBB786}.Release|x64.ActiveCfg = Release|x64
		{239AEF15-DAD7-41F0-ABAB-AD90C6CBB786}.Release|x64.Build.0 = Release|x64
		{239AEF15-DAD7-41F0-ABAB-AD90C6CBB786}.Release|x86.ActiveCfg = Release|Win32
		{239AEF15-DAD7-41F0-ABAB-AD90C6CBB786}.Release|x86.Build.0 = Release|Win32
		{E78B4698-9C50-476A-B5DF-E91DE49BF301}.Debug|x64.ActiveCfg = Debug|x64
		{E78B4698-9C50-476A-B5DF-E91DE49BF301}.Debug|x64.Build.0 = Debug|x64
		{E78B4698-9C50-476A-B5DF-E91DE49BF301}.Debug|x86.ActiveCfg = Debug|Win32
		{E78B4698-9C50-476A-B5DF-E91DE49BF301}.Debug|x86.Build.0 = Debug|Win32
		{E78B4698-9C50-476A-B5DF-E91DE49BF301}.Release|x64.ActiveCfg = Release|x64
		{E78B4698-9C50-476A-B5DF-E91DE49BF301}.Release|x64.Build.0 = Release|x64
		{E78B4698-9C50-476A-B5DF-E91DE49BF301}.Release|x86.ActiveCfg = Release|Win32
		{E78B4698-9C50-476A-B5DF-E91DE49BF301}.Release|x86.Build.0 = Release|Win32
		{FAA199B5-9417-48AD-926B-26FEE89258B2}.Debug|x64.ActiveCfg = Debug|x64
		{FAA199B5-9417-48AD-926B-26FEE89258B2}.Debug|x64.Build.0 = Debug|x64
		{FAA199B5-9417-48AD-926B-26FEE89258B2}.Debug|x86.ActiveCfg = Debug|Win32
		{FAA199B5-9417-48AD-926B-26FEE89258B2}.Debug|x86.Build.0 = Debug|Win32
		{FAA199B5-9417-48AD-926B-26FEE89258B2}.Release|x64.ActiveCfg = Release|x64
		{FAA199B5-9417-48AD-926B-26FEE89258B2}.Release|x64.Build.0 = Release|x64
		{FAA199B5-9417-48AD-926B-26FEE89258B2}.Release|x86.ActiveCfg = Release|Win32
		{FAA199B5-9417-48AD-926B-26FEE89258B2}.Release|x86.Build.0 = Release|Win32
		{AEE909D3-93EA-4275-B416-D723DBF6D8A9}.Debug|x64.ActiveCfg = Debug|x64
		{AEE909D3-93EA-4275-B416-D723DBF6D8A9}.Debug|x64.Build.0 = Debug|x64
		{AEE909D3-93EA-4275-B416-D723DBF6D8A9}.Debug|x86.ActiveCfg = Debug|Win32
		{AEE909D3-93EA-4275-B416-D723DBF6D8A9}.Debug|x86.Build.0 = Debug|Win32
		{AEE909D3-93EA-4275-B416-D723DBF6D8A9}.Release|x64.ActiveCfg = Release|x64
		{AEE909D3-93EA-4275-B416-D723DBF6D8A9}.Release|x64.Build.0 = Release|x64
		{AEE909D3-93EA-4275-B416-D723DBF6D8A9}.Release|x86.ActiveCfg = Release|Win32
		{AEE909D3-93EA-4275-B416-D723DBF6D8A9}.Release|x86.Build.0 = Release|Win32
		{FA0BAF07-580A-44C0-867F-C0F2ADCDCF05}.Debug|x64.ActiveCfg = Debug|x64
		{FA0BAF07-580A-44C0-867F-C0F2ADCDCF05}.Debug|x64.Build.0 = Debug|x64
		{FA0BAF07-580A-44C0-867F-C0F2ADCDCF05}.Debug|x86.ActiveCfg = Debug|Win32
		{FA0BAF07-580A-44C0-867F-C0F2ADCDCF05}.Debug|x86.Build.0 = Debug|Win32
		{FA0BAF07-580A-44C0-867F-C0F2ADCDCF05}.Release|x64.ActiveCfg = Release|x64
		{FA0BAF07-580A-44C0-867F-C0F2ADCDCF05}.Release|x64.Build.0 = Release|x64
		{FA0BAF07-580A-44C0-867F-C0F2ADCDCF05}.Release|x86.ActiveCfg = Release|Win32
		{FA0BAF07-580A-44C0-867F-C0F2ADCDCF05}.Release|x86.Build.0 = Release|Win32
		{0263A993-1802-4587-961E-89A61BE9F465}.Debug|x64.ActiveCfg = Debug|x64
		{0263A993-1802-4587-961E-89A61BE9F465}.Debug|x64.Build.0 = Debug|x64
		{0263A993-1802-4587-961E-89A61BE9F465}.Debug|x86.ActiveCfg = Debug|Win32
		{0263A993-1802-4587-961E-89A61BE9F465}.Debug|x86.Build.0 = Debug|Win32
		{0263A993-1802-4587-961E-89A61BE9F465}.Release|x64.ActiveCfg = Release|x64
		{0263A993-1802-4587-961E-89A61BE9F465}.Release|x64.Build.0 = Release|x64
		{0263A993-1802-4587-961E-89A61BE9F465}.Release|x86.ActiveCfg = Release|Win32
		{0263A993-1802-4587-961E-89A61BE9F465}.Release|x86.Build.0 = Release|Win32
		{D2E4B42C-571B-42C0-9095-50242C705B13}.Debug|x64.ActiveCfg = Debug|x64
		{D2E4B42C-571B-42C0-9095-50242C705B13}.Debug|x64.Build.0 = Debug|x64
		{D2E4B42C-571B-42C0-9095-50242C705B13}.Debug|x86.ActiveCfg = Debug|Win32
		{D2E4B42C-571B-42C0-9095-50242C705B13}.Debug|x86.Build.0 = Debug|Win32
		{D2E4B42C-571B-42C0-9095-50242C705B13}.Release|x64.ActiveCfg = Release|x64
		{D2E4B42C-571B-42C0-9095-50242C705B13}.Release|x64.Build.0 = Release|x64
		{D2E4B42C-571B-42C0-9095-50242C705B13}.Release|x86.ActiveCfg = Release|Win32
		{D2E4B42C-571B-42C0-9095-50242C705B13}.Release|x86.Build.0 = Release|Win32
		{1838486D-DA4D-4BEB-BE9A-D2B2FA6EA21D}.Debug|x64.ActiveCfg = Debug|x64
		{1838486D-DA4D-4BEB-BE9A-D2B2FA6EA21D}.Debug|x64.Build.0 = Debug|x64
		{1838486D-DA4D-4BEB-BE9A-D2B2FA6EA21D}.Debug|x86.ActiveCfg = Debug|Win32
		{1838486D-DA4D-4BEB-BE9A-D2B2FA6EA21D}.Debug|x86.Build.0 = Debug|Win32
		{1838486D-DA4D-4BEB-BE9A-D2B2FA6EA21D}.Release|x64.ActiveCfg = Release|x64
		{1838486D-DA4D-4BEB-BE9A-D2B2FA6EA21D}.Release|x64.Build.0 = Release|x64
		{1838486D-DA4D-4BEB-BE9A-D2B2FA6EA21D}.Release|x86.ActiveCfg = Release|Win32
		{1838486D-DA4D-4BEB-BE9A-D2B2FA6EA21D}.Release|x86.Build.0 = Release|Win32
		{DDDE1188-211F-4C2A-AFCE-81A2B88B5C36}.Debug|x64.ActiveCfg = Debug|x64
		{DDDE1188-211F-4C2A-AFCE-81A2B88B5C36}.Debug|x64.Build.0 = Debug|x64
		{DDDE1188-211F-4C2A-AFCE-81A2B88B5C36}.Debug|x86.ActiveCfg = Debug|Win32
		{DDDE1188-211F-4C2A-AFCE-81A2B88B5C36}.Debug|x86.Build.0 = Debug|Win32
		{DDDE1188-211F-4C2A-AFCE-81A2B88B5C36}.Release|x64.ActiveCfg = Release|x64
		{DDDE1188-211F-4C2A-AFCE-81A2B88B5C36}.Release|x64.Build.0 = Release|x64
		{DDDE1188-211F-4C2A-AFCE-81A2B88B5C36}.Release|x86.ActiveCfg = Release|Win32
		{DDDE1188-211F-4C2A-AFCE-81A2B88B5C36}.Release|x86.Build.0 = Release|Win32
		{C8DD72AF-526F-4BD8-A96F-F3B1E6E15CAA}.Debug|x64.ActiveCfg = Debug|x64
		{C8DD72AF-526F-4BD8-A96F-F3B1E6E15CAA}.Debug|x64.Build.0 = Debug|x64
		{C8DD72AF-526F-4BD8-A96F-F3B1E6E15CAA}.Debug|x86.ActiveCfg = Debug|Win32
		{C8DD72AF-526F-4BD8-A96F-F3B1E6E15CAA}.Debug|x86.Build.0 = Debug|Win32
		{C8DD72AF-526F-4BD8-A96F-F3B1E6E15CAA}.Release|x64.ActiveCfg = Release|x64
		{C8DD72AF-526F-4BD8-A96F-F3B1E6E15CAA}.Release|x64.Build.0 = Release|x64
		{C8DD72AF-526F-4BD8-A96F-F3B1E6E15CAA}.Release|x86.ActiveCfg = Release|Win32
		{C8DD72AF-526F-4BD8-A96F-F3B1E6E15CAA}.Release|x86.Build.0 = Release|Win32
		{B3A2AFEE-168B-4A3D-A527-37B0E35D4E23}.Debug|x64.ActiveCfg = Debug|x64
		{B3A2AFEE-168B-4A3D-A527-37B0E35D4E23}.Debug|x64.Build.0 = Debug|x64
		{B3A2AFEE-168B-4A3D-A527-37B0E35D4E23}.Debug|x86.ActiveCfg = Debug|Win32
		{B3A2AFEE-168B-4A3D-A527-37B0E35D4E23}.Debug|x86.Build.0 = Debug|Win32
		{B3A2AFEE-168B-4A3D-A527-37B0E35D4E23}.Release|x64.ActiveCfg = Release|x64
		{B3A2AFEE-168B-4A3D-A527-37B0E35D4E23}.Release|x64.Build.0 = Release|x64
		{B3A2AFEE-168B-4A3D-A527-37B0E35D4E23}.Release|x86.ActiveCfg = Release|Win32
		{B3A2AFEE-168B-4A3D-A527-37B0E35D4E23}.Release|x86.Build.0 = Release|Win32
		{9A7C2CA9-C6EE-42C3-8982-69B7BCD3EB94}.Debug|x64.ActiveCfg = Debug|x64
		{9A7C2CA9-C6EE-42C3-8982-69B7BCD3EB94}.Debug|x64.Build.0 = Debug|x64
		{9A7C2CA9-C6EE-42C3-8982-69B7BCD3EB94}.Debug|x86.ActiveCfg = Debug|Win32
		{9A7C2CA9-C6EE-42C3-8982-69B7BCD3EB94}.Debug|x86.Build.0 = Debug|Win32
		{9A7C2CA9-C6EE-42C3-8982-69B7BCD3EB94}.Release|x64.ActiveCfg = Release|x64
		{9A7C2CA9-C6EE-42C3-8982-69B7BCD3EB94}.Release|x64.Build.0 = Release|x64
		{9A7C2CA9-C6EE-42C3-8982-69B7BCD3EB94}.Release|x86.ActiveCfg = Release|Win32
		{9A7C2CA9-C6EE-42C3-8982-69B7BCD3EB94}.Release|x86.Build.0 = Release|Win32
		{199BCF47-AD61-4536-9786-20FDBD4FA51E}.Debug|x64.ActiveCfg = Debug|x64
		{199BCF47-AD61-4536-9786-20FDBD4FA51E}.Debug|x64.Build.0 = Debug|x64
		{199BCF47-AD61-4536-9786-20FDBD4FA51E}.Debug|x86.ActiveCfg = Debug|Win32
		{199BCF47-AD61-4536-9786-20FDBD4FA51E}.Debug|x86.Build.0 = Debug|Win32
		{199BCF47-AD61-4536-9786-20FDBD4FA51E}.Release|x64.ActiveCfg = Release|x64
		{199BCF47-AD61-4536-9786-20FDBD4FA51E}.Release|x64.Build.0 = Release|x64
		{199BCF47-AD61-4536-9786-20FDBD4FA51E}.Release|x86.ActiveCfg = Release|Win32
		{199BCF47-AD61-4536-9786-20FDBD4FA51E}.Release|x86.Build.0 = Release|Win32
		{E9D21A09-B7BA-41DE-A8A6-4735E3BAE0D8}.Debug|x64.ActiveCfg = Debug|x64
		{E9D21A09-B7BA-41DE-A8A6-4735E3BAE0D8}.Debug|x64.Build.0 = Debug|x64
		{E9D21A09-B7BA-41DE-A8A6-4735E3BAE0D8}.Debug|x86.ActiveCfg = Debug|Win32
		{E9D21A09-B7BA-41DE-A8A6-4735E3BAE0D8}.Debug|x86.Build.0 = Debug|Win32
		{E9D21A09-B7BA-41DE-A8A6-4735E3BAE0D8}.Release|x64.ActiveCfg = Release|x64
		{E9D21A09-B7BA-41DE-A8A6-4735E3BAE0D8}.Release|x64.Build.0 = Release|x64
		{E9D21A09-B7BA-41DE-A8A6-4735E3BAE0D8}.Release|x86.ActiveCfg = Release|Win32
		{E9D21A09-B7BA-41DE-A8A6-4735E3BAE0D8}.Release|x86.Build.0 = Release|Win32
		{505CE0AC-7965-41AA-9A0F-9FA159952892}.Debug|x64.ActiveCfg = Debug|x64
		{505CE0AC-7965-41AA-9A0F-9FA159952892}.Debug|x64.Build.0 = Debug|x64
		{505CE0AC-7965-41AA-9A0F-9FA159952892}.Debug|x86.ActiveCfg = Debug|Win32
		{505CE0AC-7965-41AA-9A0F-9FA159952892}.Debug|x86.Build.0 = Debug|Win32
		{505CE0AC-7965-41AA-9A0F-9FA159952892}.Release|x64.ActiveCfg = Release|x64
		{505CE0AC-7965-41AA-9A0F-9FA159952892}.Release|x64.Build.0 = Release|x64
		{505CE0AC-7965-41AA-9A0F-9FA159952892}.Release|x86.ActiveCfg = Release|Win32
		{505CE0AC-7965-41AA-9A0F-9FA159952892}.Release|x86.Build.0 = Release|Win32
		{60E6CA81-1782-40F9-B2D7-D20AF53E32F2}.Debug|x64.ActiveCfg = Debug|x64
		{60E6CA81-1782-40F9-B2D7-D20AF53E32F2}.Debug|x64.Build.0 = Debug|x64
		{60E6CA81-1782-40F9-B2D7-D20AF53E32F2}.Debug|x86.ActiveCfg = Debug|Win32
		{60E6CA81-1782-40F9-B2D7-D20AF53E32F2}.Debug|x86.Build.0 = Debug|Win32
		{60E6CA81-1782-40F9-B2D7-D20AF53E32F2}.Release|x64.ActiveCfg = Release|x64
		{60E6CA81-1782-40F9-B2D7-D20AF53E32F2}.Release|x64.Build.0 = Release|x64
		{60E6CA81-1782-40F9-B2D7-D20AF53E32F2}.Release|x86.ActiveCfg = Release|Win32
		{60E6CA81-1782-40F9-B2D7-D20AF53E32F2}.Release|x86.Build.0 = Release|Win32
		{4F731A06-8321-4F42-9F1A-6555A5420A58}.Debug|x64.ActiveCfg = Debug|x64
		{4F731A06-8321-4F42-9F1A-6555A5420A58}.Debug|x64.Build.0 = Debug|x64
		{4F731A06-8321-4F42-9F1A-6555A5420A58}.Debug|x86.ActiveCfg = Debug|Win32
		{4F731A06-8321-4F42-9F1A-6555A5420A58}.Debug|x86.Build.0 = Debug|Win32
		{4F731A06-8321-4F42-9F1A-6555A5420A58}.Release|x64.ActiveCfg = Release|x64
		{4F731A06-8321-4F42-9F1A-6555A5420A58}.Release|x64.Build.0 = Release|x64
		{4F731A06-8321-4F42-9F1A-6555A5420A58}.Release|x86.ActiveCfg = Release|Win32
		{4F731A06-8321-4F42-9F1A-6555A5420A58}.Release|x86.Build.0 = Release|Win32
		{57772B42-B0D3-4E59-862C-20DDC87BB318}.Debug|x64.ActiveCfg = Debug|x64
		{57772B42-B0D3-4E59-862C-20DDC87BB318}.Debug|x64.Build.0 = Debug|x64
		{57772B42-B0D3-4E59-862C-20DDC87BB318}.Debug|x86.ActiveCfg = Debug|Win32
		{57772B42-B0D3-4E59-862C-20DDC87BB318}.Debug|x86.Build.0 = Debug|Win32
		{57772B42-B0D3-4E59-862C-20DDC87BB318}.Release|x64.ActiveCfg = Release|x64
		{57772B42-B0D3-4E59-862C-20DDC87BB318}.Release|x64.Build.0 = Release|x64
		{57772B42-B0D3-4E59-862C-20DDC87BB318}.Release|x86.ActiveCfg = Release|Win32
		{57772B42-B0D3-4E59-862C-20DDC87BB318}.Release|x86.Build.0 = Release|Win32
		{03311684-771A-40DC-9158-39EF210F3B64}.Debug|x64.ActiveCfg = Debug|x64
		{03311684-771A-40DC-9158-39EF210F3B64}.Debug|x64.Build.0 = Debug|x64
		{03311684-771A-40DC-9158-39EF210F3B64}.Debug|x86.ActiveCfg = Debug|Win32
		{03311684-771A-40DC-9158-39EF210F3B64}.Debug|x86.Build.0 = Debug|Win32
		{03311684-771A-40DC-9158-39EF210F3B64}.Release|x64.ActiveCfg = Release|x64
		{03311684-771A-40DC-9158-39EF210F3B64}.Release|x64.Build.0 = Release|x64
		{03311684-771A-40DC-9158-39EF210F3B64}.Release|x86.ActiveCfg = Release|Win32
		{03311684-771A-40DC-9158-39EF210F3B64}.Release|x86.Build.0 = Release|Win32
		{F6451EE1-2412-4CEC-BE11-BEF63AEB2224}.Debug|x64.ActiveCfg = Debug|x64
		{F6451EE1-2412-4CEC-BE11-BEF63AEB2224}.Debug|x64.Build.0 = Debug|x64
		{F6451EE1-2412-4CEC-BE11-BEF63AEB2224}.Debug|x86.ActiveCfg = Debug|Win32
		{F6451EE1-2412-4CEC-BE11-BEF63AEB2224}.Debug|x86.Build.0 = Debug|Win32
		{F6451EE1-2412-4CEC-BE11-BEF63AEB2224}.Release|x64.ActiveCfg = Release|x64
		{F6451EE1-2412-4CEC-BE11-BEF63AEB2224}.Release|x64.Build.0 = Release|x64
		{F6451EE1-2412-4CEC-BE11-BEF63AEB2224}.Release|x86.ActiveCfg = Release|Win32
		{F6451EE1-2412-4CEC-BE11-BEF63AEB2224}.Release|x86.Build.0 = Release|Win32
		{E3079EE4-5535-4B2C-9CBF-17B860BFE691}.Debug|x64.ActiveCfg = Debug|x64
		{E3079EE4-5535-4B2C-9CBF-17B860BFE691}.Debug|x64.Build.0 = Debug|x64
		{E3079EE4-5535-4B2C-9CBF-17B860BFE691}.Debug|x86.ActiveCfg = Debug|Win32
		{E3079EE4-5535-4B2C-9CBF-17B860BFE691}.Debug|x86.Build.0 = Debug|Win32
		{E3079EE4-5535-4B2C-9CBF-17B860BFE691}.Release|x64.ActiveCfg = Release|x64
		{E3079EE4-5535-4B2C-9CBF-17B860BFE691}.Release|x64.Build.0 = Release|x64
		{E3079EE4-5535-4B2C-9CBF-17B860BFE691}.Release|x86.ActiveCfg = Release|Win32
		{E3079EE4-5535-4B2C-9CBF-17B860BFE691}.Release|x86.Build.0 = Release|Win32
		{4A8A17AF-890B-441F-9E7E-5865E689018A}.Debug|x64.ActiveCfg = Debug|x64
		{4A8A17AF-890B-441F-9E7E-5865E689018A}.Debug|x64.Build.0 = Debug|x64
		{4A8A17AF-890B-441F-9E7E-5865E689018A}.Debug|x86.ActiveCfg = Debug|Win32
		{4A8A17AF-890B-441F-9E7E-5865E689018A}.Debug|x86.Build.0 = Debug|Win32
		{4A8A17AF-890B-441F-9E7E-5865E689018A}.Release|x64.ActiveCfg = Release|x64
		{4A8A17AF-890B-441F-9E7E-5865E689018A}.Release|x64.Build.0 = Release|x64
		{4A8A17AF-890B-441F-9E7E-5865E689018A}.Release|x86.ActiveCfg = Release|Win32
		{4A8A17AF-890B-441F-9E7E-5865E689018A}.Release|x86.Build.0 = Release|Win32
		{7AA38F24-DAEE-47F3-B380-1D87FE915613}.Debug|x64.ActiveCfg = Debug|x64
		{7AA38F24-DAEE-47F3-B380-1D87FE915613}.Debug|x64.Build.0 = Debug|x64
		{7AA38F24-DAEE-47F3-B380-1D87FE915613}.Debug|x86.ActiveCfg = Debug|Win32
		{7AA38F24-DAEE-47F3-B380-1D87FE915613}.Debug|x86.Build.0 = Debug|Win32
		{7AA38F24-DAEE-47F3-B380-1D87FE915613}.Release|x64.ActiveCfg = Release|x64
		{7AA38F24-DAEE-47F3-B380-1D87FE915613}.Release|x64.Build.0 = Release|x64
		{7AA38F24-DAEE-47F3-B380-1D87FE915613}.Release|x86.ActiveCfg = Release|Win32
		{7AA38F24-DAEE-47F3-B380-1D87FE915613}.Release|x86.Build.0 = Release|Win32
		{D98253D9-C965-435B-AD54-2F361A0D0C2D}.Debug|x64.ActiveCfg = Debug|x64
		{D98253D9-C965-435B-AD54-2F361A0D0C2D}.Debug|x64.Build.0 = Debug|x64
		{D98253D9-C965-435B-AD54-2F361A0D0C2D}.Debug|x86.ActiveCfg = Debug|Win32
		{D98253D9-C965-435B-AD54-2F361A0D0C2D}.Debug|x86.Build.0 = Debug|Win32
		{D98253D9-C965-435B-AD54-2F361A0D0C2D}.Release|x64.ActiveCfg = Release|x64
		{D98253D9-C965-435B-AD54-2F361A0D0C2D}.Release|x64.Build.0 = Release|x64
		{D98253D9-C965-435B-AD54-2F361A0D0C2D}.Release|x86.ActiveCfg = Release|Win32
		{D98253D9-C965-435B-AD54-2F361A0D0C2D}.Release|x86.Build.0 = Release|Win32
		{36544677-95BD-487C-8468-E541BFE49268}.Debug|x64.ActiveCfg = Debug|x64
		{36544677-95BD-487C-8468-E541BFE49268}.Debug|x64.Build.0 = Debug|x64
		{36544677-95BD-487C-8468-E541BFE49268}.Debug|x86.ActiveCfg = Debug|Win32
		{36544677-95BD-487C-8468-E541BFE49268}.Debug|x86.Build.0 = Debug|Win32
		{36544677-95BD-487C-8468-E541BFE49268}.Release|x64.ActiveCfg = Release|x64
		{36544677-95BD-487C-8468-E541BFE49268}.Release|x64.Build.0 = Release|x64
		{36544677-95BD-487C-8468-E541BFE49268}.Release|x86.ActiveCfg = Release|Win32
		{36544677-95BD-487C-8468-E541BFE49268}.Release|x86.Build.0 = Release|Win32
		{2D9877D3-29C9-4CC2-9D0A-95B47FEE7678}.Debug|x64.ActiveCfg = Debug|x64
		{2D9877D3-29C9-4CC2-9D0A-95B47FEE7678}.Debug|x64.Build.0 = Debug|x64
		{2D9877D3-29C9-4CC2-9D0A-95B47FEE7678}.Debug|x86.ActiveCfg = Debug|Win32
		{2D9877D3-29C9-4CC2-9D0A-95B47FEE7678}.Debug|x86.Build.0 = Debug|Win32
		{2D9877D3-29C9-4CC2-9D0A-95B47FEE7678}.Release|x64.ActiveCfg = Release|x64
		{2D9877D3-29C9-4CC2-9D0A-95B47FEE7678}.Release|x64.Build.0 = Release|x64
		{2D9877D3-29C9-4CC2-9D0A-95B47FEE7678}.Release|x86.ActiveCfg = Release|Win32
		{2D9877D3-29C9-4CC2-9D0A-95B47FEE7678}.Release|x86.Build.0 = Release|Win32
		{8315C663-9998-41D7-AB6A-F405867B0165}.Debug|x64.ActiveCfg = Debug|x64
		{8315C663-9998-41D7-AB6A-F405867B0165}.Debug|x64.Build.0 = Debug|x64
		{8315C663-9998-41D7-AB6A-F405867B0165}.Debug|x86.ActiveCfg = Debug|Win32
		{8315C663-9998-41D7-AB6A-F405867B0165}.Debug|x86.Build.0 = Debug|Win32
		{8315C663-9998-41D7-AB6A-F405867B0165}.Release|x64.ActiveCfg = Release|x64
		{8315C663-9998-41D7-AB6A-F405867B0165}.Release|x64.Build.0 = Release|x64
		{8315C663-9998-41D7-AB6A-F405867B0165}.Release|x86.ActiveCfg = Release|Win32
		{8315C663-9998-41D7-AB6A-F405867B0165}.Release|x86.Build.0 = Release|Win32
		{D8EC7063-48F6-4A77-BB23-B4F23319F185}.Debug|x64.ActiveCfg = Debug|x64
		{D8EC7063-48F6-4A77-BB23-B4F23319F185}.Debug|x64.Build.0 = Debug|x64
		{D8EC7063-48F6-4A77-BB23-B4F23319F185}.Debug|x86.ActiveCfg = Debug|Win32
		{D8EC7063-48F6-4A77-BB23-B4F23319F185}.Debug|x86.Build.0 = Debug|Win32
		{D8EC7063-48F6-4A77-BB23-B4F23319F185}.Release|x64.ActiveCfg = Release|x64
		{D8EC7063-48F6-4A77-BB23-B4F23319F185}.Release|x64.Build.0 = Release|x64
		{D8EC7063-48F6-4A77-BB23-B4F23319F185}.Release|x86.ActiveCfg = Release|Win32
		{D8EC7063-48F6-4A77-BB23-B4F23319F185}.Release|x86.Build.0 = Release|Win32
		{FB7E1C9E-7454-49EE-BA8C-0B807C785148}.Debug|x64.ActiveCfg = Debug|x64
		{FB7E1C9E-7454-49EE-BA8C-0B807C785148}.Debug|x64.Build.0 = Debug|x64
		{FB7E1C9E-7454-49EE-BA8C-0B807C785148}.Debug|x86.ActiveCfg = Debug|Win32
		{FB7E1C9E-7454-49EE-BA8C-0B807C785148}.Debug|x86.Build.0 = Debug|Win32
		{FB7E1C9E-7454-49EE-BA8C-0B807C785148}.Release|x64.ActiveCfg = Release|x64
		{FB7E1C9E-7454-49EE-BA8C-0B807C785148}.Release|x64.Build.0 = Release|x64
		{FB7E1C9E-7454-49EE-BA8C-0B807C785148}.Release|x86.ActiveCfg = Release|Win32
		{FB7E1C9E-7454-49EE-BA8C-0B807C785148}.Release|x86.Build.0 = Release|Win32
		{C1F78FE3-576A-47D5-BF23-5BD2960393C5}.Debug|x64.ActiveCfg = Debug|x64
		{C1F78FE3-576A-47D5-BF23-5BD2960393C5}.Debug|x64.Build.0 = Debug|x64
		{C1F78FE3-576A-47D5-BF23-5BD2960393C5}.Debug|x86.ActiveCfg = Debug|Win32
		{C1F78FE3-576A-47D5-BF23-5BD2960393C5}.Debug|x86.Build.0 = Debug|Win32
		{C1F78FE3-576A-47D5-BF23-5BD2960393C5}.Release|x64.ActiveCfg = Release|x64
		{C1F78FE3-576A-47D5-BF23-5BD2960393C5}.Release|x64.Build.0 = Release|x64
		{C1F78FE3-576A-47D5-BF23-5BD2960393C5}.Release|x86.ActiveCfg = Release|Win32
		{C1F78FE3-576A-47D5-BF23-5BD2960393C5}.Release|x86.Build.0 = Release|Win32
		{45AA2D0A-9D4D-4F87-9B17-56B7D7E8BF9A}.Debug|x64.ActiveCfg = Debug|x64
		{45AA2D0A-9D4D-4F87-9B17-56B7D7E8BF9A}.Debug|x64.Build.0 = Debug|x64
		{45AA2D0A-9D4D-4F87-9B17-56B7D7E8BF9A}.Debug|x86.ActiveCfg = Debug|Win32
		{45AA2D0A-9D4D-4F87-9B17-56B7D7E8BF9A}.Debug|x86.Build.0 = Debug|Win32
		{45AA2D0A-9D4D-4F87-9B17-56B7D7E8BF9A}.Release|x64.ActiveCfg = Release|x64
		{45AA2D0A-9D4D-4F87-9B17-56B7D7E8BF9A}.Release|x64.Build.0 = Release|x64
		{45AA2D0A-9D4D-4F87-9B17-56B7D7E8BF9A}.Release|x86.ActiveCfg = Release|Win32
		{45AA2D0A-9D4D-4F87-9B17-56B7D7E8BF9A}.Release|x86.Build.0 = Release|Win32
		{92015A75-9D94-42F5-93B5-D8B845CD696B}.Debug|x64.ActiveCfg = Debug|x64
		{92015A75-9D94-42F5-93B5-D8B845CD696B}.Debug|x64.Build.0 = Debug|x64
		{92015A75-9D94-42F5-93B5-D8B845CD696B}.Debug|x86.ActiveCfg = Debug|Win32
		{92015A75-9D94-42F5-93B5-D8B845CD696B}.Debug|x86.Build.0 = Debug|Win32
		{92015A75-9D94-42F5-93B5-D8B845CD696B}.Release|x64.ActiveCfg = Release|x64
		{92015A75-9D94-42F5-93B5-D8B845CD696B}.Release|x64.Build.0 = Release|x64
		{92015A75-9D94-42F5-93B5-D8B845CD696B}.Release|x86.ActiveCfg = Release|Win32
		{92015A75-9D94-42F5-93B5-D8B845CD696B}.Release|x86.Build.0 = Release|Win32
		{26CC1CAF-B008-439D-93FD-4BD3037868B7}.Debug|x64.ActiveCfg = Debug|x64
		{26CC1CAF-B008-439D-93FD-4BD3037868B7}.Debug|x64.Build.0 = Debug|x64
		{26CC1CAF-B008-439D-93FD-4BD3037868B7}.Debug|x86.ActiveCfg = Debug|Win32
		{26CC1CAF-B008-439D-93FD-4BD3037868B7}.Debug|x86.Build.0 = Debug|Win32
		{26CC1CAF-B008-439D-93FD-4BD3037868B7}.Release|x64.ActiveCfg = Release|x64
		{26CC1CAF-B008-439D-93FD-4BD3037868B7}.Release|x64.Build.0 = Release|x64
		{26CC1CAF-B008-439D-93FD-4BD3037868B7}.Release|x86.ActiveCfg = Release|Win32
		{26CC1CAF-B008-439D-93FD-4BD3037868B7}.Release|x86.Build.0 = Release|Win32
		{39C845A5-2D97-4DD8-9948-03A58184FB91}.Debug|x64.ActiveCfg = Debug|x64
		{39C845A5-2D97-4DD8-9948-03A58184FB91}.Debug|x64.Build.0 = Debug|x64
		{39C845A5-2D97-4DD8-9948-03A58184FB91}.Debug|x86.ActiveCfg = Debug|Win32
		{39C845A5-2D97-4DD8-9948-03A58184FB91}.Debug|x86.Build.0 = Debug|Win32
		{39C845A5-2D97-4DD8-9948-03A58184FB91}.Release|x64.ActiveCfg = Release|x64
		{39C845A5-2D97-4DD8-9948-03A58184FB91}.Release|x64.Build.0 = Release|x64
		{39C845A5-2D97-4DD8-9948-03A58184FB91}.Release|x86.ActiveCfg = Release|Win32
		{39C845A5-2D97-4DD8-9948-03A58184FB91}.Release|x86.Build.0 = Release|Win32
		{AD1C3B29-2E05-43F7-862F-3C360FD82B6F}.Debug|x64.ActiveCfg = Debug|x64
		{AD1C3B29-2E05-43F7-862F-3C360FD82B6F}.Debug|x64.Build.0 = Debug|x64
		{AD1C3B29-2E05-43F7-862F-3C360FD82B6F}.Debug|x86.ActiveCfg = Debug|Win32
		{AD1C3B29-2E05-43F7-862F-3C360FD82B6F}.Debug|x86.Build.0 = Debug|Win32
		{AD1C3B29-2E05-43F7-862F-3C360FD82B6F}.Release|x64.ActiveCfg = Release|x64
		{AD1C3B29-2E05-43F7-862F-3C360FD82B6F}.Release|x64.Build.0 = Release|x64
		{AD1C3B29-2E05-43F7-862F-3C360FD82B6F}.Release|x86.ActiveCfg = Release|Win32
		{AD1C3B29-2E05-43F7-862F-3C360FD82B6F}.Release|x86.Build.0 = Release|Win32
		{A469A489-5001-4F08-93D8-290D40911921}.Debug|x64.ActiveCfg = Debug|x64
		{A469A489-5001-4F08-93D8-290D40911921}.Debug|x64.Build.0 = Debug|x64
		{A469A489-5001-4F08-93D8-290D40911921}.Debug|x86.ActiveCfg = Debug|Win32
		{A469A489-5001-4F08-93D8-290D40911921}.Debug|x86.Build.0 = Debug|Win32
		{A469A489-5001-4F08-93D8-290D40911921}.Release|x64.ActiveCfg = Release|x64
		{A469A489-5001-4F08-93D8-290D40911921}.Release|x64.Build.0 = Release|x64
		{A469A489-5001-4F08-93D8-290D40911921}.Release|x86.ActiveCfg = Release|Win32
		{A469A489-5001-4F08-93D8-290D40911921}.Release|x86.Build.0 = Release|Win32
		{55398D99-4F0D-46C5-90F5-2AB32BE669D6}.Debug|x64.ActiveCfg = Debug|x64
		{55398D99-4F0D-46C5-90F5-2AB32BE669D6}.Debug|x64.Build.0 = Debug|x64
		{55398D99-4F0D-46C5-90F5-2AB32BE669D6}.Debug|x86.ActiveCfg = Debug|Win32
		{55398D99-4F0D-46C5-90F5-2AB32BE669D6}.Debug|x86.Build.0 = Debug|Win32
		{55398D99-4F0D-46C5-90F5-2AB32BE669D6}.Release|x64.ActiveCfg = Release|x64
		{55398D99-4F0D-46C5-90F5-2AB32BE669D6}.Release|x64.Build.0 = Release|x64
		{55398D99-4F0D-46C5-90F5-2AB32BE669D6}.Release|x86.ActiveCfg = Release|Win32
		{55398D99-4F0D-46C5-90F5-2AB32BE669D6}.Release|x86.Build.0 = Release|Win32
		{A1439860-6BAA-4CF4-8EF1-1C1E5B043935}.Debug|x64.ActiveCfg = Debug|x64
		{A1439860-6BAA-4CF4-8EF1-1C1E5B043935}.Debug|x64.Build.0 = Debug|x64
		{A1439860-6BAA-4CF4-8EF1-1C1E5B043935}.Debug|x86.ActiveCfg = Debug|Win32
		{A1439860-6BAA-4CF4-8EF1-1C1E5B043935}.Debug|x86.Build.0 = Debug|Win32
		{A1439860-6BAA-4CF4-8EF1-1C1E5B043935}.Release|x64.ActiveCfg = Release|x64
		{A1439860-6BAA-4CF4-8EF1-1C1E5B043935}.Release|x64.Build.0 = Release|x64
		{A1439860-6BAA-4CF4-8EF1-1C1E5B043935}.Release|x86.ActiveCfg = Release|Win32
		{A1439860-6BAA-4CF4-8EF1-1C1E5B043935}.Release|x86.Build.0 = Release|Win32
		{33C1279C-00E4-41AE-AD3B-C9AE8F5AE413}.Debug|x64.ActiveCfg = Debug|x64
		{33C1279C-00E4-41AE-AD3B-C9AE8F5AE413}.Debug|x64.Build.0 = Debug|x64
		{33C1279C-00E4-41AE-AD3B-C9AE8F5AE413}.Debug|x86.ActiveCfg = Debug|Win32
		{33C1279C-00E4-41AE-AD3B-C9AE8F5AE413}.Debug|x86.Build.0 = Debug|Win32
		{33C1279C-00E4-41AE-AD3B-C9AE8F5AE413}.Release|x64.ActiveCfg = Release|x64
		{33C1279C-00E4-41AE-AD3B-C9AE8F5AE413}.Release|x64.Build.0 = Release|x64
		{33C1279C-00E4-41AE-AD3B-C9AE8F5AE413}.Release|x86.ActiveCfg = Release|Win32
		{33C1279C-00E4-41AE-AD3B-C9AE8F5AE413}.Release|x86.Build.0 = Release|Win32
		{ADD05303-F960-4011-9074-BA48AA031072}.Debug|x64.ActiveCfg = Debug|x64
		{ADD05303-F960-4011-9074-BA48AA031072}.Debug|x64.Build.0 = Debug|x64
		{ADD05303-F960-4011-9074-BA48AA031072}.Debug|x86.ActiveCfg = Debug|Win32
		{ADD05303-F960-4011-9074-BA48AA031072}.Debug|x86.Build.0 = Debug|Win32
		{ADD05303-F960-4011-9074-BA48AA031072}.Release|x64.ActiveCfg = Release|x64
		{ADD05303-F960-4011-9074-BA48AA031072}.Release|x64.Build.0 = Release|x64
		{ADD05303-F960-4011-9074-BA48AA031072}.Release|x86.ActiveCfg = Release|Win32
		{ADD05303-F960-4011-9074-BA48AA031072}.Release|x86.Build.0 = Release|Win32
		{C492984B-56EA-462B-8A32-FE2FBEB07B76}.Debug|x64.ActiveCfg = Debug|x64
		{C492984B-56EA-462B-8A32-FE2FBEB07B76}.Debug|x64.Build.0 = Debug|x64
		{C492984B-56EA-462B-8A32-FE2FBEB07B76}.Debug|x86.ActiveCfg = Debug|Win32
		{C492984B-56EA-462B-8A32-FE2FBEB07B76}.Debug|x86.Build.0 = Debug|Win32
		{C492984B-56EA-462B-8A32-FE2FBEB07B76}.Release|x64.ActiveCfg = Release|x64
		{C492984B-56EA-462B-8A32-FE2FBEB07B76}.Release|x64.Build.0 = Release|x64
		{C492984B-56EA-462B-8A32-FE2FBEB07B76}.Release|x86.ActiveCfg = Release|Win32
		{C492984B-56EA-462B-8A32-FE2FBEB07B76}.Release|x86.Build.0 = Release|Win32
		{8340DF00-1D75-4B1E-A4F0-8C7A402B16C7}.Debug|x64.ActiveCfg = Debug|x64
		{8340DF00-1D75-4B1E-A4F0-8C7A402B16C7}.Debug|x64.Build.0 = Debug|x64
		{8340DF00-1D75-4B1E-A4F0-8C7A402B16C7}.Debug|x86.ActiveCfg = Debug|Win32
		{8340DF00-1D75-4B1E-A4F0-8C7A402B16C7}.Debug|x86.Build.0 = Debug|Win32
		{8340DF00-1D75-4B1E-A4F0-8C7A402B16C7}.Release|x64.ActiveCfg = Release|x64
		{8340DF00-1D75-4B1E-A4F0-8C7A402B16C7}.Release|x64.Build.0 = Release|x64
		{8340DF00-1D75-4B1E-A4F0-8C7A402B16C7}.Release|x86.ActiveCfg = Release|Win32
		{8340DF00-1D75-4B1E-A4F0-8C7A402B16C7}.Release|x86.Build.0 = Release|Win32
		{6C67D7E1-E417-4208-BE9D-3E16B7250CA9}.Debug|x64.ActiveCfg = Debug|x64
		{6C67D7E1-E417-4208-BE9D-3E16B7250CA9}.Debug|x64.Build.0 = Debug|x64
		{6C67D7E1-E417-4208-BE9D-3E16B7250CA9}.Debug|x86.ActiveCfg = Debug|Win32
		{6C67D7E1-E417-4208-BE9D-3E16B7250CA9}.Debug|x86.Build.0 = Debug|Win32
		{6C67D7E1-E417-4208-BE9D-3E16B7250CA9}.Release|x64.ActiveCfg = Release|x64
		{6C67D7E1-E417-4208-BE9D-3E16B7250CA9}.Release|x64.Build.0 = Release|x64
		{6C67D7E1-E417-4208-BE9D-3E16B7250CA9}.Release|x86.ActiveCfg = Release|Win32
		{6C67D7E1-E417-4208-BE9D-3E16B7250CA9}.Release|x86.Build.0 = Release|Win32
		{C513FDDB-F85C-4C70-B7EC-21213D8C6E7A}.Debug|x64.ActiveCfg = Debug|x64
		{C513FDDB-F85C-4C70-B7EC-21213D8C6E7A}.Debug|x64.Build.0 = Debug|x64
		{C513FDDB-F85C-4C70-B7EC-21213D8C6E7A}.Debug|x86.ActiveCfg = Debug|Win32
		{C513FDDB-F85C-4C70-B7EC-21213D8C6E7A}.Debug|x86.Build.0 = Debug|Win32
		{C513FDDB-F85C-4C70-B7EC-21213D8C6E7A}.Release|x64.ActiveCfg = Release|x64
		{C513FDDB-F85C-4C70-B7EC-21213D8C6E7A}.Release|x64.Build.0 = Release|x64
		{C513FDDB-F85C-4C70-B7EC-21213D8C6E7A}.Release|x86.ActiveCfg = Release|Win32
		{C513FDDB-F85C-4C70-B7EC-21213D8C6E7A}.Release|x86.Build.0 = Release|Win32
		{6EFDE252-D644-4F94-A3EA-0AFBCEE40203}.Debug|x64.ActiveCfg = Debug|x64
		{6EFDE252-D644-4F94-A3EA-0AFBCEE40203}.Debug|x64.Build.0 = Debug|x64
		{6EFDE252-D644-4F94-A3EA-0AFBCEE40203}.Debug|x86.ActiveCfg = Debug|Win32
		{6EFDE252-D644-4F94-A3EA-0AFBCEE40203}.Debug|x86.Build.0 = Debug|Win32
		{6EFDE252-D644-4F94-A3EA-0AFBCEE40203}.Release|x64.ActiveCfg = Release|x64
		{6EFDE252-D644-4F94-A3EA-0AFBCEE40203}.Release|x64.Build.0 = Release|x64
		{6EFDE252-D644-4F94-A3EA-0AFBCEE40203}.Release|x86.ActiveCfg = Release|Win32
		{6EFDE252-D644-4F94-A3EA-0AFBCEE40203}.Release|x86.Build.0 = Release|Win32
		{00933D8F-2045-492B-9A76-A68682F14EB8}.Debug|x64.ActiveCfg = Debug|x64
		{00933D8F-2045-492B-9A76-A68682F14EB8}.Debug|x64.Build.0 = Debug|x64
		{00933D8F-2045-492B-9A76-A68682F14EB8}.Debug|x86.ActiveCfg = Debug|Win32
		{00933D8F-2045-492B-9A76-A68682F14EB8}.Debug|x86.Build.0 = Debug|Win32
		{00933D8F-2045-492B-9A76-A68682F14EB8}.Release|x64.ActiveCfg = Release|x64
		{00933D8F-2045-492B-9A76-A68682F14EB8}.Release|x64.Build.0 = Release|x64
		{00933D8F-2045-492B-9A76-A68682F14EB8}.Release|x86.ActiveCfg = Release|Win32
		{00933D8F-2045-492B-9A76-A68682F14EB8}.Release|x86.Build.0 = Release|Win32
		{74ECCADB-D081-4D12-A993-A2C6FBD9B21D}.Debug|x64.ActiveCfg = Debug|x64
		{74ECCADB-D081-4D12-A993-A2C6FBD9B21D}.Debug|x64.Build.0 = Debug|x64
		{74ECCADB-D081-4D12-A993-A2C6FBD9B21D}.Debug|x86.ActiveCfg = Debug|Win32
		{74ECCADB-D081-4D12-A993-A2C6FBD9B21D}.Debug|x86.Build.0 = Debug|Win32
		{74ECCADB-D081-4D12-A993-A2C6FBD9B21D}.Release|x64.ActiveCfg = Release|x64
		{74ECCADB-D081-4D12-A993-A2C6FBD9B21D}.Release|x64.Build.0 = Release|x64
		{74ECCADB-D081-4D12-A993-A2C6FBD9B21D}.Release|x86.ActiveCfg = Release|Win32
		{74ECCADB-D081-4D12-A993-A2C6FBD9B21D}.Release|x86.Build.0 = Release|Win32
		{2E2C828B-404E-41C5-A48A-23610DBFDE89}.Debug|x64.ActiveCfg = Debug|x64
		{2E2C828B-404E-41C5-A48A-23610DBFDE89}.Debug|x64.Build.0 = Debug|x64
		{2E2C828B-404E-41C5-A48A-23610DBFDE89}.Debug|x86.ActiveCfg = Debug|Win32
		{2E2C828B-404E-41C5-A48A-23610DBFDE89}.Debug|x86.Build.0 = Debug|Win32
		{2E2C828B-404E-41C5-A48A-23610DBFDE89}.Release|x64.ActiveCfg = Release|x64
		{2E2C828B-404E-41C5-A48A-23610DBFDE89}.Release|x64.Build.0 = Release|x64
		{2E2C828B-404E-41C5-A48A-23610DBFDE89}.Release|x86.ActiveCfg = Release|Win32
		{2E2C828B-404E-41C5-A48A-23610DBFDE89}.Release|x86.Build.0 = Release|Win32
		{1DA9B4A6-338D-417C-ACEB-2925E6112B09}.Debug|x64.ActiveCfg = Debug|x64
		{1DA9B4A6-338D-417C-ACEB-2925E6112B09}.Debug|x64.Build.0 = Debug|x64
		{1DA9B4A6-338D-417C-ACEB-2925E6112B09}.Debug|x86.ActiveCfg = Debug|Win32
		{1DA9B4A6-338D-417C-ACEB-2925E6112B09}.Debug|x86.Build.0 = Debug|Win32
		{1DA9B4A6-338D-417C-ACEB-2925E6112B09}.Release|x64.ActiveCfg = Release|x64
		{1DA9B4A6-338D-417C-ACEB-2925E6112B09}.Release|x64.Build.0 = Release|x64
		{1DA9B4A6-338D-417C-ACEB-2925E6112B09}.Release|x86.ActiveCfg = Release|Win32
		{1DA9B4A6-338D-417C-ACEB-2925E6112B09}.Release|x86.Build.0 = Release|Win32
		{D661254D-5414-4148-AC6B-3B9BC5D8BC35}.Debug|x64.ActiveCfg = Debug|x64
		{D661254D-5414-4148-AC6B-3B9BC5D8BC35}.Debug|x64.Build.0 = Debug|x64
		{D661254D-5414-4148-AC6B-3B9BC5D8BC35}.Debug|x86.ActiveCfg = Debug|Win32
		{D661254D-5414-4148-AC6B-3B9BC5D8BC35}.Debug|x86.Build.0 = Debug|Win32
		{D661254D-5414-4148-AC6B-3B9BC5D8BC35}.Release|x64.ActiveCfg = Release|x64
		{D661254D-5414-4148-AC6B-3B9BC5D8BC35}.Release|x64.Build.0 = Release|x64
		{D661254D-5414-4148-AC6B-3B9BC5D8BC35}.Release|x86.ActiveCfg = Release|Win32
		{D661254D-5414-4148-AC6B-3B9BC5D8BC35}.Release|x86.Build.0 = Release|Win32
		{30E8CF8F-B4FD-45DB-ADF3-D59E12B4EF3B}.Debug|x64.ActiveCfg = Debug|x64
		{30E8CF8F-B4FD-45DB-ADF3-D59E12B4EF3B}.Debug|x64.Build.0 = Debug|x64
		{30E8CF8F-B4FD-45DB-ADF3-D59E12B4EF3B}.Debug|x86.ActiveCfg = Debug|Win32
		{30E8CF8F-B4FD-45DB-ADF3-D59E12B4EF3B}.Debug|x86.Build.0 = Debug|Win32
		{30E8CF8F-B4FD-45DB-ADF3-D59E12B4EF3B}.Release|x64.ActiveCfg = Release|x64
		{30E8CF8F-B4FD-45DB-ADF3-D59E12B4EF3B}.Release|x64.Build.0 = Release|x64
		{30E8CF8F-B4FD-45DB-ADF3-D59E12B4EF3B}.Release|x86.ActiveCfg = Release|Win32
		{30E8CF8F-B4FD-45DB-ADF3-D59E12B4EF3B}.Release|x86.Build.0 = Release|Win32
		{F5087CA5-306E-4ED5-8BAA-9EE51D784E7C}.Debug|x64.ActiveCfg = Debug|x64
		{F5087CA5-306E-4ED5-8BAA-9EE51D784E7C}.Debug|x64.Build.0 = Debug|x64
		{F5087CA5-306E-4ED5-8BAA-9EE51D784E7C}.Debug|x86.ActiveCfg = Debug|Win32
		{F5087CA5-306E-4ED5-8BAA-9EE51D784E7C}.Debug|x86.Build.0 = Debug|Win32
		{F5087CA5-306E-4ED5-8BAA-9EE51D784E7C}.Release|x64.ActiveCfg = Release|x64
		{F5087CA5-306E-4ED5-8BAA-9EE51D784E7C}.Release|x64.Build.0 = Release|x64
		{F5087CA5-306E-4ED5-8BAA-9EE51D784E7C}.Release|x86.ActiveCfg = Release|Win32
		{F5087CA5-306E-4ED5-8BAA-9EE51D784E7C}.Release|x86.Build.0 = Release|Win32
		{C608A317-6F6D-46B1-8239-628FACE70670}.Debug|x64.ActiveCfg = Debug|x64
		{C608A317-6F6D-46B1-8239-628FACE70670}.Debug|x64.Build.0 = Debug|x64
		{C608A317-6F6D-46B1-8239-628FACE70670}.Debug|x86.ActiveCfg = Debug|Win32
		{C608A317-6F6D-46B1-8239-628FACE70670}.Debug|x86.Build.0 = Debug|Win32
		{C608A317-6F6D-46B1-8239-628FACE70670}.Release|x64.ActiveCfg = Release|x64
		{C608A317-6F6D-46B1-8239-628FACE70670}.Release|x64.Build.0 = Release|x64
		{C608A317-6F6D-46B1-8239-628FACE70670}.Release|x86.ActiveCfg = Release|Win32
		{C608A317-6F6D-46B1-8239-628FACE70670}.Release|x86.Build.0 = Release|Win32
		{821DDD14-9689-4EB1-B43A-ECBE426C3DBB}.Debug|x64.ActiveCfg = Debug|x64
		{821DDD14-9689-4EB1-B43A-ECBE426C3DBB}.Debug|x64.Build.0 = Debug|x64
		{821DDD14-9689-4EB1-B43A-ECBE426C3DBB}.Debug|x86.ActiveCfg = Debug|Win32
		{821DDD14-9689-4EB1-B43A-ECBE426C3DBB}.Debug|x86.Build.0 = Debug|Win32
		{821DDD14-9689-4EB1-B43A-ECBE426C3DBB}.Release|x64.ActiveCfg = Release|x64
		{821DDD14-9689-4EB1-B43A-ECBE426C3DBB}.Release|x64.Build.0 = Release|x64
		{821DDD14-9689-4EB1-B43A-ECBE426C3DBB}.Release|x86.ActiveCfg = Release|Win32
		{821DDD14-9689-4EB1-B43A-ECBE426C3DBB}.Release|x86.Build.0 = Release|Win32
		{2E42C184-86F6-4D08-B230-901592E0BFCA}.Debug|x64.ActiveCfg = Debug|x64
		{2E42C184-86F6-4D08-B230-901592E0BFCA}.Debug|x64.Build.0 = Debug|x64
		{2E42C184-86F6-4D08-B230-901592E0BFCA}.Debug|x86.ActiveCfg = Debug|Win32
		{2E42C184-86F6-4D08-B230-901592E0BFCA}.Debug|x86.Build.0 = Debug|Win32
		{2E42C184-86F6-4D08-B230-901592E0BFCA}.Release|x64.ActiveCfg = Release|x64
		{2E42C184-86F6-4D08-B230-901592E0BFCA}.Release|x64.Build.0 = Release|x64
		{2E42C184-86F6-4D08-B230-901592E0BFCA}.Release|x86.ActiveCfg = Release|Win32
		{2E42C184-86F6-4D08-B230-901592E0BFCA}.Release|x86.Build.0 = Release|Win32
		{3C9A198F-CC6E-4947-B8FA-BD301F271A80}.Debug|x64.ActiveCfg = Debug|x64
		{3C9A198F-CC6E-4947-B8FA-BD301F271A80}.Debug|x64.Build.0 = Debug|x64
		{3C9A198F-CC6E-4947-B8FA-BD301F271A80}.Debug|x86.ActiveCfg = Debug|Win32
		{3C9A198F-CC6E-4947-B8FA-BD301F271A80}.Debug|x86.Build.0 = Debug|Win32
		{3C9A198F-CC6E-4947-B8FA-BD301F271A80}.Release|x64.ActiveCfg = Release|x64
		{3C9A198F-CC6E-4947-B8FA-BD301F271A80}.Release|x64.Build.0 = Release|x64
		{3C9A198F-CC6E-4947-B8FA-BD301F271A80}.Release|x86.ActiveCfg = Release|Win32
		{3C9A198F-CC6E-4947-B8FA-BD301F271A80}.Release|x86.Build.0 = Release|Win32
		{6A01DA78-CEEF-4FE0-B4E5-49C991334F6D}.Debug|x64.ActiveCfg = Debug|x64
		{6A01DA78-CEEF-4FE0-B4E5-49C991334F6D}.Debug|x64.Build.0 = Debug|x64
		{6A01DA78-CEEF-4FE0-B4E5-49C991334F6D}.Debug|x86.ActiveCfg = Debug|Win32
		{6A01DA78-CEEF-4FE0-B4E5-49C991334F6D}.Debug|x86.Build.0 = Debug|Win32
		{6A01DA78-CEEF-4FE0-B4E5-49C991334F6D}.Release|x64.ActiveCfg = Release|x64
		{6A01DA78-CEEF-4FE0-B4E5-49C991334F6D}.Release|x64.Build.0 = Release|x64
		{6A01DA78-CEEF-4FE0-B4E5-49C991334F6D}.Release|x86.ActiveCfg = Release|Win32
		{6A01DA78-CEEF-4FE0-B4E5-49C991334F6D}.Release|x86.Build.0 = Release|Win32
		{F9B3F6C6-7A86-4EE1-B379-08FC183C3096}.Debug|x64.ActiveCfg = Debug|x64
		{F9B3F6C6-7A86-4EE1-B379-08FC183C3096}.Debug|x64.Build.0 = Debug|x64
		{F9B3F6C6-7A86-4EE1-B379-08FC183C3096}.Debug|x86.ActiveCfg = Debug|Win32
		{F9B3F6C6-7A86-4EE1-B379-08FC183C3096}.Debug|x86.Build.0 = Debug|Win32
		{F9B3F6C6-7A86-4EE1-B379-08FC183C3096}.Release|x64.ActiveCfg = Release|x64
		{F9B3F6C6-7A86-4EE1-B379-08FC183C3096}.Release|x64.Build.0 = Release|x64
		{F9B3F6C6-7A86-4EE1-B379-08FC183C3096}.Release|x86.ActiveCfg = Release|Win32
		{F9B3F6C6-7A86-4EE1-B379-08FC183C3096}.Release|x86.Build.0 = Release|Win32
		{0939EF5B-E49F-4FCF-8EA6-136FCD602CD5}.Debug|x64.ActiveCfg = Debug|x64
		{0939EF5B-E49F-4FCF-8EA6-136FCD602CD5}.Debug|x64.Build.0 = Debug|x64
		{0939EF5B-E49F-4FCF-8EA6-136FCD602CD5}.Debug|x86.ActiveCfg = Debug|Win32
		{0939EF5B-E49F-4FCF-8EA6-136FCD602CD5}.Debug|x86.Build.0 = Debug|Win32
		{0939EF5B-E49F-4FCF-8EA6-136FCD602CD5}.Release|x64.ActiveCfg = Release|x64
		{0939EF5B-E49F-4FCF-8EA6-136FCD602CD5}.Release|x64.Build.0 = Release|x64
		{0939EF5B-E49F-4FCF-8EA6-136FCD602CD5}.Release|x86.ActiveCfg = Release|Win32
		{0939EF5B-E49F-4FCF-8EA6-136FCD602CD5}.Release|x86.Build.0 = Release|Win32
		{DB234CEF-F964-49AD-95E1-2D8B1B37788B}.Debug|x64.ActiveCfg = Debug|x64
		{DB234CEF-F964-49AD-95E1-2D8B1B37788B}.Debug|x64.Build.0 = Debug|x64
		{DB234CEF-F964-49AD-95E1-2D8B1B37788B}.Debug|x86.ActiveCfg = Debug|Win32
		{DB234CEF-F964-49AD-95E1-2D8B1B37788B}.Debug|x86.Build.0 = Debug|Win32
		{DB234CEF-F964-49AD-95E1-2D8B1B37788B}.Release|x64.ActiveCfg = Release|x64
		{DB234CEF-F964-49AD-95E1-2D8B1B37788B}.Release|x64.Build.0 = Release|x64
		{DB234CEF-F964-49AD-95E1-2D8B1B37788B}.Release|x86.ActiveCfg = Release|Win32
		{DB234CEF-F964-49AD-95E1-2D8B1B37788B}.Release|x86.Build.0 = Release|Win32
		{F6BFCD62-1EF6-4BEC-BF20-3B5BAEF3B055}.Debug|x64.ActiveCfg = Debug|x64
		{F6BFCD62-1EF6-4BEC-BF20-3B5BAEF3B055}.Debug|x64.Build.0 = Debug|x64
		{F6BFCD62-1EF6-4BEC-BF20-3B5BAEF3B055}.Debug|x86.ActiveCfg = Debug|Win32
		{F6BFCD62-1EF6-4BEC-BF20-3B5BAEF3B055}.Debug|x86.Build.0 = Debug|Win32
		{F6BFCD62-1EF6-4BEC-BF20-3B5BAEF3B055}.Release|x64.ActiveCfg = Release|x64
		{F6BFCD62-1EF6-4BEC-BF20-3B5BAEF3B055}.Release|x64.Build.0 = Release|x64
		{F6BFCD62-1EF6-4BEC-BF20-3B5BAEF3B055}.Release|x86.ActiveCfg = Release|Win32
		{F6BFCD62-1EF6-4BEC-BF20-3B5BAEF3B055}.Release|x86.Build.0 = Release|Win32
		{F2257698-2646-49E5-97BA-023C2BEDA895}.Debug|x64.ActiveCfg = Debug|x64
		{F2257698-2646-49E5-97BA-023C2BEDA895}.Debug|x64.Build.0 = Debug|x64
		{F2257698-2646-49E5-97BA-023C2BEDA895}.Debug|x86.ActiveCfg = Debug|Win32
		{F2257698-2646-49E5-97BA-023C2BEDA895}.Debug|x86.Build.0 = Debug|Win32
		{F2257698-2646-49E5-97BA-023C2BEDA895}.Release|x64.ActiveCfg = Release|x64
		{F2257698-2646-49E5-97BA-023C2BEDA895}.Release|x64.Build.0 = Release|x64
		{F2257698-2646-49E5-97BA-023C2BEDA895}.Release|x86.ActiveCfg = Release|Win32
		{F2257698-2646-49E5-97BA-023C2BEDA895}.Release|x86.Build.0 = Release|Win32
		{6FF28B51-E942-412E-BBCE-0189E446A2FE}.Debug|x64.ActiveCfg = Debug|x64
		{6FF28B51-E942-412E-BBCE-0189E446A2FE}.Debug|x64.Build.0 = Debug|x64
		{6FF28B51-E942-412E-BBCE-0189E446A2FE}.Debug|x86.ActiveCfg = Debug|Win32
		{6FF28B51-E942-412E-BBCE-0189E446A2FE}.Debug|x86.Build.0 = Debug|Win32
		{6FF28B51-E942-412E-BBCE-0189E446A2FE}.Release|x64.ActiveCfg = Release|x64
		{6FF28B51-E942-412E-BBCE-0189E446A2FE}.Release|x64.Build.0 = Release|x64
		{6FF28B51-E942-412E-BBCE-0189E446A2FE}.Release|x86.ActiveCfg = Release|Win32
		{6FF28B51-E942-412E-BBCE-0189E446A2FE}.Release|x86.Build.0 = Release|Win32
		{643ADDF0-F6B7-43F6-AD1C-A5FDE583CF43}.Debug|x64.ActiveCfg = Debug|x64
		{643ADDF0-F6B7-43F6-AD1C-A5FDE583CF43}.Debug|x64.Build.0 = Debug|x64
		{643ADDF0-F6B7-43F6-AD1C-A5FDE583CF43}.Debug|x86.ActiveCfg = Debug|Win32
		{643ADDF0-F6B7-43F6-AD1C-A5FDE583CF43}.Debug|x86.Build.0 = Debug|Win32
		{643ADDF0-F6B7-43F6-AD1C-A5FDE583CF43}.Release|x64.ActiveCfg = Release|x64
		{643ADDF0-F6B7-43F6-AD1C-A5FDE583CF43}.Release|x64.Build.0 = Release|x64
		{643ADDF0-F6B7-43F6-AD1C-A5FDE583CF43}.Release|x86.ActiveCfg = Release|Win32
		{643ADDF0-F6B7-43F6-AD1C-A5FDE583CF43}.Release|x86.Build.0 = Release|Win32
		{8BDE0BA8-1AA3-4FC6-BC05-EBE2677B933C}.Debug|x64.ActiveCfg = Debug|x64
		{8BDE0BA8-1AA3-4FC6-BC05-EBE2677B933C}.Debug|x64.Build.0 = Debug|x64
		{8BDE0BA8-1AA3-4FC6-BC05-EBE2677B933C}.Debug|x86.ActiveCfg = Debug|Win32
		{8BDE0BA8-1AA3-4FC6-BC05-EBE2677B933C}.Debug|x86.Build.0 = Debug|Win32
		{8BDE0BA8-1AA3-4FC6-BC05-EBE2677B933C}.Release|x64.ActiveCfg = Release|x64
		{8BDE0BA8-1AA3-4FC6-BC05-EBE2677B933C}.Release|x64.Build.0 = Release|x64
		{8BDE0BA8-1AA3-4FC6-BC05-EBE2677B933C}.Release|x86.ActiveCfg = Release|Win32
		{8BDE0BA8-1AA3-4FC6-BC05-EBE2677B933C}.Release|x86.Build.0 = Release|Win32
		{9BEF52D7-630C-4E51-B4FD-312EAC367CEF}.Debug|x64.ActiveCfg = Debug|x64
		{9BEF52D7-630C-4E51-B4FD-312EAC367CEF}.Debug|x64.Build.0 = Debug|x64
		{9BEF52D7-630C-4E51-B4FD-312EAC367CEF}.Debug|x86.ActiveCfg = Debug|Win32
		{9BEF52D7-630C-4E51-B4FD-312EAC367CEF}.Debug|x86.Build.0 = Debug|Win32
		{9BEF52D7-630C-4E51-B4FD-312EAC367CEF}.Release|x64.ActiveCfg = Release|x64
		{9BEF52D7-630C-4E51-B4FD-312EAC367CEF}.Release|x64.Build.0 = Release|x64
		{9BEF52D7-630C-4E51-B4FD-312EAC367CEF}.Release|x86.ActiveCfg = Release|Win32
		{9BEF52D7-630C-4E51-B4FD-312EAC367CEF}.Release|x86.Build.0 = Release|Win32
		{D249A3E4-AA1A-401E-BD41-446E98CB7497}.Debug|x64.ActiveCfg = Debug|x64
		{D249A3E4-AA1A-401E-BD41-446E98CB7497}.Debug|x64.Build.0 = Debug|x64
		{D249A3E4-AA1A-401E-BD41-446E98CB7497}.Debug|x86.ActiveCfg = Debug|Win32
		{D249A3E4-AA1A-401E-BD41-446E98CB7497}.Debug|x86.Build.0 = Debug|Win32
		{D249A3E4-AA1A-401E-BD41-446E98CB7497}.Release|x64.ActiveCfg = Release|x64
		{D249A3E4-AA1A-401E-BD41-446E98CB7497}.Release|x64.Build.0 = Release|x64
		{D249A3E4-AA1A-401E-BD41-446E98CB7497}.Release|x86.ActiveCfg = Release|Win32
		{D249A3E4-AA1A-401E-BD41-446E98CB7497}.Release|x86.Build.0 = Release|Win32
		{FC462948-09D5-42F0-BF4D-7E860871E133}.Debug|x64.ActiveCfg = Debug|x64
		{FC462948-09D5-42F0-BF4D-7E860871E133}.Debug|x64.Build.0 = Debug|x64
		{FC462948-09D5-42F0-BF4D-7E860871E133}.Debug|x86.ActiveCfg = Debug|Win32
		{FC462948-09D5-42F0-BF4D-7E860871E133}.Debug|x86.Build.0 = Debug|Win32
		{FC462948-09D5-42F0-BF4D-7E860871E133}.Release|x64.ActiveCfg = Release|x64
		{FC462948-09D5-42F0-BF4D-7E860871E133}.Release|x64.Build.0 = Release|x64
		{FC462948-09D5-42F0-BF4D-7E860871E133}.Release|x86.ActiveCfg = Release|Win32
		{FC462948-09D5-42F0-BF4D-7E860871E133}.Release|x86.Build.0 = Release|Win32
		{1576B5E3-E252-4340-A051-AF94A385C9F2}.Debug|x64.ActiveCfg = Debug|x64
		{1576B5E3-E252-4340-A051-AF94A385C9F2}.Debug|x64.Build.0 = Debug|x64
		{1576B5E3-E252-4340-A051-AF94A385C9F2}.Debug|x86.ActiveCfg = Debug|Win32
		{1576B5E3-E252-4340-A051-AF94A385C9F2}.Debug|x86.Build.0 = Debug|Win32
		{1576B5E3-E252-4340-A051-AF94A385C9F2}.Release|x64.ActiveCfg = Release|x64
		{1576B5E3-E252-4340-A051-AF94A385C9F2}.Release|x64.Build.0 = Release|x64
		{1576B5E3-E252-4340-A051-AF94A385C9F2}.Release|x86.ActiveCfg = Release|Win32
		{1576B5E3-E252-4340-A051-AF94A385C9F2}.Release|x86.Build.0 = Release|Win32
		{C5A8FC17-40F6-4016-8C9D-724B34BA732A}.Debug|x64.ActiveCfg = Debug|x64
		{C5A8FC17-40F6-4016-8C9D-724B34BA732A}.Debug|x64.Build.0 = Debug|x64
		{C5A8FC17-40F6-4016-8C9D-724B34BA732A}.Debug|x86.ActiveCfg = Debug|Win32
		{C5A8FC17-40F6-4016-8C9D-724B34BA732A}.Debug|x86.Build.0 = Debug|Win32
		{C5A8FC17-40F6-4016-8C9D-724B34BA732A}.Release|x64.ActiveCfg = Release|x64
		{C5A8FC17-40F6-4016-8C9D-724B34BA732A}.Release|x64.Build.0 = Release|x64
		{C5A8FC17-40F6-4016-8C9D-724B34BA732A}.Release|x86.ActiveCfg = Release|Win32
		{C5A8FC17-40F6-4016-8C9D-724B34BA732A}.Release|x86.Build.0 = Release|Win32
		{49292170-D937-47D4-8CFF-388B25475A81}.Debug|x64.ActiveCfg = Debug|x64
		{49292170-D937-47D4-8CFF-388B25475A81}.Debug|x64.Build.0 = Debug|x64
		{49292170-D937-47D4-8CFF-388B25475A81}.Debug|x86.ActiveCfg = Debug|Win32
		{49292170-D937-47D4-8CFF-388B25475A81}.Debug|x86.Build.0 = Debug|Win32
		{49292170-D937-47D4-8CFF-388B25475A81}.Release|x64.ActiveCfg = Release|x64
		{49292170-D937-47D4-8CFF-388B25475A81}.Release|x64.Build.0 = Release|x64
		{49292170-D937-47D4-8CFF-388B25475A81}.Release|x86.ActiveCfg = Release|Win32
		{49292170-D937-47D4-8CFF-388B25475A81}.Release|x86.Build.0 = Release|Win32
		{02FC9C67-D68C-4076-8BDB-EA0186EA0CDB}.Debug|x64.ActiveCfg = Debug|x64
		{02FC9C67-D68C-4076-8BDB-EA0186EA0CDB}.Debug|x64.Build.0 = Debug|x64
		{02FC9C67-D68C-4076-8BDB-EA0186EA0CDB}.Debug|x86.ActiveCfg = Debug|Win32
		{02FC9C67-D68C-4076-8BDB-EA0186EA0CDB}.Debug|x86.Build.0 = Debug|Win32
		{02FC9C67-D68C-4076-8BDB-EA0186EA0CDB}.Release|x64.ActiveCfg = Release|x64
		{02FC9C67-D68C-4076-8BDB-EA0186EA0CDB}.Release|x64.Build.0 = Release|x64
		{02FC9C67-D68C-4076-8BDB-EA0186EA0CDB}.Release|x86.ActiveCfg = Release|Win32
		{02FC9C67-D68C-4076-8BDB-EA0186EA0CDB}.Release|x86.Build.0 = Release|Win32
		{8C40934C-BDEA-49D3-9C9A-19A6D3B963D7}.Debug|x64.ActiveCfg = Debug|x64
		{8C40934C-BDEA-49D3-9C9A-19A6D3B963D7}.Debug|x64.Build.0 = Debug|x64
		{8C40934C-BDEA-49D3-9C9A-19A6D3B963D7}.Debug|x86.ActiveCfg = Debug|Win32
		{8C40934C-BDEA-49D3-9C9A-19A6D3B963D7}.Debug|x86.Build.0 = Debug|Win32
		{8C40934C-BDEA-49D3-9C9A-19A6D3B963D7}.Release|x64.ActiveCfg = Release|x64
		{8C40934C-BDEA-49D3-9C9A-19A6D3B963D7}.Release|x64.Build.0 = Release|x64
		{8C40934C-BDEA-49D3-9C9A-19A6D3B963D7}.Release|x86.ActiveCfg = Release|Win32
		{8C40934C-BDEA-49D3-9C9A-19A6D3B963D7}.Release|x86.Build.0 = Release|Win32
		{940FA41E-24A6-4788-971D-1B886F0810B5}.Debug|x64.ActiveCfg = Debug|x64
		{940FA41E-24A6-4788-971D-1B886F0810B5}.Debug|x64.Build.0 = Debug|x64
		{940FA41E-24A6-4788-971D-1B886F0810B5}.Debug|x86.ActiveCfg = Debug|Win32
		{940FA41E-24A6-4788-971D-1B886F0810B5}.Debug|x86.Build.0 = Debug|Win32
		{940FA41E-24A6-4788-971D-1B886F0810B5}.Release|x64.ActiveCfg = Release|x64
		{940FA41E-24A6-4788-971D-1B886F0810B5}.Release|x64.Build.0 = Release|x64
		{940FA41E-24A6-4788-971D-1B886F0810B5}.Release|x86.ActiveCfg = Release|Win32
		{940FA41E-24A6-4788-971D-1B886F0810B5}.Release|x86.Build.0 = Release|Win32
		{AD62A311-D6E7-4DE8-9307-C93ACC62F633}.Debug|x64.ActiveCfg = Debug|x64
		{AD62A311-D6E7-4DE8-9307-C93ACC62F633}.Debug|x64.Build.0 = Debug|x64
		{AD62A311-D6E7-4DE8-9307-C93ACC62F633}.Debug|x86.ActiveCfg = Debug|Win32
		{AD62A311-D6E7-4DE8-9307-C93ACC62F633}.Debug|x86.Build.0 = Debug|Win32
		{AD62A311-D6E7-4DE8-9307-C93ACC62F633}.Release|x64.ActiveCfg = Release|x64
		{AD62A311-D6E7-4DE8-9307-C93ACC62F633}.Release|x64.Build.0 = Release|x64
		{AD62A311-D6E7-4DE8-9307-C93ACC62F633}.Release|x86.ActiveCfg = Release|Win32
		{AD62A311-D6E7-4DE8-9307-C93ACC62F633}.Release|x86.Build.0 = Release|Win32
		{FFDB07BD-D7CC-4D4D-A739-FEEB81C355C8}.Debug|x64.ActiveCfg = Debug|x64
		{FFDB07BD-D7CC-4D4D-A739-FEEB81C355C8}.Debug|x64.Build.0 = Debug|x64
		{FFDB07BD-D7CC-4D4D-A739-FEEB81C355C8}.Debug|x86.ActiveCfg = Debug|Win32
		{FFDB07BD-D7CC-4D4D-A739-FEEB81C355C8}.Debug|x86.Build.0 = Debug|Win32
		{FFDB07BD-D7CC-4D4D-A739-FEEB81C355C8}.Release|x64.ActiveCfg = Release|x64
		{FFDB07BD-D7CC-4D4D-A739-FEEB81C355C8}.Release|x64.Build.0 = Release|x64
		{FFDB07BD-D7CC-4D4D-A739-FEEB81C355C8}.Release|x86.ActiveCfg = Release|Win32
		{FFDB07BD-D7CC-4D4D-A739-FEEB81C355C8}.Release|x86.Build.0 = Release|Win32
		{32DBF5E2-C8CB-45B8-A88C-A7B20789448C}.Debug|x64.ActiveCfg = Debug|x64
		{32DBF5E2-C8CB-45B8-A88C-A7B20789448C}.Debug|x64.Build.0 = Debug|x64
		{32DBF5E2-C8CB-45B8-A88C-A7B20789448C}.Debug|x86.ActiveCfg = Debug|Win32
		{32DBF5E2-C8CB-45B8-A88C-A7B20789448C}.Debug|x86.Build.0 = Debug|Win32
		{32DBF5E2-C8CB-45B8-A88C-A7B20789448C}.Release|x64.ActiveCfg = Release|x64
		{32DBF5E2-C8CB-45B8-A88C-A7B20789448C}.Release|x64.Build.0 = Release|x64
		{32DBF5E2-C8CB-45B8-A88C-A7B20789448C}.Release|x86.ActiveCfg = Release|Win32
		{32DBF5E2-C8CB-45B8-A88C-A7B20789448C}.Release|x86.Build.0 = Release|Win32
		{AE80513F-6146-423C-ADDD-52F0E4EC8272}.Debug|x64.ActiveCfg = Debug|x64
		{AE80513F-6146-423C-ADDD-52F0E4EC8272}.Debug|x64.Build.0 = Debug|x64
		{AE80513F-6146-423C-ADDD-52F0E4EC8272}.Debug|x86.ActiveCfg = Debug|Win32
		{AE80513F-6146-423C-ADDD-52F0E4EC8272}.Debug|x86.Build.0 = Debug|Win32
		{AE80513F-6146-423C-ADDD-52F0E4EC8272}.Release|x64.ActiveCfg = Release|x64
		{AE80513F-6146-423C-ADDD-52F0E4EC8272}.Release|x64.Build.0 = Release|x64
		{AE80513F-6146-423C-ADDD-52F0E4EC8272}.Release|x86.ActiveCfg = Release|Win32
		{AE80513F-6146-423C-ADDD-52F0E4EC8272}.Release|x86.Build.0 = Release|Win32
	EndGlobalSection
	GlobalSection(SolutionProperties) = preSolution
		HideSolutionNode = FALSE
	EndGlobalSection
	GlobalSection(ExtensibilityGlobals) = postSolution
		SolutionGuid = {C3630916-8CAC-4508-A65D-C6BB0E269C93}
	EndGlobalSection
EndGlobal
