
Microsoft Visual Studio Solution File, Format Version 12.00
# Visual Studio 15
VisualStudioVersion = 15.0.28307.271
MinimumVisualStudioVersion = 10.0.40219.1
Project("{8BC9CEB8-8B4A-11D0-8D11-00A0C91BC942}") = "A-1001", "1001.A+B Format\1001.A+B Format.vcxproj", "{BB0AD2CF-35B5-43A7-A3D2-26B0C1BC8D7B}"
EndProject
Project("{8BC9CEB8-8B4A-11D0-8D11-00A0C91BC942}") = "A-1002", "1002 A+B for Polynomials\1002 A+B for Polynomials.vcxproj", "{4676168B-65B6-4DB3-930F-4E5059E58DC6}"
EndProject
Project("{8BC9CEB8-8B4A-11D0-8D11-00A0C91BC942}") = "A-1003", "A-1003\A-1003.vcxproj", "{1B972A27-8077-4E4F-9D9A-3A9970A636A1}"
EndProject
Project("{8BC9CEB8-8B4A-11D0-8D11-00A0C91BC942}") = "A-1013", "A-1013\A-1013.vcxproj", "{E8C8801B-36AF-4929-8665-96C25E0C5A4F}"
EndProject
Project("{8BC9CEB8-8B4A-11D0-8D11-00A0C91BC942}") = "A-1018", "A-1018\A-1018.vcxproj", "{39C401F2-5B85-42E6-9A85-55D883FCDAD1}"
EndProject
Project("{8BC9CEB8-8B4A-11D0-8D11-00A0C91BC942}") = "A-1004", "A-1004\A-1004.vcxproj", "{C282C937-746E-4BE6-A99D-CD2D6DB7A8BD}"
EndProject
Project("{8BC9CEB8-8B4A-11D0-8D11-00A0C91BC942}") = "A-1005", "A-1005\A-1005.vcxproj", "{E35163CE-3223-4F85-8C21-A30636B9CA5C}"
EndProject
Project("{8BC9CEB8-8B4A-11D0-8D11-00A0C91BC942}") = "A-1006", "A-1006\A-1006.vcxproj", "{1CDC8BEE-9000-4067-9221-E963D0BA4FA0}"
EndProject
Project("{8BC9CEB8-8B4A-11D0-8D11-00A0C91BC942}") = "A-1007", "A-1007\A-1007.vcxproj", "{704C8B5E-2BA1-436F-A2CD-4BEC467C7D8C}"
EndProject
Project("{8BC9CEB8-8B4A-11D0-8D11-00A0C91BC942}") = "A-1008", "A-1008\A-1008.vcxproj", "{2BF75D08-76AF-45FE-8A15-4DC4C644282C}"
EndProject
Project("{8BC9CEB8-8B4A-11D0-8D11-00A0C91BC942}") = "A-1009", "A-1009\A-1009.vcxproj", "{E133C5E8-4E09-4704-A5DE-7E09487343B3}"
EndProject
Project("{8BC9CEB8-8B4A-11D0-8D11-00A0C91BC942}") = "A-1010", "A-1010\A-1010.vcxproj", "{8510163B-F3FD-4595-BA3F-9E24395B0C70}"
EndProject
Project("{8BC9CEB8-8B4A-11D0-8D11-00A0C91BC942}") = "A-1011", "A1011\A1011.vcxproj", "{1E97028A-DA24-4BF3-BE1B-3E1F807AB728}"
EndProject
Project("{8BC9CEB8-8B4A-11D0-8D11-00A0C91BC942}") = "A-1012", "A-1012\A-1012.vcxproj", "{D6E0C703-A790-4E95-A15A-2037C651AF53}"
EndProject
Project("{8BC9CEB8-8B4A-11D0-8D11-00A0C91BC942}") = "A-1014", "A-1014\A-1014.vcxproj", "{95AC310E-435D-4A90-8AE2-7863BF39864B}"
EndProject
Project("{8BC9CEB8-8B4A-11D0-8D11-00A0C91BC942}") = "A-1015", "A-1015\A-1015.vcxproj", "{AE2CF6E3-25BF-4865-BDB5-8D23F06BD91E}"
EndProject
Project("{8BC9CEB8-8B4A-11D0-8D11-00A0C91BC942}") = "A-1016", "A-1016\A-1016.vcxproj", "{6375AEBA-9B44-4A64-AE69-2397B87BEAA8}"
EndProject
Project("{8BC9CEB8-8B4A-11D0-8D11-00A0C91BC942}") = "A-1017", "A-1017\A-1017.vcxproj", "{055B9660-C895-4F44-9E23-C29C6EC92F94}"
EndProject
Project("{8BC9CEB8-8B4A-11D0-8D11-00A0C91BC942}") = "A-1019", "A-1019\A-1019.vcxproj", "{64322230-EAB9-4EE2-BCBB-F1F6F79E3E42}"
EndProject
Project("{8BC9CEB8-8B4A-11D0-8D11-00A0C91BC942}") = "A-1020", "A-1020\A-1020.vcxproj", "{ADF09FC5-930A-4765-98DA-F30535FEE4B8}"
EndProject
Project("{8BC9CEB8-8B4A-11D0-8D11-00A0C91BC942}") = "A-1021", "A-1021\A-1021.vcxproj", "{C24A438B-C52C-459E-B195-606C16976970}"
EndProject
Project("{8BC9CEB8-8B4A-11D0-8D11-00A0C91BC942}") = "A-1022", "A-1022\A-1022.vcxproj", "{CF8AA983-1D10-41B7-AB54-D3560CA75B72}"
EndProject
Project("{8BC9CEB8-8B4A-11D0-8D11-00A0C91BC942}") = "A-1023", "A-1023\A-1023.vcxproj", "{A73E41C3-73B4-4D45-976D-D7FB4D075356}"
EndProject
Project("{8BC9CEB8-8B4A-11D0-8D11-00A0C91BC942}") = "A-1024", "A-1024\A-1024.vcxproj", "{12E45DAC-9AEA-477A-AF57-62D9A7D0D409}"
EndProject
Project("{8BC9CEB8-8B4A-11D0-8D11-00A0C91BC942}") = "A-1025", "A-1025\A-1025.vcxproj", "{0BE6B17F-45A0-410C-BEA0-C3BD16E9AD88}"
EndProject
Project("{8BC9CEB8-8B4A-11D0-8D11-00A0C91BC942}") = "A-1027", "A-1027\A-1027.vcxproj", "{B2144B8F-75C3-4B22-9471-AAAF99E49C74}"
EndProject
Project("{8BC9CEB8-8B4A-11D0-8D11-00A0C91BC942}") = "A-1028", "A-1028\A-1028.vcxproj", "{412222E8-0168-40B6-B182-71C45C57C4D0}"
EndProject
Project("{8BC9CEB8-8B4A-11D0-8D11-00A0C91BC942}") = "A-1029", "A-1029\A-1029.vcxproj", "{DD1B0E18-80A7-4C4B-8BB2-17844B5B3938}"
EndProject
Project("{8BC9CEB8-8B4A-11D0-8D11-00A0C91BC942}") = "A-1030", "A-1030\A-1030.vcxproj", "{6E76598A-C1BD-4B11-A70B-9BE55B3B530D}"
EndProject
Project("{8BC9CEB8-8B4A-11D0-8D11-00A0C91BC942}") = "A-1031", "A-1031\A-1031.vcxproj", "{D3EB8834-0C35-4DE8-99DC-912454AD3FFE}"
EndProject
Project("{8BC9CEB8-8B4A-11D0-8D11-00A0C91BC942}") = "A-1032", "A-1032\A-1032.vcxproj", "{19B50DAB-566B-4966-AD9C-E1DC6568E74A}"
EndProject
Project("{8BC9CEB8-8B4A-11D0-8D11-00A0C91BC942}") = "A-1033", "A-1033\A-1033.vcxproj", "{0BCE8492-D412-4BC7-960B-1D7BEDB94384}"
EndProject
Project("{8BC9CEB8-8B4A-11D0-8D11-00A0C91BC942}") = "A-1034", "A-1034\A-1034.vcxproj", "{A50B3C1A-282F-4A4B-AE6D-B0C6FA4B42BF}"
EndProject
Project("{8BC9CEB8-8B4A-11D0-8D11-00A0C91BC942}") = "A-1035", "A-1035\A-1035.vcxproj", "{83EF2C65-D163-4DE5-BCB4-D512BD308C08}"
EndProject
Project("{8BC9CEB8-8B4A-11D0-8D11-00A0C91BC942}") = "A-1036", "A-1036\A-1036.vcxproj", "{239AEF15-DAD7-41F0-ABAB-AD90C6CBB786}"
EndProject
Project("{8BC9CEB8-8B4A-11D0-8D11-00A0C91BC942}") = "A-1037", "A-1037\A-1037.vcxproj", "{E78B4698-9C50-476A-B5DF-E91DE49BF301}"
EndProject
Project("{8BC9CEB8-8B4A-11D0-8D11-00A0C91BC942}") = "A-1038", "A-1038\A-1038.vcxproj", "{FAA199B5-9417-48AD-926B-26FEE89258B2}"
EndProject
Global
	GlobalSection(SolutionConfigurationPlatforms) = preSolution
		Debug|x64 = Debug|x64
		Debug|x86 = Debug|x86
		Release|x64 = Release|x64
		Release|x86 = Release|x86
	EndGlobalSection
	GlobalSection(ProjectConfigurationPlatforms) = postSolution
		{BB0AD2CF-35B5-43A7-A3D2-26B0C1BC8D7B}.Debug|x64.ActiveCfg = Debug|x64
		{BB0AD2CF-35B5-43A7-A3D2-26B0C1BC8D7B}.Debug|x64.Build.0 = Debug|x64
		{BB0AD2CF-35B5-43A7-A3D2-26B0C1BC8D7B}.Debug|x86.ActiveCfg = Debug|Win32
		{BB0AD2CF-35B5-43A7-A3D2-26B0C1BC8D7B}.Debug|x86.Build.0 = Debug|Win32
		{BB0AD2CF-35B5-43A7-A3D2-26B0C1BC8D7B}.Release|x64.ActiveCfg = Release|x64
		{BB0AD2CF-35B5-43A7-A3D2-26B0C1BC8D7B}.Release|x64.Build.0 = Release|x64
		{BB0AD2CF-35B5-43A7-A3D2-26B0C1BC8D7B}.Release|x86.ActiveCfg = Release|Win32
		{BB0AD2CF-35B5-43A7-A3D2-26B0C1BC8D7B}.Release|x86.Build.0 = Release|Win32
		{4676168B-65B6-4DB3-930F-4E5059E58DC6}.Debug|x64.ActiveCfg = Debug|x64
		{4676168B-65B6-4DB3-930F-4E5059E58DC6}.Debug|x64.Build.0 = Debug|x64
		{4676168B-65B6-4DB3-930F-4E5059E58DC6}.Debug|x86.ActiveCfg = Debug|Win32
		{4676168B-65B6-4DB3-930F-4E5059E58DC6}.Debug|x86.Build.0 = Debug|Win32
		{4676168B-65B6-4DB3-930F-4E5059E58DC6}.Release|x64.ActiveCfg = Release|x64
		{4676168B-65B6-4DB3-930F-4E5059E58DC6}.Release|x64.Build.0 = Release|x64
		{4676168B-65B6-4DB3-930F-4E5059E58DC6}.Release|x86.ActiveCfg = Release|Win32
		{4676168B-65B6-4DB3-930F-4E5059E58DC6}.Release|x86.Build.0 = Release|Win32
		{1B972A27-8077-4E4F-9D9A-3A9970A636A1}.Debug|x64.ActiveCfg = Debug|x64
		{1B972A27-8077-4E4F-9D9A-3A9970A636A1}.Debug|x64.Build.0 = Debug|x64
		{1B972A27-8077-4E4F-9D9A-3A9970A636A1}.Debug|x86.ActiveCfg = Debug|Win32
		{1B972A27-8077-4E4F-9D9A-3A9970A636A1}.Debug|x86.Build.0 = Debug|Win32
		{1B972A27-8077-4E4F-9D9A-3A9970A636A1}.Release|x64.ActiveCfg = Release|x64
		{1B972A27-8077-4E4F-9D9A-3A9970A636A1}.Release|x64.Build.0 = Release|x64
		{1B972A27-8077-4E4F-9D9A-3A9970A636A1}.Release|x86.ActiveCfg = Release|Win32
		{1B972A27-8077-4E4F-9D9A-3A9970A636A1}.Release|x86.Build.0 = Release|Win32
		{E8C8801B-36AF-4929-8665-96C25E0C5A4F}.Debug|x64.ActiveCfg = Debug|x64
		{E8C8801B-36AF-4929-8665-96C25E0C5A4F}.Debug|x64.Build.0 = Debug|x64
		{E8C8801B-36AF-4929-8665-96C25E0C5A4F}.Debug|x86.ActiveCfg = Debug|Win32
		{E8C8801B-36AF-4929-8665-96C25E0C5A4F}.Debug|x86.Build.0 = Debug|Win32
		{E8C8801B-36AF-4929-8665-96C25E0C5A4F}.Release|x64.ActiveCfg = Release|x64
		{E8C8801B-36AF-4929-8665-96C25E0C5A4F}.Release|x64.Build.0 = Release|x64
		{E8C8801B-36AF-4929-8665-96C25E0C5A4F}.Release|x86.ActiveCfg = Release|Win32
		{E8C8801B-36AF-4929-8665-96C25E0C5A4F}.Release|x86.Build.0 = Release|Win32
		{39C401F2-5B85-42E6-9A85-55D883FCDAD1}.Debug|x64.ActiveCfg = Debug|x64
		{39C401F2-5B85-42E6-9A85-55D883FCDAD1}.Debug|x64.Build.0 = Debug|x64
		{39C401F2-5B85-42E6-9A85-55D883FCDAD1}.Debug|x86.ActiveCfg = Debug|Win32
		{39C401F2-5B85-42E6-9A85-55D883FCDAD1}.Debug|x86.Build.0 = Debug|Win32
		{39C401F2-5B85-42E6-9A85-55D883FCDAD1}.Release|x64.ActiveCfg = Release|x64
		{39C401F2-5B85-42E6-9A85-55D883FCDAD1}.Release|x64.Build.0 = Release|x64
		{39C401F2-5B85-42E6-9A85-55D883FCDAD1}.Release|x86.ActiveCfg = Release|Win32
		{39C401F2-5B85-42E6-9A85-55D883FCDAD1}.Release|x86.Build.0 = Release|Win32
		{C282C937-746E-4BE6-A99D-CD2D6DB7A8BD}.Debug|x64.ActiveCfg = Debug|x64
		{C282C937-746E-4BE6-A99D-CD2D6DB7A8BD}.Debug|x64.Build.0 = Debug|x64
		{C282C937-746E-4BE6-A99D-CD2D6DB7A8BD}.Debug|x86.ActiveCfg = Debug|Win32
		{C282C937-746E-4BE6-A99D-CD2D6DB7A8BD}.Debug|x86.Build.0 = Debug|Win32
		{C282C937-746E-4BE6-A99D-CD2D6DB7A8BD}.Release|x64.ActiveCfg = Release|x64
		{C282C937-746E-4BE6-A99D-CD2D6DB7A8BD}.Release|x64.Build.0 = Release|x64
		{C282C937-746E-4BE6-A99D-CD2D6DB7A8BD}.Release|x86.ActiveCfg = Release|Win32
		{C282C937-746E-4BE6-A99D-CD2D6DB7A8BD}.Release|x86.Build.0 = Release|Win32
		{E35163CE-3223-4F85-8C21-A30636B9CA5C}.Debug|x64.ActiveCfg = Debug|x64
		{E35163CE-3223-4F85-8C21-A30636B9CA5C}.Debug|x64.Build.0 = Debug|x64
		{E35163CE-3223-4F85-8C21-A30636B9CA5C}.Debug|x86.ActiveCfg = Debug|Win32
		{E35163CE-3223-4F85-8C21-A30636B9CA5C}.Debug|x86.Build.0 = Debug|Win32
		{E35163CE-3223-4F85-8C21-A30636B9CA5C}.Release|x64.ActiveCfg = Release|x64
		{E35163CE-3223-4F85-8C21-A30636B9CA5C}.Release|x64.Build.0 = Release|x64
		{E35163CE-3223-4F85-8C21-A30636B9CA5C}.Release|x86.ActiveCfg = Release|Win32
		{E35163CE-3223-4F85-8C21-A30636B9CA5C}.Release|x86.Build.0 = Release|Win32
		{1CDC8BEE-9000-4067-9221-E963D0BA4FA0}.Debug|x64.ActiveCfg = Debug|x64
		{1CDC8BEE-9000-4067-9221-E963D0BA4FA0}.Debug|x64.Build.0 = Debug|x64
		{1CDC8BEE-9000-4067-9221-E963D0BA4FA0}.Debug|x86.ActiveCfg = Debug|Win32
		{1CDC8BEE-9000-4067-9221-E963D0BA4FA0}.Debug|x86.Build.0 = Debug|Win32
		{1CDC8BEE-9000-4067-9221-E963D0BA4FA0}.Release|x64.ActiveCfg = Release|x64
		{1CDC8BEE-9000-4067-9221-E963D0BA4FA0}.Release|x64.Build.0 = Release|x64
		{1CDC8BEE-9000-4067-9221-E963D0BA4FA0}.Release|x86.ActiveCfg = Release|Win32
		{1CDC8BEE-9000-4067-9221-E963D0BA4FA0}.Release|x86.Build.0 = Release|Win32
		{704C8B5E-2BA1-436F-A2CD-4BEC467C7D8C}.Debug|x64.ActiveCfg = Debug|x64
		{704C8B5E-2BA1-436F-A2CD-4BEC467C7D8C}.Debug|x64.Build.0 = Debug|x64
		{704C8B5E-2BA1-436F-A2CD-4BEC467C7D8C}.Debug|x86.ActiveCfg = Debug|Win32
		{704C8B5E-2BA1-436F-A2CD-4BEC467C7D8C}.Debug|x86.Build.0 = Debug|Win32
		{704C8B5E-2BA1-436F-A2CD-4BEC467C7D8C}.Release|x64.ActiveCfg = Release|x64
		{704C8B5E-2BA1-436F-A2CD-4BEC467C7D8C}.Release|x64.Build.0 = Release|x64
		{704C8B5E-2BA1-436F-A2CD-4BEC467C7D8C}.Release|x86.ActiveCfg = Release|Win32
		{704C8B5E-2BA1-436F-A2CD-4BEC467C7D8C}.Release|x86.Build.0 = Release|Win32
		{2BF75D08-76AF-45FE-8A15-4DC4C644282C}.Debug|x64.ActiveCfg = Debug|x64
		{2BF75D08-76AF-45FE-8A15-4DC4C644282C}.Debug|x64.Build.0 = Debug|x64
		{2BF75D08-76AF-45FE-8A15-4DC4C644282C}.Debug|x86.ActiveCfg = Debug|Win32
		{2BF75D08-76AF-45FE-8A15-4DC4C644282C}.Debug|x86.Build.0 = Debug|Win32
		{2BF75D08-76AF-45FE-8A15-4DC4C644282C}.Release|x64.ActiveCfg = Release|x64
		{2BF75D08-76AF-45FE-8A15-4DC4C644282C}.Release|x64.Build.0 = Release|x64
		{2BF75D08-76AF-45FE-8A15-4DC4C644282C}.Release|x86.ActiveCfg = Release|Win32
		{2BF75D08-76AF-45FE-8A15-4DC4C644282C}.Release|x86.Build.0 = Release|Win32
		{E133C5E8-4E09-4704-A5DE-7E09487343B3}.Debug|x64.ActiveCfg = Debug|x64
		{E133C5E8-4E09-4704-A5DE-7E09487343B3}.Debug|x64.Build.0 = Debug|x64
		{E133C5E8-4E09-4704-A5DE-7E09487343B3}.Debug|x86.ActiveCfg = Debug|Win32
		{E133C5E8-4E09-4704-A5DE-7E09487343B3}.Debug|x86.Build.0 = Debug|Win32
		{E133C5E8-4E09-4704-A5DE-7E09487343B3}.Release|x64.ActiveCfg = Release|x64
		{E133C5E8-4E09-4704-A5DE-7E09487343B3}.Release|x64.Build.0 = Release|x64
		{E133C5E8-4E09-4704-A5DE-7E09487343B3}.Release|x86.ActiveCfg = Release|Win32
		{E133C5E8-4E09-4704-A5DE-7E09487343B3}.Release|x86.Build.0 = Release|Win32
		{8510163B-F3FD-4595-BA3F-9E24395B0C70}.Debug|x64.ActiveCfg = Debug|x64
		{8510163B-F3FD-4595-BA3F-9E24395B0C70}.Debug|x64.Build.0 = Debug|x64
		{8510163B-F3FD-4595-BA3F-9E24395B0C70}.Debug|x86.ActiveCfg = Debug|Win32
		{8510163B-F3FD-4595-BA3F-9E24395B0C70}.Debug|x86.Build.0 = Debug|Win32
		{8510163B-F3FD-4595-BA3F-9E24395B0C70}.Release|x64.ActiveCfg = Release|x64
		{8510163B-F3FD-4595-BA3F-9E24395B0C70}.Release|x64.Build.0 = Release|x64
		{8510163B-F3FD-4595-BA3F-9E24395B0C70}.Release|x86.ActiveCfg = Release|Win32
		{8510163B-F3FD-4595-BA3F-9E24395B0C70}.Release|x86.Build.0 = Release|Win32
		{1E97028A-DA24-4BF3-BE1B-3E1F807AB728}.Debug|x64.ActiveCfg = Debug|x64
		{1E97028A-DA24-4BF3-BE1B-3E1F807AB728}.Debug|x64.Build.0 = Debug|x64
		{1E97028A-DA24-4BF3-BE1B-3E1F807AB728}.Debug|x86.ActiveCfg = Debug|Win32
		{1E97028A-DA24-4BF3-BE1B-3E1F807AB728}.Debug|x86.Build.0 = Debug|Win32
		{1E97028A-DA24-4BF3-BE1B-3E1F807AB728}.Release|x64.ActiveCfg = Release|x64
		{1E97028A-DA24-4BF3-BE1B-3E1F807AB728}.Release|x64.Build.0 = Release|x64
		{1E97028A-DA24-4BF3-BE1B-3E1F807AB728}.Release|x86.ActiveCfg = Release|Win32
		{1E97028A-DA24-4BF3-BE1B-3E1F807AB728}.Release|x86.Build.0 = Release|Win32
		{D6E0C703-A790-4E95-A15A-2037C651AF53}.Debug|x64.ActiveCfg = Debug|x64
		{D6E0C703-A790-4E95-A15A-2037C651AF53}.Debug|x64.Build.0 = Debug|x64
		{D6E0C703-A790-4E95-A15A-2037C651AF53}.Debug|x86.ActiveCfg = Debug|Win32
		{D6E0C703-A790-4E95-A15A-2037C651AF53}.Debug|x86.Build.0 = Debug|Win32
		{D6E0C703-A790-4E95-A15A-2037C651AF53}.Release|x64.ActiveCfg = Release|x64
		{D6E0C703-A790-4E95-A15A-2037C651AF53}.Release|x64.Build.0 = Release|x64
		{D6E0C703-A790-4E95-A15A-2037C651AF53}.Release|x86.ActiveCfg = Release|Win32
		{D6E0C703-A790-4E95-A15A-2037C651AF53}.Release|x86.Build.0 = Release|Win32
		{95AC310E-435D-4A90-8AE2-7863BF39864B}.Debug|x64.ActiveCfg = Debug|x64
		{95AC310E-435D-4A90-8AE2-7863BF39864B}.Debug|x64.Build.0 = Debug|x64
		{95AC310E-435D-4A90-8AE2-7863BF39864B}.Debug|x86.ActiveCfg = Debug|Win32
		{95AC310E-435D-4A90-8AE2-7863BF39864B}.Debug|x86.Build.0 = Debug|Win32
		{95AC310E-435D-4A90-8AE2-7863BF39864B}.Release|x64.ActiveCfg = Release|x64
		{95AC310E-435D-4A90-8AE2-7863BF39864B}.Release|x64.Build.0 = Release|x64
		{95AC310E-435D-4A90-8AE2-7863BF39864B}.Release|x86.ActiveCfg = Release|Win32
		{95AC310E-435D-4A90-8AE2-7863BF39864B}.Release|x86.Build.0 = Release|Win32
		{AE2CF6E3-25BF-4865-BDB5-8D23F06BD91E}.Debug|x64.ActiveCfg = Debug|x64
		{AE2CF6E3-25BF-4865-BDB5-8D23F06BD91E}.Debug|x64.Build.0 = Debug|x64
		{AE2CF6E3-25BF-4865-BDB5-8D23F06BD91E}.Debug|x86.ActiveCfg = Debug|Win32
		{AE2CF6E3-25BF-4865-BDB5-8D23F06BD91E}.Debug|x86.Build.0 = Debug|Win32
		{AE2CF6E3-25BF-4865-BDB5-8D23F06BD91E}.Release|x64.ActiveCfg = Release|x64
		{AE2CF6E3-25BF-4865-BDB5-8D23F06BD91E}.Release|x64.Build.0 = Release|x64
		{AE2CF6E3-25BF-4865-BDB5-8D23F06BD91E}.Release|x86.ActiveCfg = Release|Win32
		{AE2CF6E3-25BF-4865-BDB5-8D23F06BD91E}.Release|x86.Build.0 = Release|Win32
		{6375AEBA-9B44-4A64-AE69-2397B87BEAA8}.Debug|x64.ActiveCfg = Debug|x64
		{6375AEBA-9B44-4A64-AE69-2397B87BEAA8}.Debug|x64.Build.0 = Debug|x64
		{6375AEBA-9B44-4A64-AE69-2397B87BEAA8}.Debug|x86.ActiveCfg = Debug|Win32
		{6375AEBA-9B44-4A64-AE69-2397B87BEAA8}.Debug|x86.Build.0 = Debug|Win32
		{6375AEBA-9B44-4A64-AE69-2397B87BEAA8}.Release|x64.ActiveCfg = Release|x64
		{6375AEBA-9B44-4A64-AE69-2397B87BEAA8}.Release|x64.Build.0 = Release|x64
		{6375AEBA-9B44-4A64-AE69-2397B87BEAA8}.Release|x86.ActiveCfg = Release|Win32
		{6375AEBA-9B44-4A64-AE69-2397B87BEAA8}.Release|x86.Build.0 = Release|Win32
		{055B9660-C895-4F44-9E23-C29C6EC92F94}.Debug|x64.ActiveCfg = Debug|x64
		{055B9660-C895-4F44-9E23-C29C6EC92F94}.Debug|x64.Build.0 = Debug|x64
		{055B9660-C895-4F44-9E23-C29C6EC92F94}.Debug|x86.ActiveCfg = Debug|Win32
		{055B9660-C895-4F44-9E23-C29C6EC92F94}.Debug|x86.Build.0 = Debug|Win32
		{055B9660-C895-4F44-9E23-C29C6EC92F94}.Release|x64.ActiveCfg = Release|x64
		{055B9660-C895-4F44-9E23-C29C6EC92F94}.Release|x64.Build.0 = Release|x64
		{055B9660-C895-4F44-9E23-C29C6EC92F94}.Release|x86.ActiveCfg = Release|Win32
		{055B9660-C895-4F44-9E23-C29C6EC92F94}.Release|x86.Build.0 = Release|Win32
		{64322230-EAB9-4EE2-BCBB-F1F6F79E3E42}.Debug|x64.ActiveCfg = Debug|x64
		{64322230-EAB9-4EE2-BCBB-F1F6F79E3E42}.Debug|x64.Build.0 = Debug|x64
		{64322230-EAB9-4EE2-BCBB-F1F6F79E3E42}.Debug|x86.ActiveCfg = Debug|Win32
		{64322230-EAB9-4EE2-BCBB-F1F6F79E3E42}.Debug|x86.Build.0 = Debug|Win32
		{64322230-EAB9-4EE2-BCBB-F1F6F79E3E42}.Release|x64.ActiveCfg = Release|x64
		{64322230-EAB9-4EE2-BCBB-F1F6F79E3E42}.Release|x64.Build.0 = Release|x64
		{64322230-EAB9-4EE2-BCBB-F1F6F79E3E42}.Release|x86.ActiveCfg = Release|Win32
		{64322230-EAB9-4EE2-BCBB-F1F6F79E3E42}.Release|x86.Build.0 = Release|Win32
		{ADF09FC5-930A-4765-98DA-F30535FEE4B8}.Debug|x64.ActiveCfg = Debug|x64
		{ADF09FC5-930A-4765-98DA-F30535FEE4B8}.Debug|x64.Build.0 = Debug|x64
		{ADF09FC5-930A-4765-98DA-F30535FEE4B8}.Debug|x86.ActiveCfg = Debug|Win32
		{ADF09FC5-930A-4765-98DA-F30535FEE4B8}.Debug|x86.Build.0 = Debug|Win32
		{ADF09FC5-930A-4765-98DA-F30535FEE4B8}.Release|x64.ActiveCfg = Release|x64
		{ADF09FC5-930A-4765-98DA-F30535FEE4B8}.Release|x64.Build.0 = Release|x64
		{ADF09FC5-930A-4765-98DA-F30535FEE4B8}.Release|x86.ActiveCfg = Release|Win32
		{ADF09FC5-930A-4765-98DA-F30535FEE4B8}.Release|x86.Build.0 = Release|Win32
		{C24A438B-C52C-459E-B195-606C16976970}.Debug|x64.ActiveCfg = Debug|x64
		{C24A438B-C52C-459E-B195-606C16976970}.Debug|x64.Build.0 = Debug|x64
		{C24A438B-C52C-459E-B195-606C16976970}.Debug|x86.ActiveCfg = Debug|Win32
		{C24A438B-C52C-459E-B195-606C16976970}.Debug|x86.Build.0 = Debug|Win32
		{C24A438B-C52C-459E-B195-606C16976970}.Release|x64.ActiveCfg = Release|x64
		{C24A438B-C52C-459E-B195-606C16976970}.Release|x64.Build.0 = Release|x64
		{C24A438B-C52C-459E-B195-606C16976970}.Release|x86.ActiveCfg = Release|Win32
		{C24A438B-C52C-459E-B195-606C16976970}.Release|x86.Build.0 = Release|Win32
		{CF8AA983-1D10-41B7-AB54-D3560CA75B72}.Debug|x64.ActiveCfg = Debug|x64
		{CF8AA983-1D10-41B7-AB54-D3560CA75B72}.Debug|x64.Build.0 = Debug|x64
		{CF8AA983-1D10-41B7-AB54-D3560CA75B72}.Debug|x86.ActiveCfg = Debug|Win32
		{CF8AA983-1D10-41B7-AB54-D3560CA75B72}.Debug|x86.Build.0 = Debug|Win32
		{CF8AA983-1D10-41B7-AB54-D3560CA75B72}.Release|x64.ActiveCfg = Release|x64
		{CF8AA983-1D10-41B7-AB54-D3560CA75B72}.Release|x64.Build.0 = Release|x64
		{CF8AA983-1D10-41B7-AB54-D3560CA75B72}.Release|x86.ActiveCfg = Release|Win32
		{CF8AA983-1D10-41B7-AB54-D3560CA75B72}.Release|x86.Build.0 = Release|Win32
		{A73E41C3-73B4-4D45-976D-D7FB4D075356}.Debug|x64.ActiveCfg = Debug|x64
		{A73E41C3-73B4-4D45-976D-D7FB4D075356}.Debug|x64.Build.0 = Debug|x64
		{A73E41C3-73B4-4D45-976D-D7FB4D075356}.Debug|x86.ActiveCfg = Debug|Win32
		{A73E41C3-73B4-4D45-976D-D7FB4D075356}.Debug|x86.Build.0 = Debug|Win32
		{A73E41C3-73B4-4D45-976D-D7FB4D075356}.Release|x64.ActiveCfg = Release|x64
		{A73E41C3-73B4-4D45-976D-D7FB4D075356}.Release|x64.Build.0 = Release|x64
		{A73E41C3-73B4-4D45-976D-D7FB4D075356}.Release|x86.ActiveCfg = Release|Win32
		{A73E41C3-73B4-4D45-976D-D7FB4D075356}.Release|x86.Build.0 = Release|Win32
		{12E45DAC-9AEA-477A-AF57-62D9A7D0D409}.Debug|x64.ActiveCfg = Debug|x64
		{12E45DAC-9AEA-477A-AF57-62D9A7D0D409}.Debug|x64.Build.0 = Debug|x64
		{12E45DAC-9AEA-477A-AF57-62D9A7D0D409}.Debug|x86.ActiveCfg = Debug|Win32
		{12E45DAC-9AEA-477A-AF57-62D9A7D0D409}.Debug|x86.Build.0 = Debug|Win32
		{12E45DAC-9AEA-477A-AF57-62D9A7D0D409}.Release|x64.ActiveCfg = Release|x64
		{12E45DAC-9AEA-477A-AF57-62D9A7D0D409}.Release|x64.Build.0 = Release|x64
		{12E45DAC-9AEA-477A-AF57-62D9A7D0D409}.Release|x86.ActiveCfg = Release|Win32
		{12E45DAC-9AEA-477A-AF57-62D9A7D0D409}.Release|x86.Build.0 = Release|Win32
		{0BE6B17F-45A0-410C-BEA0-C3BD16E9AD88}.Debug|x64.ActiveCfg = Debug|x64
		{0BE6B17F-45A0-410C-BEA0-C3BD16E9AD88}.Debug|x64.Build.0 = Debug|x64
		{0BE6B17F-45A0-410C-BEA0-C3BD16E9AD88}.Debug|x86.ActiveCfg = Debug|Win32
		{0BE6B17F-45A0-410C-BEA0-C3BD16E9AD88}.Debug|x86.Build.0 = Debug|Win32
		{0BE6B17F-45A0-410C-BEA0-C3BD16E9AD88}.Release|x64.ActiveCfg = Release|x64
		{0BE6B17F-45A0-410C-BEA0-C3BD16E9AD88}.Release|x64.Build.0 = Release|x64
		{0BE6B17F-45A0-410C-BEA0-C3BD16E9AD88}.Release|x86.ActiveCfg = Release|Win32
		{0BE6B17F-45A0-410C-BEA0-C3BD16E9AD88}.Release|x86.Build.0 = Release|Win32
		{B2144B8F-75C3-4B22-9471-AAAF99E49C74}.Debug|x64.ActiveCfg = Debug|x64
		{B2144B8F-75C3-4B22-9471-AAAF99E49C74}.Debug|x64.Build.0 = Debug|x64
		{B2144B8F-75C3-4B22-9471-AAAF99E49C74}.Debug|x86.ActiveCfg = Debug|Win32
		{B2144B8F-75C3-4B22-9471-AAAF99E49C74}.Debug|x86.Build.0 = Debug|Win32
		{B2144B8F-75C3-4B22-9471-AAAF99E49C74}.Release|x64.ActiveCfg = Release|x64
		{B2144B8F-75C3-4B22-9471-AAAF99E49C74}.Release|x64.Build.0 = Release|x64
		{B2144B8F-75C3-4B22-9471-AAAF99E49C74}.Release|x86.ActiveCfg = Release|Win32
		{B2144B8F-75C3-4B22-9471-AAAF99E49C74}.Release|x86.Build.0 = Release|Win32
		{412222E8-0168-40B6-B182-71C45C57C4D0}.Debug|x64.ActiveCfg = Debug|x64
		{412222E8-0168-40B6-B182-71C45C57C4D0}.Debug|x64.Build.0 = Debug|x64
		{412222E8-0168-40B6-B182-71C45C57C4D0}.Debug|x86.ActiveCfg = Debug|Win32
		{412222E8-0168-40B6-B182-71C45C57C4D0}.Debug|x86.Build.0 = Debug|Win32
		{412222E8-0168-40B6-B182-71C45C57C4D0}.Release|x64.ActiveCfg = Release|x64
		{412222E8-0168-40B6-B182-71C45C57C4D0}.Release|x64.Build.0 = Release|x64
		{412222E8-0168-40B6-B182-71C45C57C4D0}.Release|x86.ActiveCfg = Release|Win32
		{412222E8-0168-40B6-B182-71C45C57C4D0}.Release|x86.Build.0 = Release|Win32
		{DD1B0E18-80A7-4C4B-8BB2-17844B5B3938}.Debug|x64.ActiveCfg = Debug|x64
		{DD1B0E18-80A7-4C4B-8BB2-17844B5B3938}.Debug|x64.Build.0 = Debug|x64
		{DD1B0E18-80A7-4C4B-8BB2-17844B5B3938}.Debug|x86.ActiveCfg = Debug|Win32
		{DD1B0E18-80A7-4C4B-8BB2-17844B5B3938}.Debug|x86.Build.0 = Debug|Win32
		{DD1B0E18-80A7-4C4B-8BB2-17844B5B3938}.Release|x64.ActiveCfg = Release|x64
		{DD1B0E18-80A7-4C4B-8BB2-17844B5B3938}.Release|x64.Build.0 = Release|x64
		{DD1B0E18-80A7-4C4B-8BB2-17844B5B3938}.Release|x86.ActiveCfg = Release|Win32
		{DD1B0E18-80A7-4C4B-8BB2-17844B5B3938}.Release|x86.Build.0 = Release|Win32
		{6E76598A-C1BD-4B11-A70B-9BE55B3B530D}.Debug|x64.ActiveCfg = Debug|x64
		{6E76598A-C1BD-4B11-A70B-9BE55B3B530D}.Debug|x64.Build.0 = Debug|x64
		{6E76598A-C1BD-4B11-A70B-9BE55B3B530D}.Debug|x86.ActiveCfg = Debug|Win32
		{6E76598A-C1BD-4B11-A70B-9BE55B3B530D}.Debug|x86.Build.0 = Debug|Win32
		{6E76598A-C1BD-4B11-A70B-9BE55B3B530D}.Release|x64.ActiveCfg = Release|x64
		{6E76598A-C1BD-4B11-A70B-9BE55B3B530D}.Release|x64.Build.0 = Release|x64
		{6E76598A-C1BD-4B11-A70B-9BE55B3B530D}.Release|x86.ActiveCfg = Release|Win32
		{6E76598A-C1BD-4B11-A70B-9BE55B3B530D}.Release|x86.Build.0 = Release|Win32
		{D3EB8834-0C35-4DE8-99DC-912454AD3FFE}.Debug|x64.ActiveCfg = Debug|x64
		{D3EB8834-0C35-4DE8-99DC-912454AD3FFE}.Debug|x64.Build.0 = Debug|x64
		{D3EB8834-0C35-4DE8-99DC-912454AD3FFE}.Debug|x86.ActiveCfg = Debug|Win32
		{D3EB8834-0C35-4DE8-99DC-912454AD3FFE}.Debug|x86.Build.0 = Debug|Win32
		{D3EB8834-0C35-4DE8-99DC-912454AD3FFE}.Release|x64.ActiveCfg = Release|x64
		{D3EB8834-0C35-4DE8-99DC-912454AD3FFE}.Release|x64.Build.0 = Release|x64
		{D3EB8834-0C35-4DE8-99DC-912454AD3FFE}.Release|x86.ActiveCfg = Release|Win32
		{D3EB8834-0C35-4DE8-99DC-912454AD3FFE}.Release|x86.Build.0 = Release|Win32
		{19B50DAB-566B-4966-AD9C-E1DC6568E74A}.Debug|x64.ActiveCfg = Debug|x64
		{19B50DAB-566B-4966-AD9C-E1DC6568E74A}.Debug|x64.Build.0 = Debug|x64
		{19B50DAB-566B-4966-AD9C-E1DC6568E74A}.Debug|x86.ActiveCfg = Debug|Win32
		{19B50DAB-566B-4966-AD9C-E1DC6568E74A}.Debug|x86.Build.0 = Debug|Win32
		{19B50DAB-566B-4966-AD9C-E1DC6568E74A}.Release|x64.ActiveCfg = Release|x64
		{19B50DAB-566B-4966-AD9C-E1DC6568E74A}.Release|x64.Build.0 = Release|x64
		{19B50DAB-566B-4966-AD9C-E1DC6568E74A}.Release|x86.ActiveCfg = Release|Win32
		{19B50DAB-566B-4966-AD9C-E1DC6568E74A}.Release|x86.Build.0 = Release|Win32
		{0BCE8492-D412-4BC7-960B-1D7BEDB94384}.Debug|x64.ActiveCfg = Debug|x64
		{0BCE8492-D412-4BC7-960B-1D7BEDB94384}.Debug|x64.Build.0 = Debug|x64
		{0BCE8492-D412-4BC7-960B-1D7BEDB94384}.Debug|x86.ActiveCfg = Debug|Win32
		{0BCE8492-D412-4BC7-960B-1D7BEDB94384}.Debug|x86.Build.0 = Debug|Win32
		{0BCE8492-D412-4BC7-960B-1D7BEDB94384}.Release|x64.ActiveCfg = Release|x64
		{0BCE8492-D412-4BC7-960B-1D7BEDB94384}.Release|x64.Build.0 = Release|x64
		{0BCE8492-D412-4BC7-960B-1D7BEDB94384}.Release|x86.ActiveCfg = Release|Win32
		{0BCE8492-D412-4BC7-960B-1D7BEDB94384}.Release|x86.Build.0 = Release|Win32
		{A50B3C1A-282F-4A4B-AE6D-B0C6FA4B42BF}.Debug|x64.ActiveCfg = Debug|x64
		{A50B3C1A-282F-4A4B-AE6D-B0C6FA4B42BF}.Debug|x64.Build.0 = Debug|x64
		{A50B3C1A-282F-4A4B-AE6D-B0C6FA4B42BF}.Debug|x86.ActiveCfg = Debug|Win32
		{A50B3C1A-282F-4A4B-AE6D-B0C6FA4B42BF}.Debug|x86.Build.0 = Debug|Win32
		{A50B3C1A-282F-4A4B-AE6D-B0C6FA4B42BF}.Release|x64.ActiveCfg = Release|x64
		{A50B3C1A-282F-4A4B-AE6D-B0C6FA4B42BF}.Release|x64.Build.0 = Release|x64
		{A50B3C1A-282F-4A4B-AE6D-B0C6FA4B42BF}.Release|x86.ActiveCfg = Release|Win32
		{A50B3C1A-282F-4A4B-AE6D-B0C6FA4B42BF}.Release|x86.Build.0 = Release|Win32
		{83EF2C65-D163-4DE5-BCB4-D512BD308C08}.Debug|x64.ActiveCfg = Debug|x64
		{83EF2C65-D163-4DE5-BCB4-D512BD308C08}.Debug|x64.Build.0 = Debug|x64
		{83EF2C65-D163-4DE5-BCB4-D512BD308C08}.Debug|x86.ActiveCfg = Debug|Win32
		{83EF2C65-D163-4DE5-BCB4-D512BD308C08}.Debug|x86.Build.0 = Debug|Win32
		{83EF2C65-D163-4DE5-BCB4-D512BD308C08}.Release|x64.ActiveCfg = Release|x64
		{83EF2C65-D163-4DE5-BCB4-D512BD308C08}.Release|x64.Build.0 = Release|x64
		{83EF2C65-D163-4DE5-BCB4-D512BD308C08}.Release|x86.ActiveCfg = Release|Win32
		{83EF2C65-D163-4DE5-BCB4-D512BD308C08}.Release|x86.Build.0 = Release|Win32
		{239AEF15-DAD7-41F0-ABAB-AD90C6CBB786}.Debug|x64.ActiveCfg = Debug|x64
		{239AEF15-DAD7-41F0-ABAB-AD90C6CBB786}.Debug|x64.Build.0 = Debug|x64
		{239AEF15-DAD7-41F0-ABAB-AD90C6CBB786}.Debug|x86.ActiveCfg = Debug|Win32
		{239AEF15-DAD7-41F0-ABAB-AD90C6CBB786}.Debug|x86.Build.0 = Debug|Win32
		{239AEF15-DAD7-41F0-ABAB-AD90C6CBB786}.Release|x64.ActiveCfg = Release|x64
		{239AEF15-DAD7-41F0-ABAB-AD90C6CBB786}.Release|x64.Build.0 = Release|x64
		{239AEF15-DAD7-41F0-ABAB-AD90C6CBB786}.Release|x86.ActiveCfg = Release|Win32
		{239AEF15-DAD7-41F0-ABAB-AD90C6CBB786}.Release|x86.Build.0 = Release|Win32
		{E78B4698-9C50-476A-B5DF-E91DE49BF301}.Debug|x64.ActiveCfg = Debug|x64
		{E78B4698-9C50-476A-B5DF-E91DE49BF301}.Debug|x64.Build.0 = Debug|x64
		{E78B4698-9C50-476A-B5DF-E91DE49BF301}.Debug|x86.ActiveCfg = Debug|Win32
		{E78B4698-9C50-476A-B5DF-E91DE49BF301}.Debug|x86.Build.0 = Debug|Win32
		{E78B4698-9C50-476A-B5DF-E91DE49BF301}.Release|x64.ActiveCfg = Release|x64
		{E78B4698-9C50-476A-B5DF-E91DE49BF301}.Release|x64.Build.0 = Release|x64
		{E78B4698-9C50-476A-B5DF-E91DE49BF301}.Release|x86.ActiveCfg = Release|Win32
		{E78B4698-9C50-476A-B5DF-E91DE49BF301}.Release|x86.Build.0 = Release|Win32
		{FAA199B5-9417-48AD-926B-26FEE89258B2}.Debug|x64.ActiveCfg = Debug|x64
		{FAA199B5-9417-48AD-926B-26FEE89258B2}.Debug|x64.Build.0 = Debug|x64
		{FAA199B5-9417-48AD-926B-26FEE89258B2}.Debug|x86.ActiveCfg = Debug|Win32
		{FAA199B5-9417-48AD-926B-26FEE89258B2}.Debug|x86.Build.0 = Debug|Win32
		{FAA199B5-9417-48AD-926B-26FEE89258B2}.Release|x64.ActiveCfg = Release|x64
		{FAA199B5-9417-48AD-926B-26FEE89258B2}.Release|x64.Build.0 = Release|x64
		{FAA199B5-9417-48AD-926B-26FEE89258B2}.Release|x86.ActiveCfg = Release|Win32
		{FAA199B5-9417-48AD-926B-26FEE89258B2}.Release|x86.Build.0 = Release|Win32
	EndGlobalSection
	GlobalSection(SolutionProperties) = preSolution
		HideSolutionNode = FALSE
	EndGlobalSection
	GlobalSection(ExtensibilityGlobals) = postSolution
		SolutionGuid = {C3630916-8CAC-4508-A65D-C6BB0E269C93}
	EndGlobalSection
EndGlobal
